// !$*UTF8*$!
{
	archiveVersion = 1;
	classes = {
	};
	objectVersion = 50;
	objects = {

/* Begin PBXBuildFile section */
		0E39664324FCABAD0008266D /* OnboardSignUpView.swift in Sources */ = {isa = PBXBuildFile; fileRef = 0E39664224FCABAD0008266D /* OnboardSignUpView.swift */; };
		0E39664624FCABD70008266D /* OnboardSignUpViewBeta.swift in Sources */ = {isa = PBXBuildFile; fileRef = 0E39664524FCABD70008266D /* OnboardSignUpViewBeta.swift */; };
		0E39664824FCAC020008266D /* OnboardSignUpViewBeta.storyboard in Resources */ = {isa = PBXBuildFile; fileRef = 0E39664724FCAC020008266D /* OnboardSignUpViewBeta.storyboard */; };
		0E4BD1E2250CF1E300F8D4C8 /* OnboardSupplierViewBeta.swift in Sources */ = {isa = PBXBuildFile; fileRef = 0E4BD1E1250CF1E300F8D4C8 /* OnboardSupplierViewBeta.swift */; };
		0E4BD1E4250CF8FE00F8D4C8 /* OnboardSupplierViewBeta.storyboard in Resources */ = {isa = PBXBuildFile; fileRef = 0E4BD1E3250CF8FE00F8D4C8 /* OnboardSupplierViewBeta.storyboard */; };
		0E506BE424FBB16800ABA211 /* OnboardMemberView.swift in Sources */ = {isa = PBXBuildFile; fileRef = 0E506BE324FBB16800ABA211 /* OnboardMemberView.swift */; };
		0E506BE724FBB19400ABA211 /* OnboardMemberViewBeta.storyboard in Resources */ = {isa = PBXBuildFile; fileRef = 0E506BE624FBB19400ABA211 /* OnboardMemberViewBeta.storyboard */; };
		0E506BE924FBB1AD00ABA211 /* OnboardMemberViewBeta.swift in Sources */ = {isa = PBXBuildFile; fileRef = 0E506BE824FBB1AD00ABA211 /* OnboardMemberViewBeta.swift */; };
		0E506BEC24FBB83700ABA211 /* SelectRoleViewBeta.swift in Sources */ = {isa = PBXBuildFile; fileRef = 0E506BEB24FBB83700ABA211 /* SelectRoleViewBeta.swift */; };
		0E506BEE24FBB92800ABA211 /* SelectRoleViewBeta.storyboard in Resources */ = {isa = PBXBuildFile; fileRef = 0E506BED24FBB92800ABA211 /* SelectRoleViewBeta.storyboard */; };
		0E506BF124FBBF4600ABA211 /* SelectOrganizationView.swift in Sources */ = {isa = PBXBuildFile; fileRef = 0E506BF024FBBF4600ABA211 /* SelectOrganizationView.swift */; };
		0E506BF424FBBFA400ABA211 /* SelectOrganizationViewBeta.swift in Sources */ = {isa = PBXBuildFile; fileRef = 0E506BF324FBBFA400ABA211 /* SelectOrganizationViewBeta.swift */; };
		0E506BF624FBBFBE00ABA211 /* SelectOrganizationViewBeta.storyboard in Resources */ = {isa = PBXBuildFile; fileRef = 0E506BF524FBBFBE00ABA211 /* SelectOrganizationViewBeta.storyboard */; };
		0E506BF924FBC2FC00ABA211 /* OnboardOrganizationView.swift in Sources */ = {isa = PBXBuildFile; fileRef = 0E506BF824FBC2FC00ABA211 /* OnboardOrganizationView.swift */; };
		0E506BFC24FBC37900ABA211 /* OnboardOrganizationViewBeta.swift in Sources */ = {isa = PBXBuildFile; fileRef = 0E506BFB24FBC37900ABA211 /* OnboardOrganizationViewBeta.swift */; };
		0E506BFE24FBC39B00ABA211 /* OnboardOrganizationViewBeta.storyboard in Resources */ = {isa = PBXBuildFile; fileRef = 0E506BFD24FBC39B00ABA211 /* OnboardOrganizationViewBeta.storyboard */; };
		0E506C1E24FC0DE400ABA211 /* ReviewModule.swift in Sources */ = {isa = PBXBuildFile; fileRef = 0E506C1D24FC0DE400ABA211 /* ReviewModule.swift */; };
		0E506C2124FC108800ABA211 /* ReviewView.swift in Sources */ = {isa = PBXBuildFile; fileRef = 0E506C2024FC108800ABA211 /* ReviewView.swift */; };
		0E506C2424FC10AF00ABA211 /* ReviewViewBeta.swift in Sources */ = {isa = PBXBuildFile; fileRef = 0E506C2324FC10AF00ABA211 /* ReviewViewBeta.swift */; };
		0E506C2624FC10B700ABA211 /* ReviewViewBeta.storyboard in Resources */ = {isa = PBXBuildFile; fileRef = 0E506C2524FC10B700ABA211 /* ReviewViewBeta.storyboard */; };
		0E506C2824FC131700ABA211 /* ReviewViewBetaOrganizationCell.swift in Sources */ = {isa = PBXBuildFile; fileRef = 0E506C2724FC131700ABA211 /* ReviewViewBetaOrganizationCell.swift */; };
		0E506C2A24FC180300ABA211 /* ReviewViewBetaSupplierCell.swift in Sources */ = {isa = PBXBuildFile; fileRef = 0E506C2924FC180300ABA211 /* ReviewViewBetaSupplierCell.swift */; };
		0E506C2C24FC184900ABA211 /* ReviewViewBetaMemberCell.swift in Sources */ = {isa = PBXBuildFile; fileRef = 0E506C2B24FC184900ABA211 /* ReviewViewBetaMemberCell.swift */; };
		0E506C2E24FC1A4600ABA211 /* ReviewPresenter.swift in Sources */ = {isa = PBXBuildFile; fileRef = 0E506C2D24FC1A4600ABA211 /* ReviewPresenter.swift */; };
		0E506C3124FC1AAB00ABA211 /* ReviewRouter.swift in Sources */ = {isa = PBXBuildFile; fileRef = 0E506C3024FC1AAB00ABA211 /* ReviewRouter.swift */; };
		0E506C3324FC1B9C00ABA211 /* ReviewDependencies.swift in Sources */ = {isa = PBXBuildFile; fileRef = 0E506C3224FC1B9C00ABA211 /* ReviewDependencies.swift */; };
		0E506C3524FC1BA700ABA211 /* ReviewFactory.swift in Sources */ = {isa = PBXBuildFile; fileRef = 0E506C3424FC1BA700ABA211 /* ReviewFactory.swift */; };
		0E506C3924FC9CC400ABA211 /* OnboardWelcomeView.swift in Sources */ = {isa = PBXBuildFile; fileRef = 0E506C3824FC9CC400ABA211 /* OnboardWelcomeView.swift */; };
		0E506C3C24FC9CDE00ABA211 /* OnboardWelcomeViewBeta.storyboard in Resources */ = {isa = PBXBuildFile; fileRef = 0E506C3B24FC9CDE00ABA211 /* OnboardWelcomeViewBeta.storyboard */; };
		0E506C3E24FC9CE700ABA211 /* OnboardWelcomeViewBeta.swift in Sources */ = {isa = PBXBuildFile; fileRef = 0E506C3D24FC9CE700ABA211 /* OnboardWelcomeViewBeta.swift */; };
		0E506C4124FC9F6600ABA211 /* Montserrat-Regular.ttf in Resources */ = {isa = PBXBuildFile; fileRef = 0E506C4024FC9F6500ABA211 /* Montserrat-Regular.ttf */; };
		0E506C4324FC9FCB00ABA211 /* PlayfairDisplay-VariableFont_wght.ttf in Resources */ = {isa = PBXBuildFile; fileRef = 0E506C4224FC9FCA00ABA211 /* PlayfairDisplay-VariableFont_wght.ttf */; };
		0E506C4624FCA6E300ABA211 /* OnboardSignIn.swift in Sources */ = {isa = PBXBuildFile; fileRef = 0E506C4524FCA6E300ABA211 /* OnboardSignIn.swift */; };
		0E506C4924FCA78100ABA211 /* OnboardSignInViewBeta.swift in Sources */ = {isa = PBXBuildFile; fileRef = 0E506C4824FCA78100ABA211 /* OnboardSignInViewBeta.swift */; };
		0E506C4B24FCA78C00ABA211 /* OnboardSignInViewBeta.storyboard in Resources */ = {isa = PBXBuildFile; fileRef = 0E506C4A24FCA78C00ABA211 /* OnboardSignInViewBeta.storyboard */; };
		0E56172725372A25005DF4F3 /* OrganizationTabBarViewBeta.storyboard in Resources */ = {isa = PBXBuildFile; fileRef = 0E56172625372A25005DF4F3 /* OrganizationTabBarViewBeta.storyboard */; };
		0E56172E25372AF1005DF4F3 /* ActionsContainerViewBeta.storyboard in Resources */ = {isa = PBXBuildFile; fileRef = 0E56172D25372AF1005DF4F3 /* ActionsContainerViewBeta.storyboard */; };
		0E56173625372B60005DF4F3 /* CurrentActionsViewBeta.storyboard in Resources */ = {isa = PBXBuildFile; fileRef = 0E56173525372B60005DF4F3 /* CurrentActionsViewBeta.storyboard */; };
		0E56173925372B88005DF4F3 /* CurrentActionsView.swift in Sources */ = {isa = PBXBuildFile; fileRef = 0E56173825372B88005DF4F3 /* CurrentActionsView.swift */; };
		0E56173C25372BC5005DF4F3 /* CurrentActionsViewBeta.swift in Sources */ = {isa = PBXBuildFile; fileRef = 0E56173B25372BC5005DF4F3 /* CurrentActionsViewBeta.swift */; };
		0E56174025372BF3005DF4F3 /* ActionsContainerViewBeta.swift in Sources */ = {isa = PBXBuildFile; fileRef = 0E56173F25372BF3005DF4F3 /* ActionsContainerViewBeta.swift */; };
		0E56174525372BFD005DF4F3 /* ActionsContainerView.swift in Sources */ = {isa = PBXBuildFile; fileRef = 0E56174425372BFD005DF4F3 /* ActionsContainerView.swift */; };
		0E56174C25372D95005DF4F3 /* PastActionsViewBeta.swift in Sources */ = {isa = PBXBuildFile; fileRef = 0E56174B25372D95005DF4F3 /* PastActionsViewBeta.swift */; };
		0E56175025372D9D005DF4F3 /* PastActionsViewBeta.storyboard in Resources */ = {isa = PBXBuildFile; fileRef = 0E56174F25372D9D005DF4F3 /* PastActionsViewBeta.storyboard */; };
		0E56175325372DC1005DF4F3 /* PastActionsView.swift in Sources */ = {isa = PBXBuildFile; fileRef = 0E56175225372DC1005DF4F3 /* PastActionsView.swift */; };
		0E561757253731CD005DF4F3 /* OrganizationFactory.swift in Sources */ = {isa = PBXBuildFile; fileRef = 0E561756253731CD005DF4F3 /* OrganizationFactory.swift */; };
		0E56175A253731ED005DF4F3 /* OrganizationModule.swift in Sources */ = {isa = PBXBuildFile; fileRef = 0E561759253731ED005DF4F3 /* OrganizationModule.swift */; };
		0E56175D2537321C005DF4F3 /* OrganizationPresenter.swift in Sources */ = {isa = PBXBuildFile; fileRef = 0E56175C2537321C005DF4F3 /* OrganizationPresenter.swift */; };
		0E5617602537324E005DF4F3 /* OrganizationRouter.swift in Sources */ = {isa = PBXBuildFile; fileRef = 0E56175F2537324E005DF4F3 /* OrganizationRouter.swift */; };
		0E5617632537327C005DF4F3 /* OrganizationDependencies.swift in Sources */ = {isa = PBXBuildFile; fileRef = 0E5617622537327C005DF4F3 /* OrganizationDependencies.swift */; };
		0E56176725373305005DF4F3 /* OrganizationTabBarView.swift in Sources */ = {isa = PBXBuildFile; fileRef = 0E56176625373305005DF4F3 /* OrganizationTabBarView.swift */; };
		0E56176B25373349005DF4F3 /* OrganizationTabBarViewBeta.swift in Sources */ = {isa = PBXBuildFile; fileRef = 0E56176A25373349005DF4F3 /* OrganizationTabBarViewBeta.swift */; };
		0E6B9723254D656500055570 /* Secrets.swift in Sources */ = {isa = PBXBuildFile; fileRef = 0E6B9722254D656500055570 /* Secrets.swift */; };
		0E6FBA582545ABAF00A2B882 /* ActionsRouter.swift in Sources */ = {isa = PBXBuildFile; fileRef = 0E6FBA572545ABAF00A2B882 /* ActionsRouter.swift */; };
		0E6FBA5C2545ABEF00A2B882 /* ActionsModule.swift in Sources */ = {isa = PBXBuildFile; fileRef = 0E6FBA5B2545ABEF00A2B882 /* ActionsModule.swift */; };
		0E6FBA5F2545AC3900A2B882 /* ActionsPresenter.swift in Sources */ = {isa = PBXBuildFile; fileRef = 0E6FBA5E2545AC3900A2B882 /* ActionsPresenter.swift */; };
		0E6FBA622545AC7C00A2B882 /* ActionsDependencies.swift in Sources */ = {isa = PBXBuildFile; fileRef = 0E6FBA612545AC7C00A2B882 /* ActionsDependencies.swift */; };
		0E6FBA652545AC9B00A2B882 /* ActionsFactory.swift in Sources */ = {isa = PBXBuildFile; fileRef = 0E6FBA642545AC9B00A2B882 /* ActionsFactory.swift */; };
		0E772A8D2504D39000D677E6 /* PlayfairDisplay-Bold.ttf in Resources */ = {isa = PBXBuildFile; fileRef = 0E772A8C2504D39000D677E6 /* PlayfairDisplay-Bold.ttf */; };
		0E90496E24F390070061A605 /* AppPresenter.swift in Sources */ = {isa = PBXBuildFile; fileRef = 0E90496D24F390070061A605 /* AppPresenter.swift */; };
		0E90497124F390270061A605 /* AppFactory.swift in Sources */ = {isa = PBXBuildFile; fileRef = 0E90497024F390270061A605 /* AppFactory.swift */; };
		0E90498724F60C980061A605 /* SelectRoleView.swift in Sources */ = {isa = PBXBuildFile; fileRef = 0E90498624F60C980061A605 /* SelectRoleView.swift */; };
		0E90498A24F60D250061A605 /* SelectRoleViewAlpha.swift in Sources */ = {isa = PBXBuildFile; fileRef = 0E90498924F60D250061A605 /* SelectRoleViewAlpha.swift */; };
		0E90499224F6142A0061A605 /* OnboardPresenter.swift in Sources */ = {isa = PBXBuildFile; fileRef = 0E90499124F6142A0061A605 /* OnboardPresenter.swift */; };
		0E90499424F614390061A605 /* OnboardModule.swift in Sources */ = {isa = PBXBuildFile; fileRef = 0E90499324F614390061A605 /* OnboardModule.swift */; };
		0E90499624F615E80061A605 /* OnboardRouter.swift in Sources */ = {isa = PBXBuildFile; fileRef = 0E90499524F615E80061A605 /* OnboardRouter.swift */; };
		0E90499824F6160F0061A605 /* OnboardFactory.swift in Sources */ = {isa = PBXBuildFile; fileRef = 0E90499724F6160F0061A605 /* OnboardFactory.swift */; };
		0E90499A24F624770061A605 /* OnboardError.swift in Sources */ = {isa = PBXBuildFile; fileRef = 0E90499924F624770061A605 /* OnboardError.swift */; };
		0E90499C24F62A6D0061A605 /* OnboardDependencies.swift in Sources */ = {isa = PBXBuildFile; fileRef = 0E90499B24F62A6D0061A605 /* OnboardDependencies.swift */; };
		0E90499F24F62C6C0061A605 /* OnboardSupplierView.swift in Sources */ = {isa = PBXBuildFile; fileRef = 0E90499E24F62C6C0061A605 /* OnboardSupplierView.swift */; };
		0E9049A224F62C870061A605 /* OnboardSupplierViewAlpha.swift in Sources */ = {isa = PBXBuildFile; fileRef = 0E9049A124F62C870061A605 /* OnboardSupplierViewAlpha.swift */; };
		0EA11EC824F2B88F00133485 /* AppDelegate.swift in Sources */ = {isa = PBXBuildFile; fileRef = 0EA11EC724F2B88F00133485 /* AppDelegate.swift */; };
		0EA11ED124F2B89300133485 /* Assets.xcassets in Resources */ = {isa = PBXBuildFile; fileRef = 0EA11ED024F2B89300133485 /* Assets.xcassets */; };
		0EA11ED424F2B89300133485 /* LaunchScreen.storyboard in Resources */ = {isa = PBXBuildFile; fileRef = 0EA11ED224F2B89300133485 /* LaunchScreen.storyboard */; };
		BAC5B692AE8ABE81C3298271 /* Pods_ProfitClub.framework in Frameworks */ = {isa = PBXBuildFile; fileRef = D881FD37132A41374982A032 /* Pods_ProfitClub.framework */; };
		FA0955EC254C364F00FFF835 /* SupplierCommercialOffer.swift in Sources */ = {isa = PBXBuildFile; fileRef = FA0955EB254C364F00FFF835 /* SupplierCommercialOffer.swift */; };
		FA0955EF254C369300FFF835 /* SupplierCommercialOfferBeta.swift in Sources */ = {isa = PBXBuildFile; fileRef = FA0955EE254C369300FFF835 /* SupplierCommercialOfferBeta.swift */; };
		FA0955F1254C369D00FFF835 /* SupplierCommercialOfferBeta.storyboard in Resources */ = {isa = PBXBuildFile; fileRef = FA0955F0254C369D00FFF835 /* SupplierCommercialOfferBeta.storyboard */; };
		FA0955F3254C427700FFF835 /* Roboto-Medium.ttf in Resources */ = {isa = PBXBuildFile; fileRef = FA0955F2254C427700FFF835 /* Roboto-Medium.ttf */; };
		FA15B70525473D1D00D29835 /* ActionFactory.swift in Sources */ = {isa = PBXBuildFile; fileRef = FA15B70425473D1D00D29835 /* ActionFactory.swift */; };
		FA15B70725473D3A00D29835 /* ActionDependencies.swift in Sources */ = {isa = PBXBuildFile; fileRef = FA15B70625473D3A00D29835 /* ActionDependencies.swift */; };
		FA15B70925473D5A00D29835 /* ActionModule.swift in Sources */ = {isa = PBXBuildFile; fileRef = FA15B70825473D5A00D29835 /* ActionModule.swift */; };
		FA15B70B25473D6A00D29835 /* ActionPresenter.swift in Sources */ = {isa = PBXBuildFile; fileRef = FA15B70A25473D6A00D29835 /* ActionPresenter.swift */; };
		FA15B70D25473D7A00D29835 /* ActionRouter.swift in Sources */ = {isa = PBXBuildFile; fileRef = FA15B70C25473D7A00D29835 /* ActionRouter.swift */; };
		FA1C2BEF2550547D008F3994 /* MemberViewCell.swift in Sources */ = {isa = PBXBuildFile; fileRef = FA1C2BEE2550547D008F3994 /* MemberViewCell.swift */; };
		FA393C1C254064E700C29F7D /* SupplierActions.swift in Sources */ = {isa = PBXBuildFile; fileRef = FA393C1B254064E700C29F7D /* SupplierActions.swift */; };
		FA393C1F2540650900C29F7D /* SupplierActionsBeta.swift in Sources */ = {isa = PBXBuildFile; fileRef = FA393C1E2540650900C29F7D /* SupplierActionsBeta.swift */; };
		FA393C212540651C00C29F7D /* SupplierActionsBeta.storyboard in Resources */ = {isa = PBXBuildFile; fileRef = FA393C202540651C00C29F7D /* SupplierActionsBeta.storyboard */; };
		FA566380253F397600D19D4E /* SupplierFactory.swift in Sources */ = {isa = PBXBuildFile; fileRef = FA56637F253F397600D19D4E /* SupplierFactory.swift */; };
		FA566382253F39A400D19D4E /* SupplierDependencies.swift in Sources */ = {isa = PBXBuildFile; fileRef = FA566381253F39A400D19D4E /* SupplierDependencies.swift */; };
		FA566384253F39C200D19D4E /* SupplierModule.swift in Sources */ = {isa = PBXBuildFile; fileRef = FA566383253F39C200D19D4E /* SupplierModule.swift */; };
		FA566386253F39D400D19D4E /* SupplierPresenter.swift in Sources */ = {isa = PBXBuildFile; fileRef = FA566385253F39D400D19D4E /* SupplierPresenter.swift */; };
		FA566388253F39E500D19D4E /* SupplierRouter.swift in Sources */ = {isa = PBXBuildFile; fileRef = FA566387253F39E500D19D4E /* SupplierRouter.swift */; };
		FA56638B253F3AF500D19D4E /* SupplierView.swift in Sources */ = {isa = PBXBuildFile; fileRef = FA56638A253F3AF500D19D4E /* SupplierView.swift */; };
		FA56638F253F3B2C00D19D4E /* SupplierViewBeta.swift in Sources */ = {isa = PBXBuildFile; fileRef = FA56638E253F3B2C00D19D4E /* SupplierViewBeta.swift */; };
		FA566391253F3B4800D19D4E /* SupplierViewBeta.storyboard in Resources */ = {isa = PBXBuildFile; fileRef = FA566390253F3B4800D19D4E /* SupplierViewBeta.storyboard */; };
		FA56639C253F4F1400D19D4E /* Roboto-Regular.ttf in Resources */ = {isa = PBXBuildFile; fileRef = FA56639B253F4F0200D19D4E /* Roboto-Regular.ttf */; };
		FA69BCE6254193DB001FEC2D /* SupplierError.swift in Sources */ = {isa = PBXBuildFile; fileRef = FA69BCE5254193DB001FEC2D /* SupplierError.swift */; };
		FA6E8BBC254D96A2007B8B4E /* CommercialOffersFactory.swift in Sources */ = {isa = PBXBuildFile; fileRef = FA6E8BBB254D96A2007B8B4E /* CommercialOffersFactory.swift */; };
		FA6E8BBE254D96FE007B8B4E /* CommercialOffersView.swift in Sources */ = {isa = PBXBuildFile; fileRef = FA6E8BBD254D96FE007B8B4E /* CommercialOffersView.swift */; };
		FA6E8BC1254D9726007B8B4E /* CommercialOffersViewBeta.swift in Sources */ = {isa = PBXBuildFile; fileRef = FA6E8BC0254D9726007B8B4E /* CommercialOffersViewBeta.swift */; };
		FA6E8BC3254D9732007B8B4E /* CommercialOffersViewBeta.storyboard in Resources */ = {isa = PBXBuildFile; fileRef = FA6E8BC2254D9732007B8B4E /* CommercialOffersViewBeta.storyboard */; };
		FA6E8BC5254D9877007B8B4E /* CommercialOffersRouter.swift in Sources */ = {isa = PBXBuildFile; fileRef = FA6E8BC4254D9877007B8B4E /* CommercialOffersRouter.swift */; };
		FA6E8BC7254D997E007B8B4E /* CommercialOffersModule.swift in Sources */ = {isa = PBXBuildFile; fileRef = FA6E8BC6254D997E007B8B4E /* CommercialOffersModule.swift */; };
		FA6E8BC9254D99D1007B8B4E /* CommercialOffersPresenter.swift in Sources */ = {isa = PBXBuildFile; fileRef = FA6E8BC8254D99D1007B8B4E /* CommercialOffersPresenter.swift */; };
		FA6E8BCB254D9B3B007B8B4E /* CommercialOffersDependencies.swift in Sources */ = {isa = PBXBuildFile; fileRef = FA6E8BCA254D9B3B007B8B4E /* CommercialOffersDependencies.swift */; };
		FA6E8BCD254DABDB007B8B4E /* CommercialOffersViewCell.swift in Sources */ = {isa = PBXBuildFile; fileRef = FA6E8BCC254DABDB007B8B4E /* CommercialOffersViewCell.swift */; };
		FABB6F002544902A00B93FB8 /* Montserrat-Medium.ttf in Resources */ = {isa = PBXBuildFile; fileRef = FABB6EFF2544902A00B93FB8 /* Montserrat-Medium.ttf */; };
		FABB6F0225455EA700B93FB8 /* CurrentActionsTableViewCell.swift in Sources */ = {isa = PBXBuildFile; fileRef = FABB6F0125455EA700B93FB8 /* CurrentActionsTableViewCell.swift */; };
		FABB6F06254682FD00B93FB8 /* ApproveCurrentActionView.swift in Sources */ = {isa = PBXBuildFile; fileRef = FABB6F05254682FD00B93FB8 /* ApproveCurrentActionView.swift */; };
		FABB6F092546831800B93FB8 /* ApproveCurrentActionViewBeta.swift in Sources */ = {isa = PBXBuildFile; fileRef = FABB6F082546831800B93FB8 /* ApproveCurrentActionViewBeta.swift */; };
		FABB6F0B2546834800B93FB8 /* ApproveCurrentActionViewBeta.storyboard in Resources */ = {isa = PBXBuildFile; fileRef = FABB6F0A2546834800B93FB8 /* ApproveCurrentActionViewBeta.storyboard */; };
		FABB6F0D2546860700B93FB8 /* Montserrat-Bold.ttf in Resources */ = {isa = PBXBuildFile; fileRef = FABB6F0C2546860700B93FB8 /* Montserrat-Bold.ttf */; };
		FAD70484254E892F00DE8AD7 /* ApproveCommercialOfferView.swift in Sources */ = {isa = PBXBuildFile; fileRef = FAD70483254E892F00DE8AD7 /* ApproveCommercialOfferView.swift */; };
		FAD70487254E894C00DE8AD7 /* ApproveCommercialOfferViewBeta.swift in Sources */ = {isa = PBXBuildFile; fileRef = FAD70486254E894C00DE8AD7 /* ApproveCommercialOfferViewBeta.swift */; };
		FAD70489254E895800DE8AD7 /* ApproveCommercialOfferViewBeta.storyboard in Resources */ = {isa = PBXBuildFile; fileRef = FAD70488254E895800DE8AD7 /* ApproveCommercialOfferViewBeta.storyboard */; };
		FAD7048B254E89AC00DE8AD7 /* CommercialOfferFactory.swift in Sources */ = {isa = PBXBuildFile; fileRef = FAD7048A254E89AC00DE8AD7 /* CommercialOfferFactory.swift */; };
		FAD7048D254E89BB00DE8AD7 /* CommercialOfferDependencies.swift in Sources */ = {isa = PBXBuildFile; fileRef = FAD7048C254E89BB00DE8AD7 /* CommercialOfferDependencies.swift */; };
		FAD7048F254E89C400DE8AD7 /* CommercialOfferModule.swift in Sources */ = {isa = PBXBuildFile; fileRef = FAD7048E254E89C400DE8AD7 /* CommercialOfferModule.swift */; };
		FAD70491254E89D000DE8AD7 /* CommercialOfferPresenter.swift in Sources */ = {isa = PBXBuildFile; fileRef = FAD70490254E89D000DE8AD7 /* CommercialOfferPresenter.swift */; };
		FAD70493254E89DA00DE8AD7 /* CommercialOfferRouter.swift in Sources */ = {isa = PBXBuildFile; fileRef = FAD70492254E89DA00DE8AD7 /* CommercialOfferRouter.swift */; };
		FAD70495254F392D00DE8AD7 /* FileCollectionViewCell.swift in Sources */ = {isa = PBXBuildFile; fileRef = FAD70494254F392D00DE8AD7 /* FileCollectionViewCell.swift */; };
		FAD7049C25500F7600DE8AD7 /* MembersDependencies.swift in Sources */ = {isa = PBXBuildFile; fileRef = FAD7049B25500F7600DE8AD7 /* MembersDependencies.swift */; };
		FAD7049E25500F8000DE8AD7 /* MembersFactory.swift in Sources */ = {isa = PBXBuildFile; fileRef = FAD7049D25500F8000DE8AD7 /* MembersFactory.swift */; };
		FAD704A02550103600DE8AD7 /* MembersModule.swift in Sources */ = {isa = PBXBuildFile; fileRef = FAD7049F2550103600DE8AD7 /* MembersModule.swift */; };
		FAD704A22550104000DE8AD7 /* MembersPresenter.swift in Sources */ = {isa = PBXBuildFile; fileRef = FAD704A12550104000DE8AD7 /* MembersPresenter.swift */; };
		FAD704A42550104E00DE8AD7 /* MembersRouter.swift in Sources */ = {isa = PBXBuildFile; fileRef = FAD704A32550104E00DE8AD7 /* MembersRouter.swift */; };
		FAD704A92550113100DE8AD7 /* MembersContainerView.swift in Sources */ = {isa = PBXBuildFile; fileRef = FAD704A82550113100DE8AD7 /* MembersContainerView.swift */; };
		FAD704AC2550114A00DE8AD7 /* MembersContainerViewBeta.swift in Sources */ = {isa = PBXBuildFile; fileRef = FAD704AB2550114A00DE8AD7 /* MembersContainerViewBeta.swift */; };
		FAD704AE2550115700DE8AD7 /* MembersContainerViewBeta.storyboard in Resources */ = {isa = PBXBuildFile; fileRef = FAD704AD2550115700DE8AD7 /* MembersContainerViewBeta.storyboard */; };
		FAD704B0255013E200DE8AD7 /* MembersOfOrganizationView.swift in Sources */ = {isa = PBXBuildFile; fileRef = FAD704AF255013E200DE8AD7 /* MembersOfOrganizationView.swift */; };
		FAD704B3255013FD00DE8AD7 /* MembersOfOrganizationViewBeta.swift in Sources */ = {isa = PBXBuildFile; fileRef = FAD704B2255013FD00DE8AD7 /* MembersOfOrganizationViewBeta.swift */; };
		FAD704B52550140C00DE8AD7 /* MembersOfOrganizationViewBeta.storyboard in Resources */ = {isa = PBXBuildFile; fileRef = FAD704B42550140C00DE8AD7 /* MembersOfOrganizationViewBeta.storyboard */; };
		FAD704B72550155100DE8AD7 /* ApplicationsView.swift in Sources */ = {isa = PBXBuildFile; fileRef = FAD704B62550155100DE8AD7 /* ApplicationsView.swift */; };
		FAD704BA2550156400DE8AD7 /* ApplicationsViewBeta.swift in Sources */ = {isa = PBXBuildFile; fileRef = FAD704B92550156400DE8AD7 /* ApplicationsViewBeta.swift */; };
		FAD704BC2550156F00DE8AD7 /* ApplicationsViewBeta.storyboard in Resources */ = {isa = PBXBuildFile; fileRef = FAD704BB2550156F00DE8AD7 /* ApplicationsViewBeta.storyboard */; };
/* End PBXBuildFile section */

/* Begin PBXFileReference section */
		0E39664224FCABAD0008266D /* OnboardSignUpView.swift */ = {isa = PBXFileReference; lastKnownFileType = sourcecode.swift; path = OnboardSignUpView.swift; sourceTree = "<group>"; };
		0E39664524FCABD70008266D /* OnboardSignUpViewBeta.swift */ = {isa = PBXFileReference; lastKnownFileType = sourcecode.swift; path = OnboardSignUpViewBeta.swift; sourceTree = "<group>"; };
		0E39664724FCAC020008266D /* OnboardSignUpViewBeta.storyboard */ = {isa = PBXFileReference; lastKnownFileType = file.storyboard; path = OnboardSignUpViewBeta.storyboard; sourceTree = "<group>"; };
		0E4BD1E1250CF1E300F8D4C8 /* OnboardSupplierViewBeta.swift */ = {isa = PBXFileReference; lastKnownFileType = sourcecode.swift; path = OnboardSupplierViewBeta.swift; sourceTree = "<group>"; };
		0E4BD1E3250CF8FE00F8D4C8 /* OnboardSupplierViewBeta.storyboard */ = {isa = PBXFileReference; lastKnownFileType = file.storyboard; path = OnboardSupplierViewBeta.storyboard; sourceTree = "<group>"; };
		0E506BE324FBB16800ABA211 /* OnboardMemberView.swift */ = {isa = PBXFileReference; lastKnownFileType = sourcecode.swift; path = OnboardMemberView.swift; sourceTree = "<group>"; };
		0E506BE624FBB19400ABA211 /* OnboardMemberViewBeta.storyboard */ = {isa = PBXFileReference; lastKnownFileType = file.storyboard; path = OnboardMemberViewBeta.storyboard; sourceTree = "<group>"; };
		0E506BE824FBB1AD00ABA211 /* OnboardMemberViewBeta.swift */ = {isa = PBXFileReference; lastKnownFileType = sourcecode.swift; path = OnboardMemberViewBeta.swift; sourceTree = "<group>"; };
		0E506BEB24FBB83700ABA211 /* SelectRoleViewBeta.swift */ = {isa = PBXFileReference; lastKnownFileType = sourcecode.swift; path = SelectRoleViewBeta.swift; sourceTree = "<group>"; };
		0E506BED24FBB92800ABA211 /* SelectRoleViewBeta.storyboard */ = {isa = PBXFileReference; lastKnownFileType = file.storyboard; path = SelectRoleViewBeta.storyboard; sourceTree = "<group>"; };
		0E506BF024FBBF4600ABA211 /* SelectOrganizationView.swift */ = {isa = PBXFileReference; lastKnownFileType = sourcecode.swift; path = SelectOrganizationView.swift; sourceTree = "<group>"; };
		0E506BF324FBBFA400ABA211 /* SelectOrganizationViewBeta.swift */ = {isa = PBXFileReference; lastKnownFileType = sourcecode.swift; path = SelectOrganizationViewBeta.swift; sourceTree = "<group>"; };
		0E506BF524FBBFBE00ABA211 /* SelectOrganizationViewBeta.storyboard */ = {isa = PBXFileReference; lastKnownFileType = file.storyboard; path = SelectOrganizationViewBeta.storyboard; sourceTree = "<group>"; };
		0E506BF824FBC2FC00ABA211 /* OnboardOrganizationView.swift */ = {isa = PBXFileReference; lastKnownFileType = sourcecode.swift; path = OnboardOrganizationView.swift; sourceTree = "<group>"; };
		0E506BFB24FBC37900ABA211 /* OnboardOrganizationViewBeta.swift */ = {isa = PBXFileReference; lastKnownFileType = sourcecode.swift; path = OnboardOrganizationViewBeta.swift; sourceTree = "<group>"; };
		0E506BFD24FBC39B00ABA211 /* OnboardOrganizationViewBeta.storyboard */ = {isa = PBXFileReference; lastKnownFileType = file.storyboard; path = OnboardOrganizationViewBeta.storyboard; sourceTree = "<group>"; };
		0E506C1D24FC0DE400ABA211 /* ReviewModule.swift */ = {isa = PBXFileReference; lastKnownFileType = sourcecode.swift; path = ReviewModule.swift; sourceTree = "<group>"; };
		0E506C2024FC108800ABA211 /* ReviewView.swift */ = {isa = PBXFileReference; lastKnownFileType = sourcecode.swift; path = ReviewView.swift; sourceTree = "<group>"; };
		0E506C2324FC10AF00ABA211 /* ReviewViewBeta.swift */ = {isa = PBXFileReference; lastKnownFileType = sourcecode.swift; path = ReviewViewBeta.swift; sourceTree = "<group>"; };
		0E506C2524FC10B700ABA211 /* ReviewViewBeta.storyboard */ = {isa = PBXFileReference; lastKnownFileType = file.storyboard; path = ReviewViewBeta.storyboard; sourceTree = "<group>"; };
		0E506C2724FC131700ABA211 /* ReviewViewBetaOrganizationCell.swift */ = {isa = PBXFileReference; lastKnownFileType = sourcecode.swift; path = ReviewViewBetaOrganizationCell.swift; sourceTree = "<group>"; };
		0E506C2924FC180300ABA211 /* ReviewViewBetaSupplierCell.swift */ = {isa = PBXFileReference; lastKnownFileType = sourcecode.swift; path = ReviewViewBetaSupplierCell.swift; sourceTree = "<group>"; };
		0E506C2B24FC184900ABA211 /* ReviewViewBetaMemberCell.swift */ = {isa = PBXFileReference; lastKnownFileType = sourcecode.swift; path = ReviewViewBetaMemberCell.swift; sourceTree = "<group>"; };
		0E506C2D24FC1A4600ABA211 /* ReviewPresenter.swift */ = {isa = PBXFileReference; lastKnownFileType = sourcecode.swift; path = ReviewPresenter.swift; sourceTree = "<group>"; };
		0E506C3024FC1AAB00ABA211 /* ReviewRouter.swift */ = {isa = PBXFileReference; lastKnownFileType = sourcecode.swift; path = ReviewRouter.swift; sourceTree = "<group>"; };
		0E506C3224FC1B9C00ABA211 /* ReviewDependencies.swift */ = {isa = PBXFileReference; lastKnownFileType = sourcecode.swift; path = ReviewDependencies.swift; sourceTree = "<group>"; };
		0E506C3424FC1BA700ABA211 /* ReviewFactory.swift */ = {isa = PBXFileReference; lastKnownFileType = sourcecode.swift; path = ReviewFactory.swift; sourceTree = "<group>"; };
		0E506C3824FC9CC400ABA211 /* OnboardWelcomeView.swift */ = {isa = PBXFileReference; lastKnownFileType = sourcecode.swift; path = OnboardWelcomeView.swift; sourceTree = "<group>"; };
		0E506C3B24FC9CDE00ABA211 /* OnboardWelcomeViewBeta.storyboard */ = {isa = PBXFileReference; lastKnownFileType = file.storyboard; path = OnboardWelcomeViewBeta.storyboard; sourceTree = "<group>"; };
		0E506C3D24FC9CE700ABA211 /* OnboardWelcomeViewBeta.swift */ = {isa = PBXFileReference; lastKnownFileType = sourcecode.swift; path = OnboardWelcomeViewBeta.swift; sourceTree = "<group>"; };
		0E506C4024FC9F6500ABA211 /* Montserrat-Regular.ttf */ = {isa = PBXFileReference; lastKnownFileType = file; path = "Montserrat-Regular.ttf"; sourceTree = "<group>"; };
		0E506C4224FC9FCA00ABA211 /* PlayfairDisplay-VariableFont_wght.ttf */ = {isa = PBXFileReference; lastKnownFileType = file; path = "PlayfairDisplay-VariableFont_wght.ttf"; sourceTree = "<group>"; };
		0E506C4524FCA6E300ABA211 /* OnboardSignIn.swift */ = {isa = PBXFileReference; lastKnownFileType = sourcecode.swift; path = OnboardSignIn.swift; sourceTree = "<group>"; };
		0E506C4824FCA78100ABA211 /* OnboardSignInViewBeta.swift */ = {isa = PBXFileReference; lastKnownFileType = sourcecode.swift; path = OnboardSignInViewBeta.swift; sourceTree = "<group>"; };
		0E506C4A24FCA78C00ABA211 /* OnboardSignInViewBeta.storyboard */ = {isa = PBXFileReference; lastKnownFileType = file.storyboard; path = OnboardSignInViewBeta.storyboard; sourceTree = "<group>"; };
		0E56172625372A25005DF4F3 /* OrganizationTabBarViewBeta.storyboard */ = {isa = PBXFileReference; lastKnownFileType = file.storyboard; path = OrganizationTabBarViewBeta.storyboard; sourceTree = "<group>"; };
		0E56172D25372AF1005DF4F3 /* ActionsContainerViewBeta.storyboard */ = {isa = PBXFileReference; lastKnownFileType = file.storyboard; path = ActionsContainerViewBeta.storyboard; sourceTree = "<group>"; };
		0E56173525372B60005DF4F3 /* CurrentActionsViewBeta.storyboard */ = {isa = PBXFileReference; lastKnownFileType = file.storyboard; path = CurrentActionsViewBeta.storyboard; sourceTree = "<group>"; };
		0E56173825372B88005DF4F3 /* CurrentActionsView.swift */ = {isa = PBXFileReference; lastKnownFileType = sourcecode.swift; path = CurrentActionsView.swift; sourceTree = "<group>"; };
		0E56173B25372BC5005DF4F3 /* CurrentActionsViewBeta.swift */ = {isa = PBXFileReference; lastKnownFileType = sourcecode.swift; path = CurrentActionsViewBeta.swift; sourceTree = "<group>"; };
		0E56173F25372BF3005DF4F3 /* ActionsContainerViewBeta.swift */ = {isa = PBXFileReference; lastKnownFileType = sourcecode.swift; path = ActionsContainerViewBeta.swift; sourceTree = "<group>"; };
		0E56174425372BFD005DF4F3 /* ActionsContainerView.swift */ = {isa = PBXFileReference; lastKnownFileType = sourcecode.swift; path = ActionsContainerView.swift; sourceTree = "<group>"; };
		0E56174B25372D95005DF4F3 /* PastActionsViewBeta.swift */ = {isa = PBXFileReference; lastKnownFileType = sourcecode.swift; path = PastActionsViewBeta.swift; sourceTree = "<group>"; };
		0E56174F25372D9D005DF4F3 /* PastActionsViewBeta.storyboard */ = {isa = PBXFileReference; lastKnownFileType = file.storyboard; path = PastActionsViewBeta.storyboard; sourceTree = "<group>"; };
		0E56175225372DC1005DF4F3 /* PastActionsView.swift */ = {isa = PBXFileReference; lastKnownFileType = sourcecode.swift; path = PastActionsView.swift; sourceTree = "<group>"; };
		0E561756253731CD005DF4F3 /* OrganizationFactory.swift */ = {isa = PBXFileReference; lastKnownFileType = sourcecode.swift; path = OrganizationFactory.swift; sourceTree = "<group>"; };
		0E561759253731ED005DF4F3 /* OrganizationModule.swift */ = {isa = PBXFileReference; lastKnownFileType = sourcecode.swift; path = OrganizationModule.swift; sourceTree = "<group>"; };
		0E56175C2537321C005DF4F3 /* OrganizationPresenter.swift */ = {isa = PBXFileReference; lastKnownFileType = sourcecode.swift; path = OrganizationPresenter.swift; sourceTree = "<group>"; };
		0E56175F2537324E005DF4F3 /* OrganizationRouter.swift */ = {isa = PBXFileReference; lastKnownFileType = sourcecode.swift; path = OrganizationRouter.swift; sourceTree = "<group>"; };
		0E5617622537327C005DF4F3 /* OrganizationDependencies.swift */ = {isa = PBXFileReference; lastKnownFileType = sourcecode.swift; path = OrganizationDependencies.swift; sourceTree = "<group>"; };
		0E56176625373305005DF4F3 /* OrganizationTabBarView.swift */ = {isa = PBXFileReference; lastKnownFileType = sourcecode.swift; path = OrganizationTabBarView.swift; sourceTree = "<group>"; };
		0E56176A25373349005DF4F3 /* OrganizationTabBarViewBeta.swift */ = {isa = PBXFileReference; lastKnownFileType = sourcecode.swift; path = OrganizationTabBarViewBeta.swift; sourceTree = "<group>"; };
		0E6B9722254D656500055570 /* Secrets.swift */ = {isa = PBXFileReference; lastKnownFileType = sourcecode.swift; path = Secrets.swift; sourceTree = "<group>"; };
		0E6FBA572545ABAF00A2B882 /* ActionsRouter.swift */ = {isa = PBXFileReference; lastKnownFileType = sourcecode.swift; path = ActionsRouter.swift; sourceTree = "<group>"; };
		0E6FBA5B2545ABEF00A2B882 /* ActionsModule.swift */ = {isa = PBXFileReference; lastKnownFileType = sourcecode.swift; path = ActionsModule.swift; sourceTree = "<group>"; };
		0E6FBA5E2545AC3900A2B882 /* ActionsPresenter.swift */ = {isa = PBXFileReference; lastKnownFileType = sourcecode.swift; path = ActionsPresenter.swift; sourceTree = "<group>"; };
		0E6FBA612545AC7C00A2B882 /* ActionsDependencies.swift */ = {isa = PBXFileReference; lastKnownFileType = sourcecode.swift; path = ActionsDependencies.swift; sourceTree = "<group>"; };
		0E6FBA642545AC9B00A2B882 /* ActionsFactory.swift */ = {isa = PBXFileReference; lastKnownFileType = sourcecode.swift; path = ActionsFactory.swift; sourceTree = "<group>"; };
		0E772A8C2504D39000D677E6 /* PlayfairDisplay-Bold.ttf */ = {isa = PBXFileReference; lastKnownFileType = file; path = "PlayfairDisplay-Bold.ttf"; sourceTree = "<group>"; };
		0E772A8E2505174D00D677E6 /* ProfitClub.entitlements */ = {isa = PBXFileReference; lastKnownFileType = text.plist.entitlements; path = ProfitClub.entitlements; sourceTree = "<group>"; };
		0E90496D24F390070061A605 /* AppPresenter.swift */ = {isa = PBXFileReference; lastKnownFileType = sourcecode.swift; path = AppPresenter.swift; sourceTree = "<group>"; };
		0E90497024F390270061A605 /* AppFactory.swift */ = {isa = PBXFileReference; lastKnownFileType = sourcecode.swift; path = AppFactory.swift; sourceTree = "<group>"; };
		0E90498624F60C980061A605 /* SelectRoleView.swift */ = {isa = PBXFileReference; lastKnownFileType = sourcecode.swift; path = SelectRoleView.swift; sourceTree = "<group>"; };
		0E90498924F60D250061A605 /* SelectRoleViewAlpha.swift */ = {isa = PBXFileReference; lastKnownFileType = sourcecode.swift; path = SelectRoleViewAlpha.swift; sourceTree = "<group>"; };
		0E90499124F6142A0061A605 /* OnboardPresenter.swift */ = {isa = PBXFileReference; lastKnownFileType = sourcecode.swift; path = OnboardPresenter.swift; sourceTree = "<group>"; };
		0E90499324F614390061A605 /* OnboardModule.swift */ = {isa = PBXFileReference; lastKnownFileType = sourcecode.swift; path = OnboardModule.swift; sourceTree = "<group>"; };
		0E90499524F615E80061A605 /* OnboardRouter.swift */ = {isa = PBXFileReference; lastKnownFileType = sourcecode.swift; path = OnboardRouter.swift; sourceTree = "<group>"; };
		0E90499724F6160F0061A605 /* OnboardFactory.swift */ = {isa = PBXFileReference; lastKnownFileType = sourcecode.swift; path = OnboardFactory.swift; sourceTree = "<group>"; };
		0E90499924F624770061A605 /* OnboardError.swift */ = {isa = PBXFileReference; lastKnownFileType = sourcecode.swift; path = OnboardError.swift; sourceTree = "<group>"; };
		0E90499B24F62A6D0061A605 /* OnboardDependencies.swift */ = {isa = PBXFileReference; lastKnownFileType = sourcecode.swift; path = OnboardDependencies.swift; sourceTree = "<group>"; };
		0E90499E24F62C6C0061A605 /* OnboardSupplierView.swift */ = {isa = PBXFileReference; lastKnownFileType = sourcecode.swift; path = OnboardSupplierView.swift; sourceTree = "<group>"; };
		0E9049A124F62C870061A605 /* OnboardSupplierViewAlpha.swift */ = {isa = PBXFileReference; lastKnownFileType = sourcecode.swift; path = OnboardSupplierViewAlpha.swift; sourceTree = "<group>"; };
		0EA11EC424F2B88F00133485 /* Profit Club.app */ = {isa = PBXFileReference; explicitFileType = wrapper.application; includeInIndex = 0; path = "Profit Club.app"; sourceTree = BUILT_PRODUCTS_DIR; };
		0EA11EC724F2B88F00133485 /* AppDelegate.swift */ = {isa = PBXFileReference; lastKnownFileType = sourcecode.swift; path = AppDelegate.swift; sourceTree = "<group>"; };
		0EA11ED024F2B89300133485 /* Assets.xcassets */ = {isa = PBXFileReference; lastKnownFileType = folder.assetcatalog; path = Assets.xcassets; sourceTree = "<group>"; };
		0EA11ED324F2B89300133485 /* Base */ = {isa = PBXFileReference; lastKnownFileType = file.storyboard; name = Base; path = Base.lproj/LaunchScreen.storyboard; sourceTree = "<group>"; };
		0EA11ED524F2B89300133485 /* Info.plist */ = {isa = PBXFileReference; lastKnownFileType = text.plist.xml; path = Info.plist; sourceTree = "<group>"; };
		17770C4311DB6F99F7CDDD46 /* Pods-ProfitClub.release.xcconfig */ = {isa = PBXFileReference; includeInIndex = 1; lastKnownFileType = text.xcconfig; name = "Pods-ProfitClub.release.xcconfig"; path = "Target Support Files/Pods-ProfitClub/Pods-ProfitClub.release.xcconfig"; sourceTree = "<group>"; };
		64F87290C9FD04EC19DEE33B /* Pods-ProfitClub.debug.xcconfig */ = {isa = PBXFileReference; includeInIndex = 1; lastKnownFileType = text.xcconfig; name = "Pods-ProfitClub.debug.xcconfig"; path = "Target Support Files/Pods-ProfitClub/Pods-ProfitClub.debug.xcconfig"; sourceTree = "<group>"; };
		D881FD37132A41374982A032 /* Pods_ProfitClub.framework */ = {isa = PBXFileReference; explicitFileType = wrapper.framework; includeInIndex = 0; path = Pods_ProfitClub.framework; sourceTree = BUILT_PRODUCTS_DIR; };
		FA0955EB254C364F00FFF835 /* SupplierCommercialOffer.swift */ = {isa = PBXFileReference; lastKnownFileType = sourcecode.swift; path = SupplierCommercialOffer.swift; sourceTree = "<group>"; };
		FA0955EE254C369300FFF835 /* SupplierCommercialOfferBeta.swift */ = {isa = PBXFileReference; lastKnownFileType = sourcecode.swift; path = SupplierCommercialOfferBeta.swift; sourceTree = "<group>"; };
		FA0955F0254C369D00FFF835 /* SupplierCommercialOfferBeta.storyboard */ = {isa = PBXFileReference; lastKnownFileType = file.storyboard; path = SupplierCommercialOfferBeta.storyboard; sourceTree = "<group>"; };
		FA0955F2254C427700FFF835 /* Roboto-Medium.ttf */ = {isa = PBXFileReference; lastKnownFileType = file; path = "Roboto-Medium.ttf"; sourceTree = "<group>"; };
		FA15B70425473D1D00D29835 /* ActionFactory.swift */ = {isa = PBXFileReference; lastKnownFileType = sourcecode.swift; path = ActionFactory.swift; sourceTree = "<group>"; };
		FA15B70625473D3A00D29835 /* ActionDependencies.swift */ = {isa = PBXFileReference; lastKnownFileType = sourcecode.swift; path = ActionDependencies.swift; sourceTree = "<group>"; };
		FA15B70825473D5A00D29835 /* ActionModule.swift */ = {isa = PBXFileReference; lastKnownFileType = sourcecode.swift; path = ActionModule.swift; sourceTree = "<group>"; };
		FA15B70A25473D6A00D29835 /* ActionPresenter.swift */ = {isa = PBXFileReference; lastKnownFileType = sourcecode.swift; path = ActionPresenter.swift; sourceTree = "<group>"; };
		FA15B70C25473D7A00D29835 /* ActionRouter.swift */ = {isa = PBXFileReference; lastKnownFileType = sourcecode.swift; path = ActionRouter.swift; sourceTree = "<group>"; };
		FA1C2BEE2550547D008F3994 /* MemberViewCell.swift */ = {isa = PBXFileReference; lastKnownFileType = sourcecode.swift; path = MemberViewCell.swift; sourceTree = "<group>"; };
		FA393C1B254064E700C29F7D /* SupplierActions.swift */ = {isa = PBXFileReference; lastKnownFileType = sourcecode.swift; path = SupplierActions.swift; sourceTree = "<group>"; };
		FA393C1E2540650900C29F7D /* SupplierActionsBeta.swift */ = {isa = PBXFileReference; lastKnownFileType = sourcecode.swift; path = SupplierActionsBeta.swift; sourceTree = "<group>"; };
		FA393C202540651C00C29F7D /* SupplierActionsBeta.storyboard */ = {isa = PBXFileReference; lastKnownFileType = file.storyboard; path = SupplierActionsBeta.storyboard; sourceTree = "<group>"; };
		FA56637F253F397600D19D4E /* SupplierFactory.swift */ = {isa = PBXFileReference; lastKnownFileType = sourcecode.swift; path = SupplierFactory.swift; sourceTree = "<group>"; };
		FA566381253F39A400D19D4E /* SupplierDependencies.swift */ = {isa = PBXFileReference; lastKnownFileType = sourcecode.swift; path = SupplierDependencies.swift; sourceTree = "<group>"; };
		FA566383253F39C200D19D4E /* SupplierModule.swift */ = {isa = PBXFileReference; lastKnownFileType = sourcecode.swift; path = SupplierModule.swift; sourceTree = "<group>"; };
		FA566385253F39D400D19D4E /* SupplierPresenter.swift */ = {isa = PBXFileReference; lastKnownFileType = sourcecode.swift; path = SupplierPresenter.swift; sourceTree = "<group>"; };
		FA566387253F39E500D19D4E /* SupplierRouter.swift */ = {isa = PBXFileReference; lastKnownFileType = sourcecode.swift; path = SupplierRouter.swift; sourceTree = "<group>"; };
		FA56638A253F3AF500D19D4E /* SupplierView.swift */ = {isa = PBXFileReference; lastKnownFileType = sourcecode.swift; path = SupplierView.swift; sourceTree = "<group>"; };
		FA56638E253F3B2C00D19D4E /* SupplierViewBeta.swift */ = {isa = PBXFileReference; lastKnownFileType = sourcecode.swift; path = SupplierViewBeta.swift; sourceTree = "<group>"; };
		FA566390253F3B4800D19D4E /* SupplierViewBeta.storyboard */ = {isa = PBXFileReference; lastKnownFileType = file.storyboard; path = SupplierViewBeta.storyboard; sourceTree = "<group>"; };
		FA56639B253F4F0200D19D4E /* Roboto-Regular.ttf */ = {isa = PBXFileReference; lastKnownFileType = file; path = "Roboto-Regular.ttf"; sourceTree = "<group>"; };
		FA69BCE5254193DB001FEC2D /* SupplierError.swift */ = {isa = PBXFileReference; lastKnownFileType = sourcecode.swift; path = SupplierError.swift; sourceTree = "<group>"; };
		FA6E8BBB254D96A2007B8B4E /* CommercialOffersFactory.swift */ = {isa = PBXFileReference; lastKnownFileType = sourcecode.swift; path = CommercialOffersFactory.swift; sourceTree = "<group>"; };
		FA6E8BBD254D96FE007B8B4E /* CommercialOffersView.swift */ = {isa = PBXFileReference; lastKnownFileType = sourcecode.swift; path = CommercialOffersView.swift; sourceTree = "<group>"; };
		FA6E8BC0254D9726007B8B4E /* CommercialOffersViewBeta.swift */ = {isa = PBXFileReference; lastKnownFileType = sourcecode.swift; path = CommercialOffersViewBeta.swift; sourceTree = "<group>"; };
		FA6E8BC2254D9732007B8B4E /* CommercialOffersViewBeta.storyboard */ = {isa = PBXFileReference; lastKnownFileType = file.storyboard; path = CommercialOffersViewBeta.storyboard; sourceTree = "<group>"; };
		FA6E8BC4254D9877007B8B4E /* CommercialOffersRouter.swift */ = {isa = PBXFileReference; lastKnownFileType = sourcecode.swift; path = CommercialOffersRouter.swift; sourceTree = "<group>"; };
		FA6E8BC6254D997E007B8B4E /* CommercialOffersModule.swift */ = {isa = PBXFileReference; lastKnownFileType = sourcecode.swift; path = CommercialOffersModule.swift; sourceTree = "<group>"; };
		FA6E8BC8254D99D1007B8B4E /* CommercialOffersPresenter.swift */ = {isa = PBXFileReference; lastKnownFileType = sourcecode.swift; path = CommercialOffersPresenter.swift; sourceTree = "<group>"; };
		FA6E8BCA254D9B3B007B8B4E /* CommercialOffersDependencies.swift */ = {isa = PBXFileReference; lastKnownFileType = sourcecode.swift; path = CommercialOffersDependencies.swift; sourceTree = "<group>"; };
		FA6E8BCC254DABDB007B8B4E /* CommercialOffersViewCell.swift */ = {isa = PBXFileReference; lastKnownFileType = sourcecode.swift; path = CommercialOffersViewCell.swift; sourceTree = "<group>"; };
		FABB6EFF2544902A00B93FB8 /* Montserrat-Medium.ttf */ = {isa = PBXFileReference; lastKnownFileType = file; path = "Montserrat-Medium.ttf"; sourceTree = "<group>"; };
		FABB6F0125455EA700B93FB8 /* CurrentActionsTableViewCell.swift */ = {isa = PBXFileReference; lastKnownFileType = sourcecode.swift; path = CurrentActionsTableViewCell.swift; sourceTree = "<group>"; };
		FABB6F05254682FD00B93FB8 /* ApproveCurrentActionView.swift */ = {isa = PBXFileReference; lastKnownFileType = sourcecode.swift; path = ApproveCurrentActionView.swift; sourceTree = "<group>"; };
		FABB6F082546831800B93FB8 /* ApproveCurrentActionViewBeta.swift */ = {isa = PBXFileReference; lastKnownFileType = sourcecode.swift; path = ApproveCurrentActionViewBeta.swift; sourceTree = "<group>"; };
		FABB6F0A2546834800B93FB8 /* ApproveCurrentActionViewBeta.storyboard */ = {isa = PBXFileReference; lastKnownFileType = file.storyboard; path = ApproveCurrentActionViewBeta.storyboard; sourceTree = "<group>"; };
		FABB6F0C2546860700B93FB8 /* Montserrat-Bold.ttf */ = {isa = PBXFileReference; lastKnownFileType = file; path = "Montserrat-Bold.ttf"; sourceTree = "<group>"; };
		FAD70483254E892F00DE8AD7 /* ApproveCommercialOfferView.swift */ = {isa = PBXFileReference; lastKnownFileType = sourcecode.swift; path = ApproveCommercialOfferView.swift; sourceTree = "<group>"; };
		FAD70486254E894C00DE8AD7 /* ApproveCommercialOfferViewBeta.swift */ = {isa = PBXFileReference; lastKnownFileType = sourcecode.swift; path = ApproveCommercialOfferViewBeta.swift; sourceTree = "<group>"; };
		FAD70488254E895800DE8AD7 /* ApproveCommercialOfferViewBeta.storyboard */ = {isa = PBXFileReference; lastKnownFileType = file.storyboard; path = ApproveCommercialOfferViewBeta.storyboard; sourceTree = "<group>"; };
		FAD7048A254E89AC00DE8AD7 /* CommercialOfferFactory.swift */ = {isa = PBXFileReference; lastKnownFileType = sourcecode.swift; path = CommercialOfferFactory.swift; sourceTree = "<group>"; };
		FAD7048C254E89BB00DE8AD7 /* CommercialOfferDependencies.swift */ = {isa = PBXFileReference; lastKnownFileType = sourcecode.swift; path = CommercialOfferDependencies.swift; sourceTree = "<group>"; };
		FAD7048E254E89C400DE8AD7 /* CommercialOfferModule.swift */ = {isa = PBXFileReference; lastKnownFileType = sourcecode.swift; path = CommercialOfferModule.swift; sourceTree = "<group>"; };
		FAD70490254E89D000DE8AD7 /* CommercialOfferPresenter.swift */ = {isa = PBXFileReference; lastKnownFileType = sourcecode.swift; path = CommercialOfferPresenter.swift; sourceTree = "<group>"; };
		FAD70492254E89DA00DE8AD7 /* CommercialOfferRouter.swift */ = {isa = PBXFileReference; lastKnownFileType = sourcecode.swift; path = CommercialOfferRouter.swift; sourceTree = "<group>"; };
		FAD70494254F392D00DE8AD7 /* FileCollectionViewCell.swift */ = {isa = PBXFileReference; lastKnownFileType = sourcecode.swift; path = FileCollectionViewCell.swift; sourceTree = "<group>"; };
		FAD7049B25500F7600DE8AD7 /* MembersDependencies.swift */ = {isa = PBXFileReference; lastKnownFileType = sourcecode.swift; path = MembersDependencies.swift; sourceTree = "<group>"; };
		FAD7049D25500F8000DE8AD7 /* MembersFactory.swift */ = {isa = PBXFileReference; lastKnownFileType = sourcecode.swift; path = MembersFactory.swift; sourceTree = "<group>"; };
		FAD7049F2550103600DE8AD7 /* MembersModule.swift */ = {isa = PBXFileReference; lastKnownFileType = sourcecode.swift; path = MembersModule.swift; sourceTree = "<group>"; };
		FAD704A12550104000DE8AD7 /* MembersPresenter.swift */ = {isa = PBXFileReference; lastKnownFileType = sourcecode.swift; path = MembersPresenter.swift; sourceTree = "<group>"; };
		FAD704A32550104E00DE8AD7 /* MembersRouter.swift */ = {isa = PBXFileReference; lastKnownFileType = sourcecode.swift; path = MembersRouter.swift; sourceTree = "<group>"; };
		FAD704A82550113100DE8AD7 /* MembersContainerView.swift */ = {isa = PBXFileReference; lastKnownFileType = sourcecode.swift; path = MembersContainerView.swift; sourceTree = "<group>"; };
		FAD704AB2550114A00DE8AD7 /* MembersContainerViewBeta.swift */ = {isa = PBXFileReference; lastKnownFileType = sourcecode.swift; path = MembersContainerViewBeta.swift; sourceTree = "<group>"; };
		FAD704AD2550115700DE8AD7 /* MembersContainerViewBeta.storyboard */ = {isa = PBXFileReference; lastKnownFileType = file.storyboard; path = MembersContainerViewBeta.storyboard; sourceTree = "<group>"; };
		FAD704AF255013E200DE8AD7 /* MembersOfOrganizationView.swift */ = {isa = PBXFileReference; lastKnownFileType = sourcecode.swift; path = MembersOfOrganizationView.swift; sourceTree = "<group>"; };
		FAD704B2255013FD00DE8AD7 /* MembersOfOrganizationViewBeta.swift */ = {isa = PBXFileReference; lastKnownFileType = sourcecode.swift; path = MembersOfOrganizationViewBeta.swift; sourceTree = "<group>"; };
		FAD704B42550140C00DE8AD7 /* MembersOfOrganizationViewBeta.storyboard */ = {isa = PBXFileReference; lastKnownFileType = file.storyboard; path = MembersOfOrganizationViewBeta.storyboard; sourceTree = "<group>"; };
		FAD704B62550155100DE8AD7 /* ApplicationsView.swift */ = {isa = PBXFileReference; lastKnownFileType = sourcecode.swift; path = ApplicationsView.swift; sourceTree = "<group>"; };
		FAD704B92550156400DE8AD7 /* ApplicationsViewBeta.swift */ = {isa = PBXFileReference; lastKnownFileType = sourcecode.swift; path = ApplicationsViewBeta.swift; sourceTree = "<group>"; };
		FAD704BB2550156F00DE8AD7 /* ApplicationsViewBeta.storyboard */ = {isa = PBXFileReference; lastKnownFileType = file.storyboard; path = ApplicationsViewBeta.storyboard; sourceTree = "<group>"; };
/* End PBXFileReference section */

/* Begin PBXFrameworksBuildPhase section */
		0EA11EC124F2B88F00133485 /* Frameworks */ = {
			isa = PBXFrameworksBuildPhase;
			buildActionMask = 2147483647;
			files = (
				BAC5B692AE8ABE81C3298271 /* Pods_ProfitClub.framework in Frameworks */,
			);
			runOnlyForDeploymentPostprocessing = 0;
		};
/* End PBXFrameworksBuildPhase section */

/* Begin PBXGroup section */
		0E39664124FCAB750008266D /* OnboardSignUp */ = {
			isa = PBXGroup;
			children = (
				0E39664224FCABAD0008266D /* OnboardSignUpView.swift */,
				0E39664424FCABC70008266D /* Beta */,
			);
			path = OnboardSignUp;
			sourceTree = "<group>";
		};
		0E39664424FCABC70008266D /* Beta */ = {
			isa = PBXGroup;
			children = (
				0E39664524FCABD70008266D /* OnboardSignUpViewBeta.swift */,
				0E39664724FCAC020008266D /* OnboardSignUpViewBeta.storyboard */,
			);
			path = Beta;
			sourceTree = "<group>";
		};
		0E4BD1E0250CF1C300F8D4C8 /* Beta */ = {
			isa = PBXGroup;
			children = (
				0E4BD1E1250CF1E300F8D4C8 /* OnboardSupplierViewBeta.swift */,
				0E4BD1E3250CF8FE00F8D4C8 /* OnboardSupplierViewBeta.storyboard */,
			);
			path = Beta;
			sourceTree = "<group>";
		};
		0E506BE224FBB14800ABA211 /* OnboardMember */ = {
			isa = PBXGroup;
			children = (
				0E506BE324FBB16800ABA211 /* OnboardMemberView.swift */,
				0E506BE524FBB18100ABA211 /* Beta */,
			);
			path = OnboardMember;
			sourceTree = "<group>";
		};
		0E506BE524FBB18100ABA211 /* Beta */ = {
			isa = PBXGroup;
			children = (
				0E506BE624FBB19400ABA211 /* OnboardMemberViewBeta.storyboard */,
				0E506BE824FBB1AD00ABA211 /* OnboardMemberViewBeta.swift */,
			);
			path = Beta;
			sourceTree = "<group>";
		};
		0E506BEA24FBB82400ABA211 /* Beta */ = {
			isa = PBXGroup;
			children = (
				0E506BEB24FBB83700ABA211 /* SelectRoleViewBeta.swift */,
				0E506BED24FBB92800ABA211 /* SelectRoleViewBeta.storyboard */,
			);
			path = Beta;
			sourceTree = "<group>";
		};
		0E506BEF24FBBF3000ABA211 /* SelectOrganization */ = {
			isa = PBXGroup;
			children = (
				0E506BF024FBBF4600ABA211 /* SelectOrganizationView.swift */,
				0E506BF224FBBF8E00ABA211 /* Beta */,
			);
			path = SelectOrganization;
			sourceTree = "<group>";
		};
		0E506BF224FBBF8E00ABA211 /* Beta */ = {
			isa = PBXGroup;
			children = (
				0E506BF324FBBFA400ABA211 /* SelectOrganizationViewBeta.swift */,
				0E506BF524FBBFBE00ABA211 /* SelectOrganizationViewBeta.storyboard */,
			);
			path = Beta;
			sourceTree = "<group>";
		};
		0E506BF724FBC2D600ABA211 /* OnboardOrganization */ = {
			isa = PBXGroup;
			children = (
				0E506BF824FBC2FC00ABA211 /* OnboardOrganizationView.swift */,
				0E506BFA24FBC36600ABA211 /* Beta */,
			);
			path = OnboardOrganization;
			sourceTree = "<group>";
		};
		0E506BFA24FBC36600ABA211 /* Beta */ = {
			isa = PBXGroup;
			children = (
				0E506BFB24FBC37900ABA211 /* OnboardOrganizationViewBeta.swift */,
				0E506BFD24FBC39B00ABA211 /* OnboardOrganizationViewBeta.storyboard */,
			);
			path = Beta;
			sourceTree = "<group>";
		};
		0E506C1824FC0D7300ABA211 /* Review */ = {
			isa = PBXGroup;
			children = (
				0E506C1C24FC0D9B00ABA211 /* Factory */,
				0E506C1B24FC0D9400ABA211 /* Presenter */,
				0E506C2F24FC1A9E00ABA211 /* Router */,
				0E506C1924FC0D8A00ABA211 /* View */,
			);
			path = Review;
			sourceTree = "<group>";
		};
		0E506C1924FC0D8A00ABA211 /* View */ = {
			isa = PBXGroup;
			children = (
				0E506C1F24FC106B00ABA211 /* Review */,
			);
			path = View;
			sourceTree = "<group>";
		};
		0E506C1B24FC0D9400ABA211 /* Presenter */ = {
			isa = PBXGroup;
			children = (
				0E506C1D24FC0DE400ABA211 /* ReviewModule.swift */,
				0E506C2D24FC1A4600ABA211 /* ReviewPresenter.swift */,
			);
			path = Presenter;
			sourceTree = "<group>";
		};
		0E506C1C24FC0D9B00ABA211 /* Factory */ = {
			isa = PBXGroup;
			children = (
				0E506C3424FC1BA700ABA211 /* ReviewFactory.swift */,
				0E506C3224FC1B9C00ABA211 /* ReviewDependencies.swift */,
			);
			path = Factory;
			sourceTree = "<group>";
		};
		0E506C1F24FC106B00ABA211 /* Review */ = {
			isa = PBXGroup;
			children = (
				0E506C2024FC108800ABA211 /* ReviewView.swift */,
				0E506C2224FC10A200ABA211 /* Beta */,
			);
			path = Review;
			sourceTree = "<group>";
		};
		0E506C2224FC10A200ABA211 /* Beta */ = {
			isa = PBXGroup;
			children = (
				0E506C2324FC10AF00ABA211 /* ReviewViewBeta.swift */,
				0E506C2724FC131700ABA211 /* ReviewViewBetaOrganizationCell.swift */,
				0E506C2924FC180300ABA211 /* ReviewViewBetaSupplierCell.swift */,
				0E506C2B24FC184900ABA211 /* ReviewViewBetaMemberCell.swift */,
				0E506C2524FC10B700ABA211 /* ReviewViewBeta.storyboard */,
			);
			path = Beta;
			sourceTree = "<group>";
		};
		0E506C2F24FC1A9E00ABA211 /* Router */ = {
			isa = PBXGroup;
			children = (
				0E506C3024FC1AAB00ABA211 /* ReviewRouter.swift */,
			);
			path = Router;
			sourceTree = "<group>";
		};
		0E506C3724FC9C9A00ABA211 /* OnboardWelcome */ = {
			isa = PBXGroup;
			children = (
				0E506C3824FC9CC400ABA211 /* OnboardWelcomeView.swift */,
				0E506C3A24FC9CC800ABA211 /* Beta */,
			);
			path = OnboardWelcome;
			sourceTree = "<group>";
		};
		0E506C3A24FC9CC800ABA211 /* Beta */ = {
			isa = PBXGroup;
			children = (
				0E506C3B24FC9CDE00ABA211 /* OnboardWelcomeViewBeta.storyboard */,
				0E506C3D24FC9CE700ABA211 /* OnboardWelcomeViewBeta.swift */,
			);
			path = Beta;
			sourceTree = "<group>";
		};
		0E506C3F24FC9F5700ABA211 /* Fonts */ = {
			isa = PBXGroup;
			children = (
				0E772A8C2504D39000D677E6 /* PlayfairDisplay-Bold.ttf */,
				0E506C4224FC9FCA00ABA211 /* PlayfairDisplay-VariableFont_wght.ttf */,
				0E506C4024FC9F6500ABA211 /* Montserrat-Regular.ttf */,
				FA56639B253F4F0200D19D4E /* Roboto-Regular.ttf */,
				FA0955F2254C427700FFF835 /* Roboto-Medium.ttf */,
				FABB6EFF2544902A00B93FB8 /* Montserrat-Medium.ttf */,
				FABB6F0C2546860700B93FB8 /* Montserrat-Bold.ttf */,
			);
			path = Fonts;
			sourceTree = "<group>";
		};
		0E506C4424FCA6B800ABA211 /* OnboardSignIn */ = {
			isa = PBXGroup;
			children = (
				0E506C4524FCA6E300ABA211 /* OnboardSignIn.swift */,
				0E506C4724FCA76900ABA211 /* Beta */,
			);
			path = OnboardSignIn;
			sourceTree = "<group>";
		};
		0E506C4724FCA76900ABA211 /* Beta */ = {
			isa = PBXGroup;
			children = (
				0E506C4824FCA78100ABA211 /* OnboardSignInViewBeta.swift */,
				0E506C4A24FCA78C00ABA211 /* OnboardSignInViewBeta.storyboard */,
			);
			path = Beta;
			sourceTree = "<group>";
		};
		0E56171F253729AC005DF4F3 /* Organization */ = {
			isa = PBXGroup;
			children = (
				0E561720253729BA005DF4F3 /* Factory */,
				0E561721253729BF005DF4F3 /* Presenter */,
				0E561722253729C5005DF4F3 /* Router */,
				0E561723253729C9005DF4F3 /* View */,
			);
			path = Organization;
			sourceTree = "<group>";
		};
		0E561720253729BA005DF4F3 /* Factory */ = {
			isa = PBXGroup;
			children = (
				0E561756253731CD005DF4F3 /* OrganizationFactory.swift */,
				0E5617622537327C005DF4F3 /* OrganizationDependencies.swift */,
			);
			path = Factory;
			sourceTree = "<group>";
		};
		0E561721253729BF005DF4F3 /* Presenter */ = {
			isa = PBXGroup;
			children = (
				0E561759253731ED005DF4F3 /* OrganizationModule.swift */,
				0E56175C2537321C005DF4F3 /* OrganizationPresenter.swift */,
			);
			path = Presenter;
			sourceTree = "<group>";
		};
		0E561722253729C5005DF4F3 /* Router */ = {
			isa = PBXGroup;
			children = (
				0E56175F2537324E005DF4F3 /* OrganizationRouter.swift */,
			);
			path = Router;
			sourceTree = "<group>";
		};
		0E561723253729C9005DF4F3 /* View */ = {
			isa = PBXGroup;
			children = (
				0E561724253729F1005DF4F3 /* OrganizationTabBar */,
			);
			path = View;
			sourceTree = "<group>";
		};
		0E561724253729F1005DF4F3 /* OrganizationTabBar */ = {
			isa = PBXGroup;
			children = (
				0E56176625373305005DF4F3 /* OrganizationTabBarView.swift */,
				0E56172525372A13005DF4F3 /* Beta */,
			);
			path = OrganizationTabBar;
			sourceTree = "<group>";
		};
		0E56172525372A13005DF4F3 /* Beta */ = {
			isa = PBXGroup;
			children = (
				0E56176A25373349005DF4F3 /* OrganizationTabBarViewBeta.swift */,
				0E56172625372A25005DF4F3 /* OrganizationTabBarViewBeta.storyboard */,
			);
			path = Beta;
			sourceTree = "<group>";
		};
		0E56172925372AD0005DF4F3 /* Actions */ = {
			isa = PBXGroup;
			children = (
				0E6FBA562545A9F100A2B882 /* Factory */,
				0E6FBA542545A9E400A2B882 /* Presenter */,
				0E6FBA552545A9EA00A2B882 /* Router */,
				0E56172A25372AD6005DF4F3 /* View */,
			);
			path = Actions;
			sourceTree = "<group>";
		};
		0E56172A25372AD6005DF4F3 /* View */ = {
			isa = PBXGroup;
			children = (
				0E56173225372B42005DF4F3 /* PastActions */,
				0E56173125372B2D005DF4F3 /* CurrentActions */,
				0E56172B25372AD9005DF4F3 /* ActionsContainer */,
			);
			path = View;
			sourceTree = "<group>";
		};
		0E56172B25372AD9005DF4F3 /* ActionsContainer */ = {
			isa = PBXGroup;
			children = (
				0E56174425372BFD005DF4F3 /* ActionsContainerView.swift */,
				0E56172C25372AE7005DF4F3 /* Beta */,
			);
			path = ActionsContainer;
			sourceTree = "<group>";
		};
		0E56172C25372AE7005DF4F3 /* Beta */ = {
			isa = PBXGroup;
			children = (
				0E56173F25372BF3005DF4F3 /* ActionsContainerViewBeta.swift */,
				0E56172D25372AF1005DF4F3 /* ActionsContainerViewBeta.storyboard */,
			);
			path = Beta;
			sourceTree = "<group>";
		};
		0E56173125372B2D005DF4F3 /* CurrentActions */ = {
			isa = PBXGroup;
			children = (
				0E56173325372B47005DF4F3 /* View */,
			);
			path = CurrentActions;
			sourceTree = "<group>";
		};
		0E56173225372B42005DF4F3 /* PastActions */ = {
			isa = PBXGroup;
			children = (
				0E56174925372D78005DF4F3 /* View */,
			);
			path = PastActions;
			sourceTree = "<group>";
		};
		0E56173325372B47005DF4F3 /* View */ = {
			isa = PBXGroup;
			children = (
				0E56173825372B88005DF4F3 /* CurrentActionsView.swift */,
				0E56173425372B4F005DF4F3 /* Beta */,
			);
			path = View;
			sourceTree = "<group>";
		};
		0E56173425372B4F005DF4F3 /* Beta */ = {
			isa = PBXGroup;
			children = (
				0E56173B25372BC5005DF4F3 /* CurrentActionsViewBeta.swift */,
				FABB6F0125455EA700B93FB8 /* CurrentActionsTableViewCell.swift */,
				0E56173525372B60005DF4F3 /* CurrentActionsViewBeta.storyboard */,
			);
			path = Beta;
			sourceTree = "<group>";
		};
		0E56174925372D78005DF4F3 /* View */ = {
			isa = PBXGroup;
			children = (
				0E56175225372DC1005DF4F3 /* PastActionsView.swift */,
				0E56174A25372D7E005DF4F3 /* Beta */,
			);
			path = View;
			sourceTree = "<group>";
		};
		0E56174A25372D7E005DF4F3 /* Beta */ = {
			isa = PBXGroup;
			children = (
				0E56174B25372D95005DF4F3 /* PastActionsViewBeta.swift */,
				0E56174F25372D9D005DF4F3 /* PastActionsViewBeta.storyboard */,
			);
			path = Beta;
			sourceTree = "<group>";
		};
		0E6B9721254D655400055570 /* Secrets */ = {
			isa = PBXGroup;
			children = (
				0E6B9722254D656500055570 /* Secrets.swift */,
			);
			path = Secrets;
			sourceTree = "<group>";
		};
		0E6FBA542545A9E400A2B882 /* Presenter */ = {
			isa = PBXGroup;
			children = (
				0E6FBA5B2545ABEF00A2B882 /* ActionsModule.swift */,
				0E6FBA5E2545AC3900A2B882 /* ActionsPresenter.swift */,
			);
			path = Presenter;
			sourceTree = "<group>";
		};
		0E6FBA552545A9EA00A2B882 /* Router */ = {
			isa = PBXGroup;
			children = (
				0E6FBA572545ABAF00A2B882 /* ActionsRouter.swift */,
			);
			path = Router;
			sourceTree = "<group>";
		};
		0E6FBA562545A9F100A2B882 /* Factory */ = {
			isa = PBXGroup;
			children = (
				0E6FBA642545AC9B00A2B882 /* ActionsFactory.swift */,
				0E6FBA612545AC7C00A2B882 /* ActionsDependencies.swift */,
			);
			path = Factory;
			sourceTree = "<group>";
		};
		0E90494C24F2B9A00061A605 /* Plists */ = {
			isa = PBXGroup;
			children = (
				0EA11ED524F2B89300133485 /* Info.plist */,
			);
			path = Plists;
			sourceTree = "<group>";
		};
		0E90498424F60C740061A605 /* Presentation */ = {
			isa = PBXGroup;
			children = (
				FAD7049625500EE100DE8AD7 /* Members */,
				FAD7047D254E824900DE8AD7 /* CommercialOffer */,
				FA6E8BB6254D9617007B8B4E /* CommercialOffers */,
				FABB6F03254682B600B93FB8 /* Action */,
				0E56172925372AD0005DF4F3 /* Actions */,
				0E90498B24F613DF0061A605 /* Onboard */,
				0E56171F253729AC005DF4F3 /* Organization */,
				FA56637A253F33FE00D19D4E /* Supplier */,
				0E506C1824FC0D7300ABA211 /* Review */,
			);
			path = Presentation;
			sourceTree = "<group>";
		};
		0E90498524F60C810061A605 /* SelectRole */ = {
			isa = PBXGroup;
			children = (
				0E90498624F60C980061A605 /* SelectRoleView.swift */,
				0E90498824F60D150061A605 /* Alpha */,
				0E506BEA24FBB82400ABA211 /* Beta */,
			);
			path = SelectRole;
			sourceTree = "<group>";
		};
		0E90498824F60D150061A605 /* Alpha */ = {
			isa = PBXGroup;
			children = (
				0E90498924F60D250061A605 /* SelectRoleViewAlpha.swift */,
			);
			path = Alpha;
			sourceTree = "<group>";
		};
		0E90498B24F613DF0061A605 /* Onboard */ = {
			isa = PBXGroup;
			children = (
				0E90498F24F613FF0061A605 /* Factory */,
				0E90498D24F613F20061A605 /* Presenter */,
				0E90498E24F613FB0061A605 /* Router */,
				0E90499024F6140D0061A605 /* View */,
			);
			path = Onboard;
			sourceTree = "<group>";
		};
		0E90498D24F613F20061A605 /* Presenter */ = {
			isa = PBXGroup;
			children = (
				0E90499324F614390061A605 /* OnboardModule.swift */,
				0E90499924F624770061A605 /* OnboardError.swift */,
				0E90499124F6142A0061A605 /* OnboardPresenter.swift */,
			);
			path = Presenter;
			sourceTree = "<group>";
		};
		0E90498E24F613FB0061A605 /* Router */ = {
			isa = PBXGroup;
			children = (
				0E90499524F615E80061A605 /* OnboardRouter.swift */,
			);
			path = Router;
			sourceTree = "<group>";
		};
		0E90498F24F613FF0061A605 /* Factory */ = {
			isa = PBXGroup;
			children = (
				0E90499724F6160F0061A605 /* OnboardFactory.swift */,
				0E90499B24F62A6D0061A605 /* OnboardDependencies.swift */,
			);
			path = Factory;
			sourceTree = "<group>";
		};
		0E90499024F6140D0061A605 /* View */ = {
			isa = PBXGroup;
			children = (
				0E506C4424FCA6B800ABA211 /* OnboardSignIn */,
				0E39664124FCAB750008266D /* OnboardSignUp */,
				0E506C3724FC9C9A00ABA211 /* OnboardWelcome */,
				0E506BE224FBB14800ABA211 /* OnboardMember */,
				0E506BF724FBC2D600ABA211 /* OnboardOrganization */,
				0E90499D24F62C570061A605 /* OnboardSupplier */,
				0E506BEF24FBBF3000ABA211 /* SelectOrganization */,
				0E90498524F60C810061A605 /* SelectRole */,
			);
			path = View;
			sourceTree = "<group>";
		};
		0E90499D24F62C570061A605 /* OnboardSupplier */ = {
			isa = PBXGroup;
			children = (
				0E90499E24F62C6C0061A605 /* OnboardSupplierView.swift */,
				0E9049A024F62C780061A605 /* Alpha */,
				0E4BD1E0250CF1C300F8D4C8 /* Beta */,
			);
			path = OnboardSupplier;
			sourceTree = "<group>";
		};
		0E9049A024F62C780061A605 /* Alpha */ = {
			isa = PBXGroup;
			children = (
				0E9049A124F62C870061A605 /* OnboardSupplierViewAlpha.swift */,
			);
			path = Alpha;
			sourceTree = "<group>";
		};
		0EA11EBB24F2B88F00133485 = {
			isa = PBXGroup;
			children = (
				0EA11EC624F2B88F00133485 /* ProfitClub */,
				0EA11EC524F2B88F00133485 /* Products */,
				53E63F8AC83843B05BB15160 /* Pods */,
				1681CB0B8C371CE7B88A96D3 /* Frameworks */,
			);
			sourceTree = "<group>";
		};
		0EA11EC524F2B88F00133485 /* Products */ = {
			isa = PBXGroup;
			children = (
				0EA11EC424F2B88F00133485 /* Profit Club.app */,
			);
			name = Products;
			sourceTree = "<group>";
		};
		0EA11EC624F2B88F00133485 /* ProfitClub */ = {
			isa = PBXGroup;
			children = (
				0E772A8E2505174D00D677E6 /* ProfitClub.entitlements */,
				0EA11EDB24F2B94400133485 /* Application */,
				0E90498424F60C740061A605 /* Presentation */,
				0EA11EDC24F2B94900133485 /* Resources */,
				0E6B9721254D655400055570 /* Secrets */,
			);
			path = ProfitClub;
			sourceTree = "<group>";
		};
		0EA11EDB24F2B94400133485 /* Application */ = {
			isa = PBXGroup;
			children = (
				0EA11EC724F2B88F00133485 /* AppDelegate.swift */,
				0E90496D24F390070061A605 /* AppPresenter.swift */,
				0E90497024F390270061A605 /* AppFactory.swift */,
			);
			path = Application;
			sourceTree = "<group>";
		};
		0EA11EDC24F2B94900133485 /* Resources */ = {
			isa = PBXGroup;
			children = (
				0E506C3F24FC9F5700ABA211 /* Fonts */,
				0EA11EDD24F2B96C00133485 /* Images */,
				0E90494C24F2B9A00061A605 /* Plists */,
				0EA11EDE24F2B97300133485 /* Storyboards */,
			);
			path = Resources;
			sourceTree = "<group>";
		};
		0EA11EDD24F2B96C00133485 /* Images */ = {
			isa = PBXGroup;
			children = (
				0EA11ED024F2B89300133485 /* Assets.xcassets */,
			);
			path = Images;
			sourceTree = "<group>";
		};
		0EA11EDE24F2B97300133485 /* Storyboards */ = {
			isa = PBXGroup;
			children = (
				0EA11ED224F2B89300133485 /* LaunchScreen.storyboard */,
			);
			path = Storyboards;
			sourceTree = "<group>";
		};
		1681CB0B8C371CE7B88A96D3 /* Frameworks */ = {
			isa = PBXGroup;
			children = (
				D881FD37132A41374982A032 /* Pods_ProfitClub.framework */,
			);
			name = Frameworks;
			sourceTree = "<group>";
		};
		53E63F8AC83843B05BB15160 /* Pods */ = {
			isa = PBXGroup;
			children = (
				64F87290C9FD04EC19DEE33B /* Pods-ProfitClub.debug.xcconfig */,
				17770C4311DB6F99F7CDDD46 /* Pods-ProfitClub.release.xcconfig */,
			);
			path = Pods;
			sourceTree = "<group>";
		};
		FA0955EA254C35B600FFF835 /* SupplierCommercialOffer */ = {
			isa = PBXGroup;
			children = (
				FA0955EB254C364F00FFF835 /* SupplierCommercialOffer.swift */,
				FA0955ED254C368000FFF835 /* Beta */,
			);
			path = SupplierCommercialOffer;
			sourceTree = "<group>";
		};
		FA0955ED254C368000FFF835 /* Beta */ = {
			isa = PBXGroup;
			children = (
				FA0955EE254C369300FFF835 /* SupplierCommercialOfferBeta.swift */,
				FAD70494254F392D00DE8AD7 /* FileCollectionViewCell.swift */,
				FA0955F0254C369D00FFF835 /* SupplierCommercialOfferBeta.storyboard */,
			);
			path = Beta;
			sourceTree = "<group>";
		};
		FA15B70125473C4000D29835 /* Router */ = {
			isa = PBXGroup;
			children = (
				FA15B70C25473D7A00D29835 /* ActionRouter.swift */,
			);
			path = Router;
			sourceTree = "<group>";
		};
		FA15B70225473C4900D29835 /* Presenter */ = {
			isa = PBXGroup;
			children = (
				FA15B70825473D5A00D29835 /* ActionModule.swift */,
				FA15B70A25473D6A00D29835 /* ActionPresenter.swift */,
			);
			path = Presenter;
			sourceTree = "<group>";
		};
		FA15B70325473C5200D29835 /* Factory */ = {
			isa = PBXGroup;
			children = (
				FA15B70425473D1D00D29835 /* ActionFactory.swift */,
				FA15B70625473D3A00D29835 /* ActionDependencies.swift */,
			);
			path = Factory;
			sourceTree = "<group>";
		};
		FA15B70E25475D7F00D29835 /* ApproveCurrentAction */ = {
			isa = PBXGroup;
			children = (
				FABB6F05254682FD00B93FB8 /* ApproveCurrentActionView.swift */,
				FABB6F072546830500B93FB8 /* Beta */,
			);
			path = ApproveCurrentAction;
			sourceTree = "<group>";
		};
		FA393C1A254064A400C29F7D /* SupplierActions */ = {
			isa = PBXGroup;
			children = (
				FA393C1B254064E700C29F7D /* SupplierActions.swift */,
				FA393C1D254064ED00C29F7D /* Beta */,
			);
			path = SupplierActions;
			sourceTree = "<group>";
		};
		FA393C1D254064ED00C29F7D /* Beta */ = {
			isa = PBXGroup;
			children = (
				FA393C1E2540650900C29F7D /* SupplierActionsBeta.swift */,
				FA393C202540651C00C29F7D /* SupplierActionsBeta.storyboard */,
			);
			path = Beta;
			sourceTree = "<group>";
		};
		FA56637A253F33FE00D19D4E /* Supplier */ = {
			isa = PBXGroup;
			children = (
				FA56637B253F341300D19D4E /* Factory */,
				FA56637C253F342100D19D4E /* Presenter */,
				FA56637D253F342B00D19D4E /* Router */,
				FA56637E253F343000D19D4E /* View */,
			);
			path = Supplier;
			sourceTree = "<group>";
		};
		FA56637B253F341300D19D4E /* Factory */ = {
			isa = PBXGroup;
			children = (
				FA56637F253F397600D19D4E /* SupplierFactory.swift */,
				FA566381253F39A400D19D4E /* SupplierDependencies.swift */,
			);
			path = Factory;
			sourceTree = "<group>";
		};
		FA56637C253F342100D19D4E /* Presenter */ = {
			isa = PBXGroup;
			children = (
				FA566383253F39C200D19D4E /* SupplierModule.swift */,
				FA69BCE5254193DB001FEC2D /* SupplierError.swift */,
				FA566385253F39D400D19D4E /* SupplierPresenter.swift */,
			);
			path = Presenter;
			sourceTree = "<group>";
		};
		FA56637D253F342B00D19D4E /* Router */ = {
			isa = PBXGroup;
			children = (
				FA566387253F39E500D19D4E /* SupplierRouter.swift */,
			);
			path = Router;
			sourceTree = "<group>";
		};
		FA56637E253F343000D19D4E /* View */ = {
			isa = PBXGroup;
			children = (
				FA566389253F3A8800D19D4E /* SupplierView */,
				FA393C1A254064A400C29F7D /* SupplierActions */,
				FA0955EA254C35B600FFF835 /* SupplierCommercialOffer */,
			);
			path = View;
			sourceTree = "<group>";
		};
		FA566389253F3A8800D19D4E /* SupplierView */ = {
			isa = PBXGroup;
			children = (
				FA56638A253F3AF500D19D4E /* SupplierView.swift */,
				FA56638C253F3B0E00D19D4E /* Beta */,
			);
			path = SupplierView;
			sourceTree = "<group>";
		};
		FA56638C253F3B0E00D19D4E /* Beta */ = {
			isa = PBXGroup;
			children = (
				FA56638E253F3B2C00D19D4E /* SupplierViewBeta.swift */,
				FA566390253F3B4800D19D4E /* SupplierViewBeta.storyboard */,
			);
			path = Beta;
			sourceTree = "<group>";
		};
		FA6E8BB6254D9617007B8B4E /* CommercialOffers */ = {
			isa = PBXGroup;
			children = (
				FA6E8BBA254D965E007B8B4E /* Factory */,
				FA6E8BB9254D9655007B8B4E /* Presenter */,
				FA6E8BB8254D964D007B8B4E /* Router */,
				FA6E8BB7254D9646007B8B4E /* View */,
			);
			path = CommercialOffers;
			sourceTree = "<group>";
		};
		FA6E8BB7254D9646007B8B4E /* View */ = {
			isa = PBXGroup;
			children = (
				FA6E8BBD254D96FE007B8B4E /* CommercialOffersView.swift */,
				FA6E8BBF254D9716007B8B4E /* Beta */,
			);
			path = View;
			sourceTree = "<group>";
		};
		FA6E8BB8254D964D007B8B4E /* Router */ = {
			isa = PBXGroup;
			children = (
				FA6E8BC4254D9877007B8B4E /* CommercialOffersRouter.swift */,
			);
			path = Router;
			sourceTree = "<group>";
		};
		FA6E8BB9254D9655007B8B4E /* Presenter */ = {
			isa = PBXGroup;
			children = (
				FA6E8BC6254D997E007B8B4E /* CommercialOffersModule.swift */,
				FA6E8BC8254D99D1007B8B4E /* CommercialOffersPresenter.swift */,
			);
			path = Presenter;
			sourceTree = "<group>";
		};
		FA6E8BBA254D965E007B8B4E /* Factory */ = {
			isa = PBXGroup;
			children = (
				FA6E8BBB254D96A2007B8B4E /* CommercialOffersFactory.swift */,
				FA6E8BCA254D9B3B007B8B4E /* CommercialOffersDependencies.swift */,
			);
			path = Factory;
			sourceTree = "<group>";
		};
		FA6E8BBF254D9716007B8B4E /* Beta */ = {
			isa = PBXGroup;
			children = (
				FA6E8BC0254D9726007B8B4E /* CommercialOffersViewBeta.swift */,
				FA6E8BCC254DABDB007B8B4E /* CommercialOffersViewCell.swift */,
				FA6E8BC2254D9732007B8B4E /* CommercialOffersViewBeta.storyboard */,
			);
			path = Beta;
			sourceTree = "<group>";
		};
		FABB6F03254682B600B93FB8 /* Action */ = {
			isa = PBXGroup;
			children = (
				FA15B70325473C5200D29835 /* Factory */,
				FA15B70225473C4900D29835 /* Presenter */,
				FA15B70125473C4000D29835 /* Router */,
				FABB6F04254682DC00B93FB8 /* View */,
			);
			path = Action;
			sourceTree = "<group>";
		};
		FABB6F04254682DC00B93FB8 /* View */ = {
			isa = PBXGroup;
			children = (
				FA15B70E25475D7F00D29835 /* ApproveCurrentAction */,
			);
			path = View;
			sourceTree = "<group>";
		};
		FABB6F072546830500B93FB8 /* Beta */ = {
			isa = PBXGroup;
			children = (
				FABB6F082546831800B93FB8 /* ApproveCurrentActionViewBeta.swift */,
				FABB6F0A2546834800B93FB8 /* ApproveCurrentActionViewBeta.storyboard */,
			);
			path = Beta;
			sourceTree = "<group>";
		};
		FAD7047D254E824900DE8AD7 /* CommercialOffer */ = {
			isa = PBXGroup;
			children = (
				FAD70481254E884E00DE8AD7 /* Factory */,
				FAD70480254E884800DE8AD7 /* Presenter */,
				FAD7047F254E884200DE8AD7 /* Router */,
				FAD7047E254E883D00DE8AD7 /* View */,
			);
			path = CommercialOffer;
			sourceTree = "<group>";
		};
		FAD7047E254E883D00DE8AD7 /* View */ = {
			isa = PBXGroup;
			children = (
				FAD70482254E890000DE8AD7 /* ApproveCommercialOffer */,
			);
			path = View;
			sourceTree = "<group>";
		};
		FAD7047F254E884200DE8AD7 /* Router */ = {
			isa = PBXGroup;
			children = (
				FAD70492254E89DA00DE8AD7 /* CommercialOfferRouter.swift */,
			);
			path = Router;
			sourceTree = "<group>";
		};
		FAD70480254E884800DE8AD7 /* Presenter */ = {
			isa = PBXGroup;
			children = (
				FAD7048E254E89C400DE8AD7 /* CommercialOfferModule.swift */,
				FAD70490254E89D000DE8AD7 /* CommercialOfferPresenter.swift */,
			);
			path = Presenter;
			sourceTree = "<group>";
		};
		FAD70481254E884E00DE8AD7 /* Factory */ = {
			isa = PBXGroup;
			children = (
				FAD7048A254E89AC00DE8AD7 /* CommercialOfferFactory.swift */,
				FAD7048C254E89BB00DE8AD7 /* CommercialOfferDependencies.swift */,
			);
			path = Factory;
			sourceTree = "<group>";
		};
		FAD70482254E890000DE8AD7 /* ApproveCommercialOffer */ = {
			isa = PBXGroup;
			children = (
				FAD70483254E892F00DE8AD7 /* ApproveCommercialOfferView.swift */,
				FAD70485254E893300DE8AD7 /* Beta */,
			);
			path = ApproveCommercialOffer;
			sourceTree = "<group>";
		};
		FAD70485254E893300DE8AD7 /* Beta */ = {
			isa = PBXGroup;
			children = (
				FAD70486254E894C00DE8AD7 /* ApproveCommercialOfferViewBeta.swift */,
				FAD70488254E895800DE8AD7 /* ApproveCommercialOfferViewBeta.storyboard */,
			);
			path = Beta;
			sourceTree = "<group>";
		};
		FAD7049625500EE100DE8AD7 /* Members */ = {
			isa = PBXGroup;
			children = (
				FAD7049A25500F5200DE8AD7 /* Factory */,
				FAD7049925500F4800DE8AD7 /* Presenter */,
				FAD7049825500F4300DE8AD7 /* Router */,
				FAD7049725500F3E00DE8AD7 /* View */,
			);
			path = Members;
			sourceTree = "<group>";
		};
		FAD7049725500F3E00DE8AD7 /* View */ = {
			isa = PBXGroup;
			children = (
				FAD704A72550111600DE8AD7 /* MembersOfOrganization */,
				FAD704A62550110A00DE8AD7 /* Applications */,
				FAD704A52550105D00DE8AD7 /* MembersContainer */,
			);
			path = View;
			sourceTree = "<group>";
		};
		FAD7049825500F4300DE8AD7 /* Router */ = {
			isa = PBXGroup;
			children = (
				FAD704A32550104E00DE8AD7 /* MembersRouter.swift */,
			);
			path = Router;
			sourceTree = "<group>";
		};
		FAD7049925500F4800DE8AD7 /* Presenter */ = {
			isa = PBXGroup;
			children = (
				FAD7049F2550103600DE8AD7 /* MembersModule.swift */,
				FAD704A12550104000DE8AD7 /* MembersPresenter.swift */,
			);
			path = Presenter;
			sourceTree = "<group>";
		};
		FAD7049A25500F5200DE8AD7 /* Factory */ = {
			isa = PBXGroup;
			children = (
				FAD7049D25500F8000DE8AD7 /* MembersFactory.swift */,
				FAD7049B25500F7600DE8AD7 /* MembersDependencies.swift */,
			);
			path = Factory;
			sourceTree = "<group>";
		};
		FAD704A52550105D00DE8AD7 /* MembersContainer */ = {
			isa = PBXGroup;
			children = (
				FAD704A82550113100DE8AD7 /* MembersContainerView.swift */,
				FAD704AA2550113500DE8AD7 /* Beta */,
			);
			path = MembersContainer;
			sourceTree = "<group>";
		};
		FAD704A62550110A00DE8AD7 /* Applications */ = {
			isa = PBXGroup;
			children = (
				FAD704B62550155100DE8AD7 /* ApplicationsView.swift */,
				FAD704B82550155500DE8AD7 /* Beta */,
			);
			path = Applications;
			sourceTree = "<group>";
		};
		FAD704A72550111600DE8AD7 /* MembersOfOrganization */ = {
			isa = PBXGroup;
			children = (
				FAD704AF255013E200DE8AD7 /* MembersOfOrganizationView.swift */,
				FAD704B1255013E700DE8AD7 /* Beta */,
			);
			path = MembersOfOrganization;
			sourceTree = "<group>";
		};
		FAD704AA2550113500DE8AD7 /* Beta */ = {
			isa = PBXGroup;
			children = (
				FAD704AB2550114A00DE8AD7 /* MembersContainerViewBeta.swift */,
				FAD704AD2550115700DE8AD7 /* MembersContainerViewBeta.storyboard */,
			);
			path = Beta;
			sourceTree = "<group>";
		};
		FAD704B1255013E700DE8AD7 /* Beta */ = {
			isa = PBXGroup;
			children = (
				FAD704B2255013FD00DE8AD7 /* MembersOfOrganizationViewBeta.swift */,
				FA1C2BEE2550547D008F3994 /* MemberViewCell.swift */,
				FAD704B42550140C00DE8AD7 /* MembersOfOrganizationViewBeta.storyboard */,
			);
			path = Beta;
			sourceTree = "<group>";
		};
		FAD704B82550155500DE8AD7 /* Beta */ = {
			isa = PBXGroup;
			children = (
				FAD704B92550156400DE8AD7 /* ApplicationsViewBeta.swift */,
				FAD704BB2550156F00DE8AD7 /* ApplicationsViewBeta.storyboard */,
			);
			path = Beta;
			sourceTree = "<group>";
		};
/* End PBXGroup section */

/* Begin PBXNativeTarget section */
		0EA11EC324F2B88F00133485 /* ProfitClub */ = {
			isa = PBXNativeTarget;
			buildConfigurationList = 0EA11ED824F2B89300133485 /* Build configuration list for PBXNativeTarget "ProfitClub" */;
			buildPhases = (
				71E1AB59A3E31BCDAD2F8BD8 /* [CP] Check Pods Manifest.lock */,
				0EA11EC024F2B88F00133485 /* Sources */,
				0EA11EC124F2B88F00133485 /* Frameworks */,
				0EA11EC224F2B88F00133485 /* Resources */,
				BA2F6CCF47B700FA3835C26D /* [CP] Embed Pods Frameworks */,
			);
			buildRules = (
			);
			dependencies = (
			);
			name = ProfitClub;
			productName = ProfitClub;
			productReference = 0EA11EC424F2B88F00133485 /* Profit Club.app */;
			productType = "com.apple.product-type.application";
		};
/* End PBXNativeTarget section */

/* Begin PBXProject section */
		0EA11EBC24F2B88F00133485 /* Project object */ = {
			isa = PBXProject;
			attributes = {
				LastSwiftUpdateCheck = 1160;
				LastUpgradeCheck = 1160;
				ORGANIZATIONNAME = Vernality;
				TargetAttributes = {
					0EA11EC324F2B88F00133485 = {
						CreatedOnToolsVersion = 11.6;
					};
				};
			};
			buildConfigurationList = 0EA11EBF24F2B88F00133485 /* Build configuration list for PBXProject "ProfitClub" */;
			compatibilityVersion = "Xcode 9.3";
			developmentRegion = en;
			hasScannedForEncodings = 0;
			knownRegions = (
				en,
				Base,
			);
			mainGroup = 0EA11EBB24F2B88F00133485;
			productRefGroup = 0EA11EC524F2B88F00133485 /* Products */;
			projectDirPath = "";
			projectRoot = "";
			targets = (
				0EA11EC324F2B88F00133485 /* ProfitClub */,
			);
		};
/* End PBXProject section */

/* Begin PBXResourcesBuildPhase section */
		0EA11EC224F2B88F00133485 /* Resources */ = {
			isa = PBXResourcesBuildPhase;
			buildActionMask = 2147483647;
			files = (
				FA6E8BC3254D9732007B8B4E /* CommercialOffersViewBeta.storyboard in Resources */,
				FA0955F3254C427700FFF835 /* Roboto-Medium.ttf in Resources */,
				FA393C212540651C00C29F7D /* SupplierActionsBeta.storyboard in Resources */,
				0E506C4124FC9F6600ABA211 /* Montserrat-Regular.ttf in Resources */,
				0E56173625372B60005DF4F3 /* CurrentActionsViewBeta.storyboard in Resources */,
				FA56639C253F4F1400D19D4E /* Roboto-Regular.ttf in Resources */,
				FA0955F1254C369D00FFF835 /* SupplierCommercialOfferBeta.storyboard in Resources */,
				0E506C3C24FC9CDE00ABA211 /* OnboardWelcomeViewBeta.storyboard in Resources */,
				0E506C4324FC9FCB00ABA211 /* PlayfairDisplay-VariableFont_wght.ttf in Resources */,
				FA566391253F3B4800D19D4E /* SupplierViewBeta.storyboard in Resources */,
				FABB6F0B2546834800B93FB8 /* ApproveCurrentActionViewBeta.storyboard in Resources */,
				0E506C2624FC10B700ABA211 /* ReviewViewBeta.storyboard in Resources */,
				0EA11ED424F2B89300133485 /* LaunchScreen.storyboard in Resources */,
				0E506BEE24FBB92800ABA211 /* SelectRoleViewBeta.storyboard in Resources */,
				0E39664824FCAC020008266D /* OnboardSignUpViewBeta.storyboard in Resources */,
				0E506BFE24FBC39B00ABA211 /* OnboardOrganizationViewBeta.storyboard in Resources */,
				0E506C4B24FCA78C00ABA211 /* OnboardSignInViewBeta.storyboard in Resources */,
				0E506BE724FBB19400ABA211 /* OnboardMemberViewBeta.storyboard in Resources */,
				0E56172E25372AF1005DF4F3 /* ActionsContainerViewBeta.storyboard in Resources */,
				FAD704BC2550156F00DE8AD7 /* ApplicationsViewBeta.storyboard in Resources */,
				0E56172725372A25005DF4F3 /* OrganizationTabBarViewBeta.storyboard in Resources */,
				0E56175025372D9D005DF4F3 /* PastActionsViewBeta.storyboard in Resources */,
				0E772A8D2504D39000D677E6 /* PlayfairDisplay-Bold.ttf in Resources */,
				FAD704B52550140C00DE8AD7 /* MembersOfOrganizationViewBeta.storyboard in Resources */,
				0E4BD1E4250CF8FE00F8D4C8 /* OnboardSupplierViewBeta.storyboard in Resources */,
				FABB6F0D2546860700B93FB8 /* Montserrat-Bold.ttf in Resources */,
				0EA11ED124F2B89300133485 /* Assets.xcassets in Resources */,
				FAD704AE2550115700DE8AD7 /* MembersContainerViewBeta.storyboard in Resources */,
				FABB6F002544902A00B93FB8 /* Montserrat-Medium.ttf in Resources */,
				FAD70489254E895800DE8AD7 /* ApproveCommercialOfferViewBeta.storyboard in Resources */,
				0E506BF624FBBFBE00ABA211 /* SelectOrganizationViewBeta.storyboard in Resources */,
			);
			runOnlyForDeploymentPostprocessing = 0;
		};
/* End PBXResourcesBuildPhase section */

/* Begin PBXShellScriptBuildPhase section */
		71E1AB59A3E31BCDAD2F8BD8 /* [CP] Check Pods Manifest.lock */ = {
			isa = PBXShellScriptBuildPhase;
			buildActionMask = 2147483647;
			files = (
			);
			inputFileListPaths = (
			);
			inputPaths = (
				"${PODS_PODFILE_DIR_PATH}/Podfile.lock",
				"${PODS_ROOT}/Manifest.lock",
			);
			name = "[CP] Check Pods Manifest.lock";
			outputFileListPaths = (
			);
			outputPaths = (
				"$(DERIVED_FILE_DIR)/Pods-ProfitClub-checkManifestLockResult.txt",
			);
			runOnlyForDeploymentPostprocessing = 0;
			shellPath = /bin/sh;
			shellScript = "diff \"${PODS_PODFILE_DIR_PATH}/Podfile.lock\" \"${PODS_ROOT}/Manifest.lock\" > /dev/null\nif [ $? != 0 ] ; then\n    # print error to STDERR\n    echo \"error: The sandbox is not in sync with the Podfile.lock. Run 'pod install' or update your CocoaPods installation.\" >&2\n    exit 1\nfi\n# This output is used by Xcode 'outputs' to avoid re-running this script phase.\necho \"SUCCESS\" > \"${SCRIPT_OUTPUT_FILE_0}\"\n";
			showEnvVarsInLog = 0;
		};
		BA2F6CCF47B700FA3835C26D /* [CP] Embed Pods Frameworks */ = {
			isa = PBXShellScriptBuildPhase;
			buildActionMask = 2147483647;
			files = (
			);
			inputFileListPaths = (
			);
			name = "[CP] Embed Pods Frameworks";
			outputFileListPaths = (
			);
			runOnlyForDeploymentPostprocessing = 0;
			shellPath = /bin/sh;
			shellScript = "\"${PODS_ROOT}/Target Support Files/Pods-ProfitClub/Pods-ProfitClub-frameworks.sh\"\n";
			showEnvVarsInLog = 0;
		};
/* End PBXShellScriptBuildPhase section */

/* Begin PBXSourcesBuildPhase section */
		0EA11EC024F2B88F00133485 /* Sources */ = {
			isa = PBXSourcesBuildPhase;
			buildActionMask = 2147483647;
			files = (
				FA566380253F397600D19D4E /* SupplierFactory.swift in Sources */,
				FA6E8BCD254DABDB007B8B4E /* CommercialOffersViewCell.swift in Sources */,
				FA15B70B25473D6A00D29835 /* ActionPresenter.swift in Sources */,
				FA393C1C254064E700C29F7D /* SupplierActions.swift in Sources */,
				FA566382253F39A400D19D4E /* SupplierDependencies.swift in Sources */,
				FABB6F0225455EA700B93FB8 /* CurrentActionsTableViewCell.swift in Sources */,
				0E6FBA652545AC9B00A2B882 /* ActionsFactory.swift in Sources */,
				FAD70491254E89D000DE8AD7 /* CommercialOfferPresenter.swift in Sources */,
				FA15B70D25473D7A00D29835 /* ActionRouter.swift in Sources */,
				0E56175D2537321C005DF4F3 /* OrganizationPresenter.swift in Sources */,
				FA1C2BEF2550547D008F3994 /* MemberViewCell.swift in Sources */,
				FAD704A42550104E00DE8AD7 /* MembersRouter.swift in Sources */,
				FAD70493254E89DA00DE8AD7 /* CommercialOfferRouter.swift in Sources */,
				FA6E8BBC254D96A2007B8B4E /* CommercialOffersFactory.swift in Sources */,
				FAD704AC2550114A00DE8AD7 /* MembersContainerViewBeta.swift in Sources */,
				0E506C3124FC1AAB00ABA211 /* ReviewRouter.swift in Sources */,
				FA0955EC254C364F00FFF835 /* SupplierCommercialOffer.swift in Sources */,
				0E56176B25373349005DF4F3 /* OrganizationTabBarViewBeta.swift in Sources */,
				0E9049A224F62C870061A605 /* OnboardSupplierViewAlpha.swift in Sources */,
				0E90499424F614390061A605 /* OnboardModule.swift in Sources */,
				0E56174C25372D95005DF4F3 /* PastActionsViewBeta.swift in Sources */,
				FAD70495254F392D00DE8AD7 /* FileCollectionViewCell.swift in Sources */,
				FA6E8BCB254D9B3B007B8B4E /* CommercialOffersDependencies.swift in Sources */,
				FAD7049C25500F7600DE8AD7 /* MembersDependencies.swift in Sources */,
				FA15B70725473D3A00D29835 /* ActionDependencies.swift in Sources */,
				FA6E8BC1254D9726007B8B4E /* CommercialOffersViewBeta.swift in Sources */,
				FAD704A02550103600DE8AD7 /* MembersModule.swift in Sources */,
				0E56174025372BF3005DF4F3 /* ActionsContainerViewBeta.swift in Sources */,
				0E506C3924FC9CC400ABA211 /* OnboardWelcomeView.swift in Sources */,
				0E90496E24F390070061A605 /* AppPresenter.swift in Sources */,
				FA6E8BBE254D96FE007B8B4E /* CommercialOffersView.swift in Sources */,
				FA15B70525473D1D00D29835 /* ActionFactory.swift in Sources */,
				0E4BD1E2250CF1E300F8D4C8 /* OnboardSupplierViewBeta.swift in Sources */,
				0E506C3324FC1B9C00ABA211 /* ReviewDependencies.swift in Sources */,
				FAD7049E25500F8000DE8AD7 /* MembersFactory.swift in Sources */,
				0E506C2E24FC1A4600ABA211 /* ReviewPresenter.swift in Sources */,
				FAD7048D254E89BB00DE8AD7 /* CommercialOfferDependencies.swift in Sources */,
				FABB6F06254682FD00B93FB8 /* ApproveCurrentActionView.swift in Sources */,
				0E506C2C24FC184900ABA211 /* ReviewViewBetaMemberCell.swift in Sources */,
				0E506C4624FCA6E300ABA211 /* OnboardSignIn.swift in Sources */,
				0E39664624FCABD70008266D /* OnboardSignUpViewBeta.swift in Sources */,
				0E506BE924FBB1AD00ABA211 /* OnboardMemberViewBeta.swift in Sources */,
				0E506BF124FBBF4600ABA211 /* SelectOrganizationView.swift in Sources */,
				FAD704B0255013E200DE8AD7 /* MembersOfOrganizationView.swift in Sources */,
				0E506BEC24FBB83700ABA211 /* SelectRoleViewBeta.swift in Sources */,
				0E90499A24F624770061A605 /* OnboardError.swift in Sources */,
				0E6FBA582545ABAF00A2B882 /* ActionsRouter.swift in Sources */,
				0E5617632537327C005DF4F3 /* OrganizationDependencies.swift in Sources */,
				0E90497124F390270061A605 /* AppFactory.swift in Sources */,
				FA393C1F2540650900C29F7D /* SupplierActionsBeta.swift in Sources */,
				0E506BF924FBC2FC00ABA211 /* OnboardOrganizationView.swift in Sources */,
				0E90498724F60C980061A605 /* SelectRoleView.swift in Sources */,
				0E6FBA622545AC7C00A2B882 /* ActionsDependencies.swift in Sources */,
				FAD7048B254E89AC00DE8AD7 /* CommercialOfferFactory.swift in Sources */,
				0E90498A24F60D250061A605 /* SelectRoleViewAlpha.swift in Sources */,
				0E506C2824FC131700ABA211 /* ReviewViewBetaOrganizationCell.swift in Sources */,
				FAD704B3255013FD00DE8AD7 /* MembersOfOrganizationViewBeta.swift in Sources */,
				FAD704A22550104000DE8AD7 /* MembersPresenter.swift in Sources */,
				0E506BF424FBBFA400ABA211 /* SelectOrganizationViewBeta.swift in Sources */,
				0E56175325372DC1005DF4F3 /* PastActionsView.swift in Sources */,
				0E506C3E24FC9CE700ABA211 /* OnboardWelcomeViewBeta.swift in Sources */,
				0E90499224F6142A0061A605 /* OnboardPresenter.swift in Sources */,
				FABB6F092546831800B93FB8 /* ApproveCurrentActionViewBeta.swift in Sources */,
				0E506C1E24FC0DE400ABA211 /* ReviewModule.swift in Sources */,
				0E6FBA5C2545ABEF00A2B882 /* ActionsModule.swift in Sources */,
				0E506C4924FCA78100ABA211 /* OnboardSignInViewBeta.swift in Sources */,
				0E506C2A24FC180300ABA211 /* ReviewViewBetaSupplierCell.swift in Sources */,
				FAD7048F254E89C400DE8AD7 /* CommercialOfferModule.swift in Sources */,
				FA566384253F39C200D19D4E /* SupplierModule.swift in Sources */,
				FA0955EF254C369300FFF835 /* SupplierCommercialOfferBeta.swift in Sources */,
				FA566388253F39E500D19D4E /* SupplierRouter.swift in Sources */,
				FAD704BA2550156400DE8AD7 /* ApplicationsViewBeta.swift in Sources */,
				0E90499624F615E80061A605 /* OnboardRouter.swift in Sources */,
				0E39664324FCABAD0008266D /* OnboardSignUpView.swift in Sources */,
				0E56175A253731ED005DF4F3 /* OrganizationModule.swift in Sources */,
				FAD70484254E892F00DE8AD7 /* ApproveCommercialOfferView.swift in Sources */,
				0E56176725373305005DF4F3 /* OrganizationTabBarView.swift in Sources */,
				FAD704B72550155100DE8AD7 /* ApplicationsView.swift in Sources */,
				0E561757253731CD005DF4F3 /* OrganizationFactory.swift in Sources */,
				0E506C2424FC10AF00ABA211 /* ReviewViewBeta.swift in Sources */,
				0E6B9723254D656500055570 /* Secrets.swift in Sources */,
				FA6E8BC7254D997E007B8B4E /* CommercialOffersModule.swift in Sources */,
				FA15B70925473D5A00D29835 /* ActionModule.swift in Sources */,
				FA56638B253F3AF500D19D4E /* SupplierView.swift in Sources */,
				0E90499824F6160F0061A605 /* OnboardFactory.swift in Sources */,
				0E506C2124FC108800ABA211 /* ReviewView.swift in Sources */,
				FAD70487254E894C00DE8AD7 /* ApproveCommercialOfferViewBeta.swift in Sources */,
				0EA11EC824F2B88F00133485 /* AppDelegate.swift in Sources */,
				0E506C3524FC1BA700ABA211 /* ReviewFactory.swift in Sources */,
				0E56173C25372BC5005DF4F3 /* CurrentActionsViewBeta.swift in Sources */,
				0E5617602537324E005DF4F3 /* OrganizationRouter.swift in Sources */,
				FA56638F253F3B2C00D19D4E /* SupplierViewBeta.swift in Sources */,
				0E6FBA5F2545AC3900A2B882 /* ActionsPresenter.swift in Sources */,
				0E56173925372B88005DF4F3 /* CurrentActionsView.swift in Sources */,
				0E506BE424FBB16800ABA211 /* OnboardMemberView.swift in Sources */,
				FA6E8BC5254D9877007B8B4E /* CommercialOffersRouter.swift in Sources */,
				0E56174525372BFD005DF4F3 /* ActionsContainerView.swift in Sources */,
				FA69BCE6254193DB001FEC2D /* SupplierError.swift in Sources */,
				0E90499F24F62C6C0061A605 /* OnboardSupplierView.swift in Sources */,
				0E506BFC24FBC37900ABA211 /* OnboardOrganizationViewBeta.swift in Sources */,
				FAD704A92550113100DE8AD7 /* MembersContainerView.swift in Sources */,
				FA6E8BC9254D99D1007B8B4E /* CommercialOffersPresenter.swift in Sources */,
				FA566386253F39D400D19D4E /* SupplierPresenter.swift in Sources */,
				0E90499C24F62A6D0061A605 /* OnboardDependencies.swift in Sources */,
			);
			runOnlyForDeploymentPostprocessing = 0;
		};
/* End PBXSourcesBuildPhase section */

/* Begin PBXVariantGroup section */
		0EA11ED224F2B89300133485 /* LaunchScreen.storyboard */ = {
			isa = PBXVariantGroup;
			children = (
				0EA11ED324F2B89300133485 /* Base */,
			);
			name = LaunchScreen.storyboard;
			sourceTree = "<group>";
		};
/* End PBXVariantGroup section */

/* Begin XCBuildConfiguration section */
		0EA11ED624F2B89300133485 /* Debug */ = {
			isa = XCBuildConfiguration;
			buildSettings = {
				ALWAYS_SEARCH_USER_PATHS = NO;
				CLANG_ANALYZER_NONNULL = YES;
				CLANG_ANALYZER_NUMBER_OBJECT_CONVERSION = YES_AGGRESSIVE;
				CLANG_CXX_LANGUAGE_STANDARD = "gnu++14";
				CLANG_CXX_LIBRARY = "libc++";
				CLANG_ENABLE_MODULES = YES;
				CLANG_ENABLE_OBJC_ARC = YES;
				CLANG_ENABLE_OBJC_WEAK = YES;
				CLANG_WARN_BLOCK_CAPTURE_AUTORELEASING = YES;
				CLANG_WARN_BOOL_CONVERSION = YES;
				CLANG_WARN_COMMA = YES;
				CLANG_WARN_CONSTANT_CONVERSION = YES;
				CLANG_WARN_DEPRECATED_OBJC_IMPLEMENTATIONS = YES;
				CLANG_WARN_DIRECT_OBJC_ISA_USAGE = YES_ERROR;
				CLANG_WARN_DOCUMENTATION_COMMENTS = YES;
				CLANG_WARN_EMPTY_BODY = YES;
				CLANG_WARN_ENUM_CONVERSION = YES;
				CLANG_WARN_INFINITE_RECURSION = YES;
				CLANG_WARN_INT_CONVERSION = YES;
				CLANG_WARN_NON_LITERAL_NULL_CONVERSION = YES;
				CLANG_WARN_OBJC_IMPLICIT_RETAIN_SELF = YES;
				CLANG_WARN_OBJC_LITERAL_CONVERSION = YES;
				CLANG_WARN_OBJC_ROOT_CLASS = YES_ERROR;
				CLANG_WARN_RANGE_LOOP_ANALYSIS = YES;
				CLANG_WARN_STRICT_PROTOTYPES = YES;
				CLANG_WARN_SUSPICIOUS_MOVE = YES;
				CLANG_WARN_UNGUARDED_AVAILABILITY = YES_AGGRESSIVE;
				CLANG_WARN_UNREACHABLE_CODE = YES;
				CLANG_WARN__DUPLICATE_METHOD_MATCH = YES;
				COPY_PHASE_STRIP = NO;
				DEBUG_INFORMATION_FORMAT = dwarf;
				ENABLE_STRICT_OBJC_MSGSEND = YES;
				ENABLE_TESTABILITY = YES;
				GCC_C_LANGUAGE_STANDARD = gnu11;
				GCC_DYNAMIC_NO_PIC = NO;
				GCC_NO_COMMON_BLOCKS = YES;
				GCC_OPTIMIZATION_LEVEL = 0;
				GCC_PREPROCESSOR_DEFINITIONS = (
					"DEBUG=1",
					"$(inherited)",
				);
				GCC_WARN_64_TO_32_BIT_CONVERSION = YES;
				GCC_WARN_ABOUT_RETURN_TYPE = YES_ERROR;
				GCC_WARN_UNDECLARED_SELECTOR = YES;
				GCC_WARN_UNINITIALIZED_AUTOS = YES_AGGRESSIVE;
				GCC_WARN_UNUSED_FUNCTION = YES;
				GCC_WARN_UNUSED_VARIABLE = YES;
				IPHONEOS_DEPLOYMENT_TARGET = 11.0;
				MTL_ENABLE_DEBUG_INFO = INCLUDE_SOURCE;
				MTL_FAST_MATH = YES;
				ONLY_ACTIVE_ARCH = YES;
				SDKROOT = iphoneos;
				SWIFT_ACTIVE_COMPILATION_CONDITIONS = DEBUG;
				SWIFT_OPTIMIZATION_LEVEL = "-Onone";
			};
			name = Debug;
		};
		0EA11ED724F2B89300133485 /* Release */ = {
			isa = XCBuildConfiguration;
			buildSettings = {
				ALWAYS_SEARCH_USER_PATHS = NO;
				CLANG_ANALYZER_NONNULL = YES;
				CLANG_ANALYZER_NUMBER_OBJECT_CONVERSION = YES_AGGRESSIVE;
				CLANG_CXX_LANGUAGE_STANDARD = "gnu++14";
				CLANG_CXX_LIBRARY = "libc++";
				CLANG_ENABLE_MODULES = YES;
				CLANG_ENABLE_OBJC_ARC = YES;
				CLANG_ENABLE_OBJC_WEAK = YES;
				CLANG_WARN_BLOCK_CAPTURE_AUTORELEASING = YES;
				CLANG_WARN_BOOL_CONVERSION = YES;
				CLANG_WARN_COMMA = YES;
				CLANG_WARN_CONSTANT_CONVERSION = YES;
				CLANG_WARN_DEPRECATED_OBJC_IMPLEMENTATIONS = YES;
				CLANG_WARN_DIRECT_OBJC_ISA_USAGE = YES_ERROR;
				CLANG_WARN_DOCUMENTATION_COMMENTS = YES;
				CLANG_WARN_EMPTY_BODY = YES;
				CLANG_WARN_ENUM_CONVERSION = YES;
				CLANG_WARN_INFINITE_RECURSION = YES;
				CLANG_WARN_INT_CONVERSION = YES;
				CLANG_WARN_NON_LITERAL_NULL_CONVERSION = YES;
				CLANG_WARN_OBJC_IMPLICIT_RETAIN_SELF = YES;
				CLANG_WARN_OBJC_LITERAL_CONVERSION = YES;
				CLANG_WARN_OBJC_ROOT_CLASS = YES_ERROR;
				CLANG_WARN_RANGE_LOOP_ANALYSIS = YES;
				CLANG_WARN_STRICT_PROTOTYPES = YES;
				CLANG_WARN_SUSPICIOUS_MOVE = YES;
				CLANG_WARN_UNGUARDED_AVAILABILITY = YES_AGGRESSIVE;
				CLANG_WARN_UNREACHABLE_CODE = YES;
				CLANG_WARN__DUPLICATE_METHOD_MATCH = YES;
				COPY_PHASE_STRIP = NO;
				DEBUG_INFORMATION_FORMAT = "dwarf-with-dsym";
				ENABLE_NS_ASSERTIONS = NO;
				ENABLE_STRICT_OBJC_MSGSEND = YES;
				GCC_C_LANGUAGE_STANDARD = gnu11;
				GCC_NO_COMMON_BLOCKS = YES;
				GCC_WARN_64_TO_32_BIT_CONVERSION = YES;
				GCC_WARN_ABOUT_RETURN_TYPE = YES_ERROR;
				GCC_WARN_UNDECLARED_SELECTOR = YES;
				GCC_WARN_UNINITIALIZED_AUTOS = YES_AGGRESSIVE;
				GCC_WARN_UNUSED_FUNCTION = YES;
				GCC_WARN_UNUSED_VARIABLE = YES;
				IPHONEOS_DEPLOYMENT_TARGET = 11.0;
				MTL_ENABLE_DEBUG_INFO = NO;
				MTL_FAST_MATH = YES;
				SDKROOT = iphoneos;
				SWIFT_COMPILATION_MODE = wholemodule;
				SWIFT_OPTIMIZATION_LEVEL = "-O";
				VALIDATE_PRODUCT = YES;
			};
			name = Release;
		};
		0EA11ED924F2B89300133485 /* Debug */ = {
			isa = XCBuildConfiguration;
			baseConfigurationReference = 64F87290C9FD04EC19DEE33B /* Pods-ProfitClub.debug.xcconfig */;
			buildSettings = {
				ASSETCATALOG_COMPILER_APPICON_NAME = AppIcon;
				CODE_SIGN_ENTITLEMENTS = ProfitClub/ProfitClub.entitlements;
				CODE_SIGN_STYLE = Automatic;
				DEVELOPMENT_TEAM = 5V5EUT3ZXJ;
				INFOPLIST_FILE = ProfitClub/Resources/Plists/Info.plist;
				LD_RUNPATH_SEARCH_PATHS = (
					"$(inherited)",
					"@executable_path/Frameworks",
				);
				PRODUCT_BUNDLE_IDENTIFIER = org.vernality.profitclub.ios;
				PRODUCT_NAME = "Profit Club";
				SWIFT_VERSION = 5.0;
				TARGETED_DEVICE_FAMILY = 1;
			};
			name = Debug;
		};
		0EA11EDA24F2B89300133485 /* Release */ = {
			isa = XCBuildConfiguration;
			baseConfigurationReference = 17770C4311DB6F99F7CDDD46 /* Pods-ProfitClub.release.xcconfig */;
			buildSettings = {
				ASSETCATALOG_COMPILER_APPICON_NAME = AppIcon;
				CODE_SIGN_ENTITLEMENTS = ProfitClub/ProfitClub.entitlements;
				CODE_SIGN_STYLE = Automatic;
				DEVELOPMENT_TEAM = 5V5EUT3ZXJ;
				INFOPLIST_FILE = ProfitClub/Resources/Plists/Info.plist;
				LD_RUNPATH_SEARCH_PATHS = (
					"$(inherited)",
					"@executable_path/Frameworks",
				);
				PRODUCT_BUNDLE_IDENTIFIER = org.vernality.profitclub.ios;
				PRODUCT_NAME = "Profit Club";
				SWIFT_VERSION = 5.0;
				TARGETED_DEVICE_FAMILY = 1;
			};
			name = Release;
		};
/* End XCBuildConfiguration section */

/* Begin XCConfigurationList section */
		0EA11EBF24F2B88F00133485 /* Build configuration list for PBXProject "ProfitClub" */ = {
			isa = XCConfigurationList;
			buildConfigurations = (
				0EA11ED624F2B89300133485 /* Debug */,
				0EA11ED724F2B89300133485 /* Release */,
			);
			defaultConfigurationIsVisible = 0;
			defaultConfigurationName = Release;
		};
		0EA11ED824F2B89300133485 /* Build configuration list for PBXNativeTarget "ProfitClub" */ = {
			isa = XCConfigurationList;
			buildConfigurations = (
				0EA11ED924F2B89300133485 /* Debug */,
				0EA11EDA24F2B89300133485 /* Release */,
			);
			defaultConfigurationIsVisible = 0;
			defaultConfigurationName = Release;
		};
/* End XCConfigurationList section */
	};
	rootObject = 0EA11EBC24F2B88F00133485 /* Project object */;
}
