// !$*UTF8*$!
{
	archiveVersion = 1;
	classes = {
	};
	objectVersion = 50;
	objects = {

/* Begin PBXBuildFile section */
		0E39664324FCABAD0008266D /* OnboardSignUpView.swift in Sources */ = {isa = PBXBuildFile; fileRef = 0E39664224FCABAD0008266D /* OnboardSignUpView.swift */; };
		0E39664624FCABD70008266D /* OnboardSignUpViewBeta.swift in Sources */ = {isa = PBXBuildFile; fileRef = 0E39664524FCABD70008266D /* OnboardSignUpViewBeta.swift */; };
		0E39664824FCAC020008266D /* OnboardSignUpViewBeta.storyboard in Resources */ = {isa = PBXBuildFile; fileRef = 0E39664724FCAC020008266D /* OnboardSignUpViewBeta.storyboard */; };
		0E506BE424FBB16800ABA211 /* OnboardMemberView.swift in Sources */ = {isa = PBXBuildFile; fileRef = 0E506BE324FBB16800ABA211 /* OnboardMemberView.swift */; };
		0E506BE724FBB19400ABA211 /* OnboardMemberViewBeta.storyboard in Resources */ = {isa = PBXBuildFile; fileRef = 0E506BE624FBB19400ABA211 /* OnboardMemberViewBeta.storyboard */; };
		0E506BE924FBB1AD00ABA211 /* OnboardMemberViewBeta.swift in Sources */ = {isa = PBXBuildFile; fileRef = 0E506BE824FBB1AD00ABA211 /* OnboardMemberViewBeta.swift */; };
		0E506BEC24FBB83700ABA211 /* SelectRoleViewBeta.swift in Sources */ = {isa = PBXBuildFile; fileRef = 0E506BEB24FBB83700ABA211 /* SelectRoleViewBeta.swift */; };
		0E506BEE24FBB92800ABA211 /* SelectRoleViewBeta.storyboard in Resources */ = {isa = PBXBuildFile; fileRef = 0E506BED24FBB92800ABA211 /* SelectRoleViewBeta.storyboard */; };
		0E506BF124FBBF4600ABA211 /* SelectOrganizationView.swift in Sources */ = {isa = PBXBuildFile; fileRef = 0E506BF024FBBF4600ABA211 /* SelectOrganizationView.swift */; };
		0E506BF424FBBFA400ABA211 /* SelectOrganizationViewBeta.swift in Sources */ = {isa = PBXBuildFile; fileRef = 0E506BF324FBBFA400ABA211 /* SelectOrganizationViewBeta.swift */; };
		0E506BF624FBBFBE00ABA211 /* SelectOrganizationViewBeta.storyboard in Resources */ = {isa = PBXBuildFile; fileRef = 0E506BF524FBBFBE00ABA211 /* SelectOrganizationViewBeta.storyboard */; };
		0E506BF924FBC2FC00ABA211 /* OnboardOrganizationView.swift in Sources */ = {isa = PBXBuildFile; fileRef = 0E506BF824FBC2FC00ABA211 /* OnboardOrganizationView.swift */; };
		0E506BFC24FBC37900ABA211 /* OnboardOrganizationViewBeta.swift in Sources */ = {isa = PBXBuildFile; fileRef = 0E506BFB24FBC37900ABA211 /* OnboardOrganizationViewBeta.swift */; };
		0E506BFE24FBC39B00ABA211 /* OnboardOrganizationViewBeta.storyboard in Resources */ = {isa = PBXBuildFile; fileRef = 0E506BFD24FBC39B00ABA211 /* OnboardOrganizationViewBeta.storyboard */; };
		0E506C1E24FC0DE400ABA211 /* ReviewModule.swift in Sources */ = {isa = PBXBuildFile; fileRef = 0E506C1D24FC0DE400ABA211 /* ReviewModule.swift */; };
		0E506C2124FC108800ABA211 /* ReviewView.swift in Sources */ = {isa = PBXBuildFile; fileRef = 0E506C2024FC108800ABA211 /* ReviewView.swift */; };
		0E506C2424FC10AF00ABA211 /* ReviewViewBeta.swift in Sources */ = {isa = PBXBuildFile; fileRef = 0E506C2324FC10AF00ABA211 /* ReviewViewBeta.swift */; };
		0E506C2624FC10B700ABA211 /* ReviewViewBeta.storyboard in Resources */ = {isa = PBXBuildFile; fileRef = 0E506C2524FC10B700ABA211 /* ReviewViewBeta.storyboard */; };
		0E506C2824FC131700ABA211 /* ReviewViewBetaOrganizationCell.swift in Sources */ = {isa = PBXBuildFile; fileRef = 0E506C2724FC131700ABA211 /* ReviewViewBetaOrganizationCell.swift */; };
		0E506C2A24FC180300ABA211 /* ReviewViewBetaSupplierCell.swift in Sources */ = {isa = PBXBuildFile; fileRef = 0E506C2924FC180300ABA211 /* ReviewViewBetaSupplierCell.swift */; };
		0E506C2C24FC184900ABA211 /* ReviewViewBetaMemberCell.swift in Sources */ = {isa = PBXBuildFile; fileRef = 0E506C2B24FC184900ABA211 /* ReviewViewBetaMemberCell.swift */; };
		0E506C2E24FC1A4600ABA211 /* ReviewPresenter.swift in Sources */ = {isa = PBXBuildFile; fileRef = 0E506C2D24FC1A4600ABA211 /* ReviewPresenter.swift */; };
		0E506C3124FC1AAB00ABA211 /* ReviewRouter.swift in Sources */ = {isa = PBXBuildFile; fileRef = 0E506C3024FC1AAB00ABA211 /* ReviewRouter.swift */; };
		0E506C3324FC1B9C00ABA211 /* ReviewDependencies.swift in Sources */ = {isa = PBXBuildFile; fileRef = 0E506C3224FC1B9C00ABA211 /* ReviewDependencies.swift */; };
		0E506C3524FC1BA700ABA211 /* ReviewFactory.swift in Sources */ = {isa = PBXBuildFile; fileRef = 0E506C3424FC1BA700ABA211 /* ReviewFactory.swift */; };
		0E506C3924FC9CC400ABA211 /* OnboardWelcomeView.swift in Sources */ = {isa = PBXBuildFile; fileRef = 0E506C3824FC9CC400ABA211 /* OnboardWelcomeView.swift */; };
		0E506C3C24FC9CDE00ABA211 /* OnboardWelcomeViewBeta.storyboard in Resources */ = {isa = PBXBuildFile; fileRef = 0E506C3B24FC9CDE00ABA211 /* OnboardWelcomeViewBeta.storyboard */; };
		0E506C3E24FC9CE700ABA211 /* OnboardWelcomeViewBeta.swift in Sources */ = {isa = PBXBuildFile; fileRef = 0E506C3D24FC9CE700ABA211 /* OnboardWelcomeViewBeta.swift */; };
		0E506C4124FC9F6600ABA211 /* Montserrat-Regular.ttf in Resources */ = {isa = PBXBuildFile; fileRef = 0E506C4024FC9F6500ABA211 /* Montserrat-Regular.ttf */; };
		0E506C4324FC9FCB00ABA211 /* PlayfairDisplay-VariableFont_wght.ttf in Resources */ = {isa = PBXBuildFile; fileRef = 0E506C4224FC9FCA00ABA211 /* PlayfairDisplay-VariableFont_wght.ttf */; };
		0E506C4624FCA6E300ABA211 /* OnboardSignIn.swift in Sources */ = {isa = PBXBuildFile; fileRef = 0E506C4524FCA6E300ABA211 /* OnboardSignIn.swift */; };
		0E506C4924FCA78100ABA211 /* OnboardSignInViewBeta.swift in Sources */ = {isa = PBXBuildFile; fileRef = 0E506C4824FCA78100ABA211 /* OnboardSignInViewBeta.swift */; };
		0E506C4B24FCA78C00ABA211 /* OnboardSignInViewBeta.storyboard in Resources */ = {isa = PBXBuildFile; fileRef = 0E506C4A24FCA78C00ABA211 /* OnboardSignInViewBeta.storyboard */; };
		0E90496E24F390070061A605 /* AppPresenter.swift in Sources */ = {isa = PBXBuildFile; fileRef = 0E90496D24F390070061A605 /* AppPresenter.swift */; };
		0E90497124F390270061A605 /* AppFactory.swift in Sources */ = {isa = PBXBuildFile; fileRef = 0E90497024F390270061A605 /* AppFactory.swift */; };
		0E90497A24F39C650061A605 /* Secrets.swift in Sources */ = {isa = PBXBuildFile; fileRef = 0E90497924F39C650061A605 /* Secrets.swift */; };
		0E90498724F60C980061A605 /* SelectRoleView.swift in Sources */ = {isa = PBXBuildFile; fileRef = 0E90498624F60C980061A605 /* SelectRoleView.swift */; };
		0E90498A24F60D250061A605 /* SelectRoleViewAlpha.swift in Sources */ = {isa = PBXBuildFile; fileRef = 0E90498924F60D250061A605 /* SelectRoleViewAlpha.swift */; };
		0E90499224F6142A0061A605 /* OnboardPresenter.swift in Sources */ = {isa = PBXBuildFile; fileRef = 0E90499124F6142A0061A605 /* OnboardPresenter.swift */; };
		0E90499424F614390061A605 /* OnboardModule.swift in Sources */ = {isa = PBXBuildFile; fileRef = 0E90499324F614390061A605 /* OnboardModule.swift */; };
		0E90499624F615E80061A605 /* OnboardRouter.swift in Sources */ = {isa = PBXBuildFile; fileRef = 0E90499524F615E80061A605 /* OnboardRouter.swift */; };
		0E90499824F6160F0061A605 /* OnboardFactory.swift in Sources */ = {isa = PBXBuildFile; fileRef = 0E90499724F6160F0061A605 /* OnboardFactory.swift */; };
		0E90499A24F624770061A605 /* OnboardError.swift in Sources */ = {isa = PBXBuildFile; fileRef = 0E90499924F624770061A605 /* OnboardError.swift */; };
		0E90499C24F62A6D0061A605 /* OnboardDependencies.swift in Sources */ = {isa = PBXBuildFile; fileRef = 0E90499B24F62A6D0061A605 /* OnboardDependencies.swift */; };
		0E90499F24F62C6C0061A605 /* OnboardSupplierView.swift in Sources */ = {isa = PBXBuildFile; fileRef = 0E90499E24F62C6C0061A605 /* OnboardSupplierView.swift */; };
		0E9049A224F62C870061A605 /* OnboardSupplierViewAlpha.swift in Sources */ = {isa = PBXBuildFile; fileRef = 0E9049A124F62C870061A605 /* OnboardSupplierViewAlpha.swift */; };
		0E9049CA24F792960061A605 /* InterfaceModule.swift in Sources */ = {isa = PBXBuildFile; fileRef = 0E9049C924F792960061A605 /* InterfaceModule.swift */; };
		0E9049CC24F792D00061A605 /* InterfaceView.swift in Sources */ = {isa = PBXBuildFile; fileRef = 0E9049CB24F792D00061A605 /* InterfaceView.swift */; };
		0E9049CF24F793060061A605 /* InterfaceViewAlpha.swift in Sources */ = {isa = PBXBuildFile; fileRef = 0E9049CE24F793060061A605 /* InterfaceViewAlpha.swift */; };
		0E9049D524FA9E000061A605 /* InterfacePresenter.swift in Sources */ = {isa = PBXBuildFile; fileRef = 0E9049D424FA9E000061A605 /* InterfacePresenter.swift */; };
		0E9049DA24FA9F4C0061A605 /* InterfaceFactory.swift in Sources */ = {isa = PBXBuildFile; fileRef = 0E9049D924FA9F4C0061A605 /* InterfaceFactory.swift */; };
		0E9049DC24FA9F9A0061A605 /* InterfaceDependencies.swift in Sources */ = {isa = PBXBuildFile; fileRef = 0E9049DB24FA9F9A0061A605 /* InterfaceDependencies.swift */; };
		0EA11EC824F2B88F00133485 /* AppDelegate.swift in Sources */ = {isa = PBXBuildFile; fileRef = 0EA11EC724F2B88F00133485 /* AppDelegate.swift */; };
		0EA11ED124F2B89300133485 /* Assets.xcassets in Resources */ = {isa = PBXBuildFile; fileRef = 0EA11ED024F2B89300133485 /* Assets.xcassets */; };
		0EA11ED424F2B89300133485 /* LaunchScreen.storyboard in Resources */ = {isa = PBXBuildFile; fileRef = 0EA11ED224F2B89300133485 /* LaunchScreen.storyboard */; };
		BAC5B692AE8ABE81C3298271 /* Pods_ProfitClub.framework in Frameworks */ = {isa = PBXBuildFile; fileRef = D881FD37132A41374982A032 /* Pods_ProfitClub.framework */; };
/* End PBXBuildFile section */

/* Begin PBXFileReference section */
		0E39664224FCABAD0008266D /* OnboardSignUpView.swift */ = {isa = PBXFileReference; lastKnownFileType = sourcecode.swift; path = OnboardSignUpView.swift; sourceTree = "<group>"; };
		0E39664524FCABD70008266D /* OnboardSignUpViewBeta.swift */ = {isa = PBXFileReference; lastKnownFileType = sourcecode.swift; path = OnboardSignUpViewBeta.swift; sourceTree = "<group>"; };
		0E39664724FCAC020008266D /* OnboardSignUpViewBeta.storyboard */ = {isa = PBXFileReference; lastKnownFileType = file.storyboard; path = OnboardSignUpViewBeta.storyboard; sourceTree = "<group>"; };
		0E506BE324FBB16800ABA211 /* OnboardMemberView.swift */ = {isa = PBXFileReference; lastKnownFileType = sourcecode.swift; path = OnboardMemberView.swift; sourceTree = "<group>"; };
		0E506BE624FBB19400ABA211 /* OnboardMemberViewBeta.storyboard */ = {isa = PBXFileReference; lastKnownFileType = file.storyboard; path = OnboardMemberViewBeta.storyboard; sourceTree = "<group>"; };
		0E506BE824FBB1AD00ABA211 /* OnboardMemberViewBeta.swift */ = {isa = PBXFileReference; lastKnownFileType = sourcecode.swift; path = OnboardMemberViewBeta.swift; sourceTree = "<group>"; };
		0E506BEB24FBB83700ABA211 /* SelectRoleViewBeta.swift */ = {isa = PBXFileReference; lastKnownFileType = sourcecode.swift; path = SelectRoleViewBeta.swift; sourceTree = "<group>"; };
		0E506BED24FBB92800ABA211 /* SelectRoleViewBeta.storyboard */ = {isa = PBXFileReference; lastKnownFileType = file.storyboard; path = SelectRoleViewBeta.storyboard; sourceTree = "<group>"; };
		0E506BF024FBBF4600ABA211 /* SelectOrganizationView.swift */ = {isa = PBXFileReference; lastKnownFileType = sourcecode.swift; path = SelectOrganizationView.swift; sourceTree = "<group>"; };
		0E506BF324FBBFA400ABA211 /* SelectOrganizationViewBeta.swift */ = {isa = PBXFileReference; lastKnownFileType = sourcecode.swift; path = SelectOrganizationViewBeta.swift; sourceTree = "<group>"; };
		0E506BF524FBBFBE00ABA211 /* SelectOrganizationViewBeta.storyboard */ = {isa = PBXFileReference; lastKnownFileType = file.storyboard; path = SelectOrganizationViewBeta.storyboard; sourceTree = "<group>"; };
		0E506BF824FBC2FC00ABA211 /* OnboardOrganizationView.swift */ = {isa = PBXFileReference; lastKnownFileType = sourcecode.swift; path = OnboardOrganizationView.swift; sourceTree = "<group>"; };
		0E506BFB24FBC37900ABA211 /* OnboardOrganizationViewBeta.swift */ = {isa = PBXFileReference; lastKnownFileType = sourcecode.swift; path = OnboardOrganizationViewBeta.swift; sourceTree = "<group>"; };
		0E506BFD24FBC39B00ABA211 /* OnboardOrganizationViewBeta.storyboard */ = {isa = PBXFileReference; lastKnownFileType = file.storyboard; path = OnboardOrganizationViewBeta.storyboard; sourceTree = "<group>"; };
		0E506C1D24FC0DE400ABA211 /* ReviewModule.swift */ = {isa = PBXFileReference; lastKnownFileType = sourcecode.swift; path = ReviewModule.swift; sourceTree = "<group>"; };
		0E506C2024FC108800ABA211 /* ReviewView.swift */ = {isa = PBXFileReference; lastKnownFileType = sourcecode.swift; path = ReviewView.swift; sourceTree = "<group>"; };
		0E506C2324FC10AF00ABA211 /* ReviewViewBeta.swift */ = {isa = PBXFileReference; lastKnownFileType = sourcecode.swift; path = ReviewViewBeta.swift; sourceTree = "<group>"; };
		0E506C2524FC10B700ABA211 /* ReviewViewBeta.storyboard */ = {isa = PBXFileReference; lastKnownFileType = file.storyboard; path = ReviewViewBeta.storyboard; sourceTree = "<group>"; };
		0E506C2724FC131700ABA211 /* ReviewViewBetaOrganizationCell.swift */ = {isa = PBXFileReference; lastKnownFileType = sourcecode.swift; path = ReviewViewBetaOrganizationCell.swift; sourceTree = "<group>"; };
		0E506C2924FC180300ABA211 /* ReviewViewBetaSupplierCell.swift */ = {isa = PBXFileReference; lastKnownFileType = sourcecode.swift; path = ReviewViewBetaSupplierCell.swift; sourceTree = "<group>"; };
		0E506C2B24FC184900ABA211 /* ReviewViewBetaMemberCell.swift */ = {isa = PBXFileReference; lastKnownFileType = sourcecode.swift; path = ReviewViewBetaMemberCell.swift; sourceTree = "<group>"; };
		0E506C2D24FC1A4600ABA211 /* ReviewPresenter.swift */ = {isa = PBXFileReference; lastKnownFileType = sourcecode.swift; path = ReviewPresenter.swift; sourceTree = "<group>"; };
		0E506C3024FC1AAB00ABA211 /* ReviewRouter.swift */ = {isa = PBXFileReference; lastKnownFileType = sourcecode.swift; path = ReviewRouter.swift; sourceTree = "<group>"; };
		0E506C3224FC1B9C00ABA211 /* ReviewDependencies.swift */ = {isa = PBXFileReference; lastKnownFileType = sourcecode.swift; path = ReviewDependencies.swift; sourceTree = "<group>"; };
		0E506C3424FC1BA700ABA211 /* ReviewFactory.swift */ = {isa = PBXFileReference; lastKnownFileType = sourcecode.swift; path = ReviewFactory.swift; sourceTree = "<group>"; };
		0E506C3824FC9CC400ABA211 /* OnboardWelcomeView.swift */ = {isa = PBXFileReference; lastKnownFileType = sourcecode.swift; path = OnboardWelcomeView.swift; sourceTree = "<group>"; };
		0E506C3B24FC9CDE00ABA211 /* OnboardWelcomeViewBeta.storyboard */ = {isa = PBXFileReference; lastKnownFileType = file.storyboard; path = OnboardWelcomeViewBeta.storyboard; sourceTree = "<group>"; };
		0E506C3D24FC9CE700ABA211 /* OnboardWelcomeViewBeta.swift */ = {isa = PBXFileReference; lastKnownFileType = sourcecode.swift; path = OnboardWelcomeViewBeta.swift; sourceTree = "<group>"; };
		0E506C4024FC9F6500ABA211 /* Montserrat-Regular.ttf */ = {isa = PBXFileReference; lastKnownFileType = file; path = "Montserrat-Regular.ttf"; sourceTree = "<group>"; };
		0E506C4224FC9FCA00ABA211 /* PlayfairDisplay-VariableFont_wght.ttf */ = {isa = PBXFileReference; lastKnownFileType = file; path = "PlayfairDisplay-VariableFont_wght.ttf"; sourceTree = "<group>"; };
		0E506C4524FCA6E300ABA211 /* OnboardSignIn.swift */ = {isa = PBXFileReference; lastKnownFileType = sourcecode.swift; path = OnboardSignIn.swift; sourceTree = "<group>"; };
		0E506C4824FCA78100ABA211 /* OnboardSignInViewBeta.swift */ = {isa = PBXFileReference; lastKnownFileType = sourcecode.swift; path = OnboardSignInViewBeta.swift; sourceTree = "<group>"; };
		0E506C4A24FCA78C00ABA211 /* OnboardSignInViewBeta.storyboard */ = {isa = PBXFileReference; lastKnownFileType = file.storyboard; path = OnboardSignInViewBeta.storyboard; sourceTree = "<group>"; };
		0E90496D24F390070061A605 /* AppPresenter.swift */ = {isa = PBXFileReference; lastKnownFileType = sourcecode.swift; path = AppPresenter.swift; sourceTree = "<group>"; };
		0E90497024F390270061A605 /* AppFactory.swift */ = {isa = PBXFileReference; lastKnownFileType = sourcecode.swift; path = AppFactory.swift; sourceTree = "<group>"; };
		0E90497924F39C650061A605 /* Secrets.swift */ = {isa = PBXFileReference; lastKnownFileType = sourcecode.swift; path = Secrets.swift; sourceTree = "<group>"; };
		0E90498624F60C980061A605 /* SelectRoleView.swift */ = {isa = PBXFileReference; lastKnownFileType = sourcecode.swift; path = SelectRoleView.swift; sourceTree = "<group>"; };
		0E90498924F60D250061A605 /* SelectRoleViewAlpha.swift */ = {isa = PBXFileReference; lastKnownFileType = sourcecode.swift; path = SelectRoleViewAlpha.swift; sourceTree = "<group>"; };
		0E90499124F6142A0061A605 /* OnboardPresenter.swift */ = {isa = PBXFileReference; lastKnownFileType = sourcecode.swift; path = OnboardPresenter.swift; sourceTree = "<group>"; };
		0E90499324F614390061A605 /* OnboardModule.swift */ = {isa = PBXFileReference; lastKnownFileType = sourcecode.swift; path = OnboardModule.swift; sourceTree = "<group>"; };
		0E90499524F615E80061A605 /* OnboardRouter.swift */ = {isa = PBXFileReference; lastKnownFileType = sourcecode.swift; path = OnboardRouter.swift; sourceTree = "<group>"; };
		0E90499724F6160F0061A605 /* OnboardFactory.swift */ = {isa = PBXFileReference; lastKnownFileType = sourcecode.swift; path = OnboardFactory.swift; sourceTree = "<group>"; };
		0E90499924F624770061A605 /* OnboardError.swift */ = {isa = PBXFileReference; lastKnownFileType = sourcecode.swift; path = OnboardError.swift; sourceTree = "<group>"; };
		0E90499B24F62A6D0061A605 /* OnboardDependencies.swift */ = {isa = PBXFileReference; lastKnownFileType = sourcecode.swift; path = OnboardDependencies.swift; sourceTree = "<group>"; };
		0E90499E24F62C6C0061A605 /* OnboardSupplierView.swift */ = {isa = PBXFileReference; lastKnownFileType = sourcecode.swift; path = OnboardSupplierView.swift; sourceTree = "<group>"; };
		0E9049A124F62C870061A605 /* OnboardSupplierViewAlpha.swift */ = {isa = PBXFileReference; lastKnownFileType = sourcecode.swift; path = OnboardSupplierViewAlpha.swift; sourceTree = "<group>"; };
		0E9049C924F792960061A605 /* InterfaceModule.swift */ = {isa = PBXFileReference; lastKnownFileType = sourcecode.swift; path = InterfaceModule.swift; sourceTree = "<group>"; };
		0E9049CB24F792D00061A605 /* InterfaceView.swift */ = {isa = PBXFileReference; lastKnownFileType = sourcecode.swift; path = InterfaceView.swift; sourceTree = "<group>"; };
		0E9049CE24F793060061A605 /* InterfaceViewAlpha.swift */ = {isa = PBXFileReference; lastKnownFileType = sourcecode.swift; path = InterfaceViewAlpha.swift; sourceTree = "<group>"; };
		0E9049D424FA9E000061A605 /* InterfacePresenter.swift */ = {isa = PBXFileReference; lastKnownFileType = sourcecode.swift; path = InterfacePresenter.swift; sourceTree = "<group>"; };
		0E9049D924FA9F4C0061A605 /* InterfaceFactory.swift */ = {isa = PBXFileReference; lastKnownFileType = sourcecode.swift; path = InterfaceFactory.swift; sourceTree = "<group>"; };
		0E9049DB24FA9F9A0061A605 /* InterfaceDependencies.swift */ = {isa = PBXFileReference; lastKnownFileType = sourcecode.swift; path = InterfaceDependencies.swift; sourceTree = "<group>"; };
		0EA11EC424F2B88F00133485 /* ProfitClub.app */ = {isa = PBXFileReference; explicitFileType = wrapper.application; includeInIndex = 0; path = ProfitClub.app; sourceTree = BUILT_PRODUCTS_DIR; };
		0EA11EC724F2B88F00133485 /* AppDelegate.swift */ = {isa = PBXFileReference; lastKnownFileType = sourcecode.swift; path = AppDelegate.swift; sourceTree = "<group>"; };
		0EA11ED024F2B89300133485 /* Assets.xcassets */ = {isa = PBXFileReference; lastKnownFileType = folder.assetcatalog; path = Assets.xcassets; sourceTree = "<group>"; };
		0EA11ED324F2B89300133485 /* Base */ = {isa = PBXFileReference; lastKnownFileType = file.storyboard; name = Base; path = Base.lproj/LaunchScreen.storyboard; sourceTree = "<group>"; };
		0EA11ED524F2B89300133485 /* Info.plist */ = {isa = PBXFileReference; lastKnownFileType = text.plist.xml; path = Info.plist; sourceTree = "<group>"; };
		17770C4311DB6F99F7CDDD46 /* Pods-ProfitClub.release.xcconfig */ = {isa = PBXFileReference; includeInIndex = 1; lastKnownFileType = text.xcconfig; name = "Pods-ProfitClub.release.xcconfig"; path = "Target Support Files/Pods-ProfitClub/Pods-ProfitClub.release.xcconfig"; sourceTree = "<group>"; };
		64F87290C9FD04EC19DEE33B /* Pods-ProfitClub.debug.xcconfig */ = {isa = PBXFileReference; includeInIndex = 1; lastKnownFileType = text.xcconfig; name = "Pods-ProfitClub.debug.xcconfig"; path = "Target Support Files/Pods-ProfitClub/Pods-ProfitClub.debug.xcconfig"; sourceTree = "<group>"; };
		D881FD37132A41374982A032 /* Pods_ProfitClub.framework */ = {isa = PBXFileReference; explicitFileType = wrapper.framework; includeInIndex = 0; path = Pods_ProfitClub.framework; sourceTree = BUILT_PRODUCTS_DIR; };
/* End PBXFileReference section */

/* Begin PBXFrameworksBuildPhase section */
		0EA11EC124F2B88F00133485 /* Frameworks */ = {
			isa = PBXFrameworksBuildPhase;
			buildActionMask = 2147483647;
			files = (
				BAC5B692AE8ABE81C3298271 /* Pods_ProfitClub.framework in Frameworks */,
			);
			runOnlyForDeploymentPostprocessing = 0;
		};
/* End PBXFrameworksBuildPhase section */

/* Begin PBXGroup section */
		0E39664124FCAB750008266D /* OnboardSignUp */ = {
			isa = PBXGroup;
			children = (
				0E39664224FCABAD0008266D /* OnboardSignUpView.swift */,
				0E39664424FCABC70008266D /* Beta */,
			);
			path = OnboardSignUp;
			sourceTree = "<group>";
		};
		0E39664424FCABC70008266D /* Beta */ = {
			isa = PBXGroup;
			children = (
				0E39664524FCABD70008266D /* OnboardSignUpViewBeta.swift */,
				0E39664724FCAC020008266D /* OnboardSignUpViewBeta.storyboard */,
			);
			path = Beta;
			sourceTree = "<group>";
		};
		0E506BE224FBB14800ABA211 /* OnboardMember */ = {
			isa = PBXGroup;
			children = (
				0E506BE324FBB16800ABA211 /* OnboardMemberView.swift */,
				0E506BE524FBB18100ABA211 /* Beta */,
			);
			path = OnboardMember;
			sourceTree = "<group>";
		};
		0E506BE524FBB18100ABA211 /* Beta */ = {
			isa = PBXGroup;
			children = (
				0E506BE624FBB19400ABA211 /* OnboardMemberViewBeta.storyboard */,
				0E506BE824FBB1AD00ABA211 /* OnboardMemberViewBeta.swift */,
			);
			path = Beta;
			sourceTree = "<group>";
		};
		0E506BEA24FBB82400ABA211 /* Beta */ = {
			isa = PBXGroup;
			children = (
				0E506BEB24FBB83700ABA211 /* SelectRoleViewBeta.swift */,
				0E506BED24FBB92800ABA211 /* SelectRoleViewBeta.storyboard */,
			);
			path = Beta;
			sourceTree = "<group>";
		};
		0E506BEF24FBBF3000ABA211 /* SelectOrganization */ = {
			isa = PBXGroup;
			children = (
				0E506BF024FBBF4600ABA211 /* SelectOrganizationView.swift */,
				0E506BF224FBBF8E00ABA211 /* Beta */,
			);
			path = SelectOrganization;
			sourceTree = "<group>";
		};
		0E506BF224FBBF8E00ABA211 /* Beta */ = {
			isa = PBXGroup;
			children = (
				0E506BF324FBBFA400ABA211 /* SelectOrganizationViewBeta.swift */,
				0E506BF524FBBFBE00ABA211 /* SelectOrganizationViewBeta.storyboard */,
			);
			path = Beta;
			sourceTree = "<group>";
		};
		0E506BF724FBC2D600ABA211 /* OnboardOrganization */ = {
			isa = PBXGroup;
			children = (
				0E506BF824FBC2FC00ABA211 /* OnboardOrganizationView.swift */,
				0E506BFA24FBC36600ABA211 /* Beta */,
			);
			path = OnboardOrganization;
			sourceTree = "<group>";
		};
		0E506BFA24FBC36600ABA211 /* Beta */ = {
			isa = PBXGroup;
			children = (
				0E506BFB24FBC37900ABA211 /* OnboardOrganizationViewBeta.swift */,
				0E506BFD24FBC39B00ABA211 /* OnboardOrganizationViewBeta.storyboard */,
			);
			path = Beta;
			sourceTree = "<group>";
		};
		0E506C1824FC0D7300ABA211 /* Review */ = {
			isa = PBXGroup;
			children = (
				0E506C1C24FC0D9B00ABA211 /* Factory */,
				0E506C1B24FC0D9400ABA211 /* Presenter */,
				0E506C2F24FC1A9E00ABA211 /* Router */,
				0E506C1924FC0D8A00ABA211 /* View */,
			);
			path = Review;
			sourceTree = "<group>";
		};
		0E506C1924FC0D8A00ABA211 /* View */ = {
			isa = PBXGroup;
			children = (
				0E506C1F24FC106B00ABA211 /* Review */,
			);
			path = View;
			sourceTree = "<group>";
		};
		0E506C1B24FC0D9400ABA211 /* Presenter */ = {
			isa = PBXGroup;
			children = (
				0E506C1D24FC0DE400ABA211 /* ReviewModule.swift */,
				0E506C2D24FC1A4600ABA211 /* ReviewPresenter.swift */,
			);
			path = Presenter;
			sourceTree = "<group>";
		};
		0E506C1C24FC0D9B00ABA211 /* Factory */ = {
			isa = PBXGroup;
			children = (
				0E506C3424FC1BA700ABA211 /* ReviewFactory.swift */,
				0E506C3224FC1B9C00ABA211 /* ReviewDependencies.swift */,
			);
			path = Factory;
			sourceTree = "<group>";
		};
		0E506C1F24FC106B00ABA211 /* Review */ = {
			isa = PBXGroup;
			children = (
				0E506C2024FC108800ABA211 /* ReviewView.swift */,
				0E506C2224FC10A200ABA211 /* Beta */,
			);
			path = Review;
			sourceTree = "<group>";
		};
		0E506C2224FC10A200ABA211 /* Beta */ = {
			isa = PBXGroup;
			children = (
				0E506C2324FC10AF00ABA211 /* ReviewViewBeta.swift */,
				0E506C2724FC131700ABA211 /* ReviewViewBetaOrganizationCell.swift */,
				0E506C2924FC180300ABA211 /* ReviewViewBetaSupplierCell.swift */,
				0E506C2B24FC184900ABA211 /* ReviewViewBetaMemberCell.swift */,
				0E506C2524FC10B700ABA211 /* ReviewViewBeta.storyboard */,
			);
			path = Beta;
			sourceTree = "<group>";
		};
		0E506C2F24FC1A9E00ABA211 /* Router */ = {
			isa = PBXGroup;
			children = (
				0E506C3024FC1AAB00ABA211 /* ReviewRouter.swift */,
			);
			path = Router;
			sourceTree = "<group>";
		};
		0E506C3724FC9C9A00ABA211 /* OnboardWelcome */ = {
			isa = PBXGroup;
			children = (
				0E506C3824FC9CC400ABA211 /* OnboardWelcomeView.swift */,
				0E506C3A24FC9CC800ABA211 /* Beta */,
			);
			path = OnboardWelcome;
			sourceTree = "<group>";
		};
		0E506C3A24FC9CC800ABA211 /* Beta */ = {
			isa = PBXGroup;
			children = (
				0E506C3B24FC9CDE00ABA211 /* OnboardWelcomeViewBeta.storyboard */,
				0E506C3D24FC9CE700ABA211 /* OnboardWelcomeViewBeta.swift */,
			);
			path = Beta;
			sourceTree = "<group>";
		};
		0E506C3F24FC9F5700ABA211 /* Fonts */ = {
			isa = PBXGroup;
			children = (
				0E506C4224FC9FCA00ABA211 /* PlayfairDisplay-VariableFont_wght.ttf */,
				0E506C4024FC9F6500ABA211 /* Montserrat-Regular.ttf */,
			);
			path = Fonts;
			sourceTree = "<group>";
		};
		0E506C4424FCA6B800ABA211 /* OnboardSignIn */ = {
			isa = PBXGroup;
			children = (
				0E506C4524FCA6E300ABA211 /* OnboardSignIn.swift */,
				0E506C4724FCA76900ABA211 /* Beta */,
			);
			path = OnboardSignIn;
			sourceTree = "<group>";
		};
		0E506C4724FCA76900ABA211 /* Beta */ = {
			isa = PBXGroup;
			children = (
				0E506C4824FCA78100ABA211 /* OnboardSignInViewBeta.swift */,
				0E506C4A24FCA78C00ABA211 /* OnboardSignInViewBeta.storyboard */,
			);
			path = Beta;
			sourceTree = "<group>";
		};
		0E90494C24F2B9A00061A605 /* Plists */ = {
			isa = PBXGroup;
			children = (
				0EA11ED524F2B89300133485 /* Info.plist */,
			);
			path = Plists;
			sourceTree = "<group>";
		};
		0E90497824F39C4E0061A605 /* Secrets */ = {
			isa = PBXGroup;
			children = (
				0E90497924F39C650061A605 /* Secrets.swift */,
			);
			path = Secrets;
			sourceTree = "<group>";
		};
		0E90498424F60C740061A605 /* Presentation */ = {
			isa = PBXGroup;
			children = (
				0E9049C524F791650061A605 /* Interface */,
				0E90498B24F613DF0061A605 /* Onboard */,
				0E506C1824FC0D7300ABA211 /* Review */,
			);
			path = Presentation;
			sourceTree = "<group>";
		};
		0E90498524F60C810061A605 /* SelectRole */ = {
			isa = PBXGroup;
			children = (
				0E90498624F60C980061A605 /* SelectRoleView.swift */,
				0E90498824F60D150061A605 /* Alpha */,
				0E506BEA24FBB82400ABA211 /* Beta */,
			);
			path = SelectRole;
			sourceTree = "<group>";
		};
		0E90498824F60D150061A605 /* Alpha */ = {
			isa = PBXGroup;
			children = (
				0E90498924F60D250061A605 /* SelectRoleViewAlpha.swift */,
			);
			path = Alpha;
			sourceTree = "<group>";
		};
		0E90498B24F613DF0061A605 /* Onboard */ = {
			isa = PBXGroup;
			children = (
				0E90498F24F613FF0061A605 /* Factory */,
				0E90498D24F613F20061A605 /* Presenter */,
				0E90498E24F613FB0061A605 /* Router */,
				0E90499024F6140D0061A605 /* View */,
			);
			path = Onboard;
			sourceTree = "<group>";
		};
		0E90498D24F613F20061A605 /* Presenter */ = {
			isa = PBXGroup;
			children = (
				0E90499324F614390061A605 /* OnboardModule.swift */,
				0E90499924F624770061A605 /* OnboardError.swift */,
				0E90499124F6142A0061A605 /* OnboardPresenter.swift */,
			);
			path = Presenter;
			sourceTree = "<group>";
		};
		0E90498E24F613FB0061A605 /* Router */ = {
			isa = PBXGroup;
			children = (
				0E90499524F615E80061A605 /* OnboardRouter.swift */,
			);
			path = Router;
			sourceTree = "<group>";
		};
		0E90498F24F613FF0061A605 /* Factory */ = {
			isa = PBXGroup;
			children = (
				0E90499724F6160F0061A605 /* OnboardFactory.swift */,
				0E90499B24F62A6D0061A605 /* OnboardDependencies.swift */,
			);
			path = Factory;
			sourceTree = "<group>";
		};
		0E90499024F6140D0061A605 /* View */ = {
			isa = PBXGroup;
			children = (
				0E506C4424FCA6B800ABA211 /* OnboardSignIn */,
				0E39664124FCAB750008266D /* OnboardSignUp */,
				0E506C3724FC9C9A00ABA211 /* OnboardWelcome */,
				0E506BE224FBB14800ABA211 /* OnboardMember */,
				0E506BF724FBC2D600ABA211 /* OnboardOrganization */,
				0E90499D24F62C570061A605 /* OnboardSupplier */,
				0E506BEF24FBBF3000ABA211 /* SelectOrganization */,
				0E90498524F60C810061A605 /* SelectRole */,
			);
			path = View;
			sourceTree = "<group>";
		};
		0E90499D24F62C570061A605 /* OnboardSupplier */ = {
			isa = PBXGroup;
			children = (
				0E90499E24F62C6C0061A605 /* OnboardSupplierView.swift */,
				0E9049A024F62C780061A605 /* Alpha */,
			);
			path = OnboardSupplier;
			sourceTree = "<group>";
		};
		0E9049A024F62C780061A605 /* Alpha */ = {
			isa = PBXGroup;
			children = (
				0E9049A124F62C870061A605 /* OnboardSupplierViewAlpha.swift */,
			);
			path = Alpha;
			sourceTree = "<group>";
		};
		0E9049C524F791650061A605 /* Interface */ = {
			isa = PBXGroup;
			children = (
				0E9049C624F792500061A605 /* Factory */,
				0E9049C724F792560061A605 /* Presenter */,
				0E9049C824F792790061A605 /* View */,
			);
			path = Interface;
			sourceTree = "<group>";
		};
		0E9049C624F792500061A605 /* Factory */ = {
			isa = PBXGroup;
			children = (
				0E9049D924FA9F4C0061A605 /* InterfaceFactory.swift */,
				0E9049DB24FA9F9A0061A605 /* InterfaceDependencies.swift */,
			);
			path = Factory;
			sourceTree = "<group>";
		};
		0E9049C724F792560061A605 /* Presenter */ = {
			isa = PBXGroup;
			children = (
				0E9049C924F792960061A605 /* InterfaceModule.swift */,
				0E9049D424FA9E000061A605 /* InterfacePresenter.swift */,
			);
			path = Presenter;
			sourceTree = "<group>";
		};
		0E9049C824F792790061A605 /* View */ = {
			isa = PBXGroup;
			children = (
				0E9049CB24F792D00061A605 /* InterfaceView.swift */,
				0E9049CD24F792DE0061A605 /* Alpha */,
			);
			path = View;
			sourceTree = "<group>";
		};
		0E9049CD24F792DE0061A605 /* Alpha */ = {
			isa = PBXGroup;
			children = (
				0E9049CE24F793060061A605 /* InterfaceViewAlpha.swift */,
			);
			path = Alpha;
			sourceTree = "<group>";
		};
		0EA11EBB24F2B88F00133485 = {
			isa = PBXGroup;
			children = (
				0EA11EC624F2B88F00133485 /* ProfitClub */,
				0EA11EC524F2B88F00133485 /* Products */,
				53E63F8AC83843B05BB15160 /* Pods */,
				1681CB0B8C371CE7B88A96D3 /* Frameworks */,
			);
			sourceTree = "<group>";
		};
		0EA11EC524F2B88F00133485 /* Products */ = {
			isa = PBXGroup;
			children = (
				0EA11EC424F2B88F00133485 /* ProfitClub.app */,
			);
			name = Products;
			sourceTree = "<group>";
		};
		0EA11EC624F2B88F00133485 /* ProfitClub */ = {
			isa = PBXGroup;
			children = (
				0EA11EDB24F2B94400133485 /* Application */,
				0E90498424F60C740061A605 /* Presentation */,
				0EA11EDC24F2B94900133485 /* Resources */,
				0E90497824F39C4E0061A605 /* Secrets */,
			);
			path = ProfitClub;
			sourceTree = "<group>";
		};
		0EA11EDB24F2B94400133485 /* Application */ = {
			isa = PBXGroup;
			children = (
				0EA11EC724F2B88F00133485 /* AppDelegate.swift */,
				0E90496D24F390070061A605 /* AppPresenter.swift */,
				0E90497024F390270061A605 /* AppFactory.swift */,
			);
			path = Application;
			sourceTree = "<group>";
		};
		0EA11EDC24F2B94900133485 /* Resources */ = {
			isa = PBXGroup;
			children = (
				0E506C3F24FC9F5700ABA211 /* Fonts */,
				0EA11EDD24F2B96C00133485 /* Images */,
				0E90494C24F2B9A00061A605 /* Plists */,
				0EA11EDE24F2B97300133485 /* Storyboards */,
			);
			path = Resources;
			sourceTree = "<group>";
		};
		0EA11EDD24F2B96C00133485 /* Images */ = {
			isa = PBXGroup;
			children = (
				0EA11ED024F2B89300133485 /* Assets.xcassets */,
			);
			path = Images;
			sourceTree = "<group>";
		};
		0EA11EDE24F2B97300133485 /* Storyboards */ = {
			isa = PBXGroup;
			children = (
				0EA11ED224F2B89300133485 /* LaunchScreen.storyboard */,
			);
			path = Storyboards;
			sourceTree = "<group>";
		};
		1681CB0B8C371CE7B88A96D3 /* Frameworks */ = {
			isa = PBXGroup;
			children = (
				D881FD37132A41374982A032 /* Pods_ProfitClub.framework */,
			);
			name = Frameworks;
			sourceTree = "<group>";
		};
		53E63F8AC83843B05BB15160 /* Pods */ = {
			isa = PBXGroup;
			children = (
				64F87290C9FD04EC19DEE33B /* Pods-ProfitClub.debug.xcconfig */,
				17770C4311DB6F99F7CDDD46 /* Pods-ProfitClub.release.xcconfig */,
			);
			path = Pods;
			sourceTree = "<group>";
		};
/* End PBXGroup section */

/* Begin PBXNativeTarget section */
		0EA11EC324F2B88F00133485 /* ProfitClub */ = {
			isa = PBXNativeTarget;
			buildConfigurationList = 0EA11ED824F2B89300133485 /* Build configuration list for PBXNativeTarget "ProfitClub" */;
			buildPhases = (
				71E1AB59A3E31BCDAD2F8BD8 /* [CP] Check Pods Manifest.lock */,
				0EA11EC024F2B88F00133485 /* Sources */,
				0EA11EC124F2B88F00133485 /* Frameworks */,
				0EA11EC224F2B88F00133485 /* Resources */,
				BA2F6CCF47B700FA3835C26D /* [CP] Embed Pods Frameworks */,
			);
			buildRules = (
			);
			dependencies = (
			);
			name = ProfitClub;
			productName = ProfitClub;
			productReference = 0EA11EC424F2B88F00133485 /* ProfitClub.app */;
			productType = "com.apple.product-type.application";
		};
/* End PBXNativeTarget section */

/* Begin PBXProject section */
		0EA11EBC24F2B88F00133485 /* Project object */ = {
			isa = PBXProject;
			attributes = {
				LastSwiftUpdateCheck = 1160;
				LastUpgradeCheck = 1160;
				ORGANIZATIONNAME = Vernality;
				TargetAttributes = {
					0EA11EC324F2B88F00133485 = {
						CreatedOnToolsVersion = 11.6;
					};
				};
			};
			buildConfigurationList = 0EA11EBF24F2B88F00133485 /* Build configuration list for PBXProject "ProfitClub" */;
			compatibilityVersion = "Xcode 9.3";
			developmentRegion = en;
			hasScannedForEncodings = 0;
			knownRegions = (
				en,
				Base,
			);
			mainGroup = 0EA11EBB24F2B88F00133485;
			productRefGroup = 0EA11EC524F2B88F00133485 /* Products */;
			projectDirPath = "";
			projectRoot = "";
			targets = (
				0EA11EC324F2B88F00133485 /* ProfitClub */,
			);
		};
/* End PBXProject section */

/* Begin PBXResourcesBuildPhase section */
		0EA11EC224F2B88F00133485 /* Resources */ = {
			isa = PBXResourcesBuildPhase;
			buildActionMask = 2147483647;
			files = (
				0E506C4124FC9F6600ABA211 /* Montserrat-Regular.ttf in Resources */,
				0E506C3C24FC9CDE00ABA211 /* OnboardWelcomeViewBeta.storyboard in Resources */,
				0E506C4324FC9FCB00ABA211 /* PlayfairDisplay-VariableFont_wght.ttf in Resources */,
				0E506C2624FC10B700ABA211 /* ReviewViewBeta.storyboard in Resources */,
				0EA11ED424F2B89300133485 /* LaunchScreen.storyboard in Resources */,
				0E506BEE24FBB92800ABA211 /* SelectRoleViewBeta.storyboard in Resources */,
				0E39664824FCAC020008266D /* OnboardSignUpViewBeta.storyboard in Resources */,
				0E506BFE24FBC39B00ABA211 /* OnboardOrganizationViewBeta.storyboard in Resources */,
				0E506C4B24FCA78C00ABA211 /* OnboardSignInViewBeta.storyboard in Resources */,
				0E506BE724FBB19400ABA211 /* OnboardMemberViewBeta.storyboard in Resources */,
				0EA11ED124F2B89300133485 /* Assets.xcassets in Resources */,
				0E506BF624FBBFBE00ABA211 /* SelectOrganizationViewBeta.storyboard in Resources */,
			);
			runOnlyForDeploymentPostprocessing = 0;
		};
/* End PBXResourcesBuildPhase section */

/* Begin PBXShellScriptBuildPhase section */
		71E1AB59A3E31BCDAD2F8BD8 /* [CP] Check Pods Manifest.lock */ = {
			isa = PBXShellScriptBuildPhase;
			buildActionMask = 2147483647;
			files = (
			);
			inputFileListPaths = (
			);
			inputPaths = (
				"${PODS_PODFILE_DIR_PATH}/Podfile.lock",
				"${PODS_ROOT}/Manifest.lock",
			);
			name = "[CP] Check Pods Manifest.lock";
			outputFileListPaths = (
			);
			outputPaths = (
				"$(DERIVED_FILE_DIR)/Pods-ProfitClub-checkManifestLockResult.txt",
			);
			runOnlyForDeploymentPostprocessing = 0;
			shellPath = /bin/sh;
			shellScript = "diff \"${PODS_PODFILE_DIR_PATH}/Podfile.lock\" \"${PODS_ROOT}/Manifest.lock\" > /dev/null\nif [ $? != 0 ] ; then\n    # print error to STDERR\n    echo \"error: The sandbox is not in sync with the Podfile.lock. Run 'pod install' or update your CocoaPods installation.\" >&2\n    exit 1\nfi\n# This output is used by Xcode 'outputs' to avoid re-running this script phase.\necho \"SUCCESS\" > \"${SCRIPT_OUTPUT_FILE_0}\"\n";
			showEnvVarsInLog = 0;
		};
		BA2F6CCF47B700FA3835C26D /* [CP] Embed Pods Frameworks */ = {
			isa = PBXShellScriptBuildPhase;
			buildActionMask = 2147483647;
			files = (
			);
			inputFileListPaths = (
			);
			name = "[CP] Embed Pods Frameworks";
			outputFileListPaths = (
			);
			runOnlyForDeploymentPostprocessing = 0;
			shellPath = /bin/sh;
			shellScript = "\"${PODS_ROOT}/Target Support Files/Pods-ProfitClub/Pods-ProfitClub-frameworks.sh\"\n";
			showEnvVarsInLog = 0;
		};
/* End PBXShellScriptBuildPhase section */

/* Begin PBXSourcesBuildPhase section */
		0EA11EC024F2B88F00133485 /* Sources */ = {
			isa = PBXSourcesBuildPhase;
			buildActionMask = 2147483647;
			files = (
				0E506C3124FC1AAB00ABA211 /* ReviewRouter.swift in Sources */,
				0E9049A224F62C870061A605 /* OnboardSupplierViewAlpha.swift in Sources */,
				0E90499424F614390061A605 /* OnboardModule.swift in Sources */,
				0E506C3924FC9CC400ABA211 /* OnboardWelcomeView.swift in Sources */,
				0E90496E24F390070061A605 /* AppPresenter.swift in Sources */,
				0E90497A24F39C650061A605 /* Secrets.swift in Sources */,
				0E9049D524FA9E000061A605 /* InterfacePresenter.swift in Sources */,
				0E506C3324FC1B9C00ABA211 /* ReviewDependencies.swift in Sources */,
				0E506C2E24FC1A4600ABA211 /* ReviewPresenter.swift in Sources */,
				0E9049CF24F793060061A605 /* InterfaceViewAlpha.swift in Sources */,
				0E506C2C24FC184900ABA211 /* ReviewViewBetaMemberCell.swift in Sources */,
				0E506C4624FCA6E300ABA211 /* OnboardSignIn.swift in Sources */,
				0E39664624FCABD70008266D /* OnboardSignUpViewBeta.swift in Sources */,
				0E506BE924FBB1AD00ABA211 /* OnboardMemberViewBeta.swift in Sources */,
				0E506BF124FBBF4600ABA211 /* SelectOrganizationView.swift in Sources */,
				0E506BEC24FBB83700ABA211 /* SelectRoleViewBeta.swift in Sources */,
				0E90499A24F624770061A605 /* OnboardError.swift in Sources */,
				0E90497124F390270061A605 /* AppFactory.swift in Sources */,
				0E506BF924FBC2FC00ABA211 /* OnboardOrganizationView.swift in Sources */,
				0E9049CA24F792960061A605 /* InterfaceModule.swift in Sources */,
				0E90498724F60C980061A605 /* SelectRoleView.swift in Sources */,
				0E90498A24F60D250061A605 /* SelectRoleViewAlpha.swift in Sources */,
				0E506C2824FC131700ABA211 /* ReviewViewBetaOrganizationCell.swift in Sources */,
				0E506BF424FBBFA400ABA211 /* SelectOrganizationViewBeta.swift in Sources */,
				0E506C3E24FC9CE700ABA211 /* OnboardWelcomeViewBeta.swift in Sources */,
				0E90499224F6142A0061A605 /* OnboardPresenter.swift in Sources */,
				0E9049CC24F792D00061A605 /* InterfaceView.swift in Sources */,
				0E9049DA24FA9F4C0061A605 /* InterfaceFactory.swift in Sources */,
				0E506C1E24FC0DE400ABA211 /* ReviewModule.swift in Sources */,
				0E9049DC24FA9F9A0061A605 /* InterfaceDependencies.swift in Sources */,
				0E506C4924FCA78100ABA211 /* OnboardSignInViewBeta.swift in Sources */,
				0E506C2A24FC180300ABA211 /* ReviewViewBetaSupplierCell.swift in Sources */,
				0E90499624F615E80061A605 /* OnboardRouter.swift in Sources */,
				0E39664324FCABAD0008266D /* OnboardSignUpView.swift in Sources */,
				0E506C2424FC10AF00ABA211 /* ReviewViewBeta.swift in Sources */,
				0E90499824F6160F0061A605 /* OnboardFactory.swift in Sources */,
				0E506C2124FC108800ABA211 /* ReviewView.swift in Sources */,
				0EA11EC824F2B88F00133485 /* AppDelegate.swift in Sources */,
				0E506C3524FC1BA700ABA211 /* ReviewFactory.swift in Sources */,
				0E506BE424FBB16800ABA211 /* OnboardMemberView.swift in Sources */,
				0E90499F24F62C6C0061A605 /* OnboardSupplierView.swift in Sources */,
				0E506BFC24FBC37900ABA211 /* OnboardOrganizationViewBeta.swift in Sources */,
				0E90499C24F62A6D0061A605 /* OnboardDependencies.swift in Sources */,
			);
			runOnlyForDeploymentPostprocessing = 0;
		};
/* End PBXSourcesBuildPhase section */

/* Begin PBXVariantGroup section */
		0EA11ED224F2B89300133485 /* LaunchScreen.storyboard */ = {
			isa = PBXVariantGroup;
			children = (
				0EA11ED324F2B89300133485 /* Base */,
			);
			name = LaunchScreen.storyboard;
			sourceTree = "<group>";
		};
/* End PBXVariantGroup section */

/* Begin XCBuildConfiguration section */
		0EA11ED624F2B89300133485 /* Debug */ = {
			isa = XCBuildConfiguration;
			buildSettings = {
				ALWAYS_SEARCH_USER_PATHS = NO;
				CLANG_ANALYZER_NONNULL = YES;
				CLANG_ANALYZER_NUMBER_OBJECT_CONVERSION = YES_AGGRESSIVE;
				CLANG_CXX_LANGUAGE_STANDARD = "gnu++14";
				CLANG_CXX_LIBRARY = "libc++";
				CLANG_ENABLE_MODULES = YES;
				CLANG_ENABLE_OBJC_ARC = YES;
				CLANG_ENABLE_OBJC_WEAK = YES;
				CLANG_WARN_BLOCK_CAPTURE_AUTORELEASING = YES;
				CLANG_WARN_BOOL_CONVERSION = YES;
				CLANG_WARN_COMMA = YES;
				CLANG_WARN_CONSTANT_CONVERSION = YES;
				CLANG_WARN_DEPRECATED_OBJC_IMPLEMENTATIONS = YES;
				CLANG_WARN_DIRECT_OBJC_ISA_USAGE = YES_ERROR;
				CLANG_WARN_DOCUMENTATION_COMMENTS = YES;
				CLANG_WARN_EMPTY_BODY = YES;
				CLANG_WARN_ENUM_CONVERSION = YES;
				CLANG_WARN_INFINITE_RECURSION = YES;
				CLANG_WARN_INT_CONVERSION = YES;
				CLANG_WARN_NON_LITERAL_NULL_CONVERSION = YES;
				CLANG_WARN_OBJC_IMPLICIT_RETAIN_SELF = YES;
				CLANG_WARN_OBJC_LITERAL_CONVERSION = YES;
				CLANG_WARN_OBJC_ROOT_CLASS = YES_ERROR;
				CLANG_WARN_RANGE_LOOP_ANALYSIS = YES;
				CLANG_WARN_STRICT_PROTOTYPES = YES;
				CLANG_WARN_SUSPICIOUS_MOVE = YES;
				CLANG_WARN_UNGUARDED_AVAILABILITY = YES_AGGRESSIVE;
				CLANG_WARN_UNREACHABLE_CODE = YES;
				CLANG_WARN__DUPLICATE_METHOD_MATCH = YES;
				COPY_PHASE_STRIP = NO;
				DEBUG_INFORMATION_FORMAT = dwarf;
				ENABLE_STRICT_OBJC_MSGSEND = YES;
				ENABLE_TESTABILITY = YES;
				GCC_C_LANGUAGE_STANDARD = gnu11;
				GCC_DYNAMIC_NO_PIC = NO;
				GCC_NO_COMMON_BLOCKS = YES;
				GCC_OPTIMIZATION_LEVEL = 0;
				GCC_PREPROCESSOR_DEFINITIONS = (
					"DEBUG=1",
					"$(inherited)",
				);
				GCC_WARN_64_TO_32_BIT_CONVERSION = YES;
				GCC_WARN_ABOUT_RETURN_TYPE = YES_ERROR;
				GCC_WARN_UNDECLARED_SELECTOR = YES;
				GCC_WARN_UNINITIALIZED_AUTOS = YES_AGGRESSIVE;
				GCC_WARN_UNUSED_FUNCTION = YES;
				GCC_WARN_UNUSED_VARIABLE = YES;
				IPHONEOS_DEPLOYMENT_TARGET = 11.0;
				MTL_ENABLE_DEBUG_INFO = INCLUDE_SOURCE;
				MTL_FAST_MATH = YES;
				ONLY_ACTIVE_ARCH = YES;
				SDKROOT = iphoneos;
				SWIFT_ACTIVE_COMPILATION_CONDITIONS = DEBUG;
				SWIFT_OPTIMIZATION_LEVEL = "-Onone";
			};
			name = Debug;
		};
		0EA11ED724F2B89300133485 /* Release */ = {
			isa = XCBuildConfiguration;
			buildSettings = {
				ALWAYS_SEARCH_USER_PATHS = NO;
				CLANG_ANALYZER_NONNULL = YES;
				CLANG_ANALYZER_NUMBER_OBJECT_CONVERSION = YES_AGGRESSIVE;
				CLANG_CXX_LANGUAGE_STANDARD = "gnu++14";
				CLANG_CXX_LIBRARY = "libc++";
				CLANG_ENABLE_MODULES = YES;
				CLANG_ENABLE_OBJC_ARC = YES;
				CLANG_ENABLE_OBJC_WEAK = YES;
				CLANG_WARN_BLOCK_CAPTURE_AUTORELEASING = YES;
				CLANG_WARN_BOOL_CONVERSION = YES;
				CLANG_WARN_COMMA = YES;
				CLANG_WARN_CONSTANT_CONVERSION = YES;
				CLANG_WARN_DEPRECATED_OBJC_IMPLEMENTATIONS = YES;
				CLANG_WARN_DIRECT_OBJC_ISA_USAGE = YES_ERROR;
				CLANG_WARN_DOCUMENTATION_COMMENTS = YES;
				CLANG_WARN_EMPTY_BODY = YES;
				CLANG_WARN_ENUM_CONVERSION = YES;
				CLANG_WARN_INFINITE_RECURSION = YES;
				CLANG_WARN_INT_CONVERSION = YES;
				CLANG_WARN_NON_LITERAL_NULL_CONVERSION = YES;
				CLANG_WARN_OBJC_IMPLICIT_RETAIN_SELF = YES;
				CLANG_WARN_OBJC_LITERAL_CONVERSION = YES;
				CLANG_WARN_OBJC_ROOT_CLASS = YES_ERROR;
				CLANG_WARN_RANGE_LOOP_ANALYSIS = YES;
				CLANG_WARN_STRICT_PROTOTYPES = YES;
				CLANG_WARN_SUSPICIOUS_MOVE = YES;
				CLANG_WARN_UNGUARDED_AVAILABILITY = YES_AGGRESSIVE;
				CLANG_WARN_UNREACHABLE_CODE = YES;
				CLANG_WARN__DUPLICATE_METHOD_MATCH = YES;
				COPY_PHASE_STRIP = NO;
				DEBUG_INFORMATION_FORMAT = "dwarf-with-dsym";
				ENABLE_NS_ASSERTIONS = NO;
				ENABLE_STRICT_OBJC_MSGSEND = YES;
				GCC_C_LANGUAGE_STANDARD = gnu11;
				GCC_NO_COMMON_BLOCKS = YES;
				GCC_WARN_64_TO_32_BIT_CONVERSION = YES;
				GCC_WARN_ABOUT_RETURN_TYPE = YES_ERROR;
				GCC_WARN_UNDECLARED_SELECTOR = YES;
				GCC_WARN_UNINITIALIZED_AUTOS = YES_AGGRESSIVE;
				GCC_WARN_UNUSED_FUNCTION = YES;
				GCC_WARN_UNUSED_VARIABLE = YES;
				IPHONEOS_DEPLOYMENT_TARGET = 11.0;
				MTL_ENABLE_DEBUG_INFO = NO;
				MTL_FAST_MATH = YES;
				SDKROOT = iphoneos;
				SWIFT_COMPILATION_MODE = wholemodule;
				SWIFT_OPTIMIZATION_LEVEL = "-O";
				VALIDATE_PRODUCT = YES;
			};
			name = Release;
		};
		0EA11ED924F2B89300133485 /* Debug */ = {
			isa = XCBuildConfiguration;
			baseConfigurationReference = 64F87290C9FD04EC19DEE33B /* Pods-ProfitClub.debug.xcconfig */;
			buildSettings = {
				ASSETCATALOG_COMPILER_APPICON_NAME = AppIcon;
				CODE_SIGN_STYLE = Automatic;
				DEVELOPMENT_TEAM = 5V5EUT3ZXJ;
				INFOPLIST_FILE = ProfitClub/Resources/Plists/Info.plist;
				LD_RUNPATH_SEARCH_PATHS = (
					"$(inherited)",
					"@executable_path/Frameworks",
				);
				PRODUCT_BUNDLE_IDENTIFIER = org.vernality.profitclub.ios;
				PRODUCT_NAME = "$(TARGET_NAME)";
				SWIFT_VERSION = 5.0;
				TARGETED_DEVICE_FAMILY = 1;
			};
			name = Debug;
		};
		0EA11EDA24F2B89300133485 /* Release */ = {
			isa = XCBuildConfiguration;
			baseConfigurationReference = 17770C4311DB6F99F7CDDD46 /* Pods-ProfitClub.release.xcconfig */;
			buildSettings = {
				ASSETCATALOG_COMPILER_APPICON_NAME = AppIcon;
				CODE_SIGN_STYLE = Automatic;
				DEVELOPMENT_TEAM = 5V5EUT3ZXJ;
				INFOPLIST_FILE = ProfitClub/Resources/Plists/Info.plist;
				LD_RUNPATH_SEARCH_PATHS = (
					"$(inherited)",
					"@executable_path/Frameworks",
				);
				PRODUCT_BUNDLE_IDENTIFIER = org.vernality.profitclub.ios;
				PRODUCT_NAME = "$(TARGET_NAME)";
				SWIFT_VERSION = 5.0;
				TARGETED_DEVICE_FAMILY = 1;
			};
			name = Release;
		};
/* End XCBuildConfiguration section */

/* Begin XCConfigurationList section */
		0EA11EBF24F2B88F00133485 /* Build configuration list for PBXProject "ProfitClub" */ = {
			isa = XCConfigurationList;
			buildConfigurations = (
				0EA11ED624F2B89300133485 /* Debug */,
				0EA11ED724F2B89300133485 /* Release */,
			);
			defaultConfigurationIsVisible = 0;
			defaultConfigurationName = Release;
		};
		0EA11ED824F2B89300133485 /* Build configuration list for PBXNativeTarget "ProfitClub" */ = {
			isa = XCConfigurationList;
			buildConfigurations = (
				0EA11ED924F2B89300133485 /* Debug */,
				0EA11EDA24F2B89300133485 /* Release */,
			);
			defaultConfigurationIsVisible = 0;
			defaultConfigurationName = Release;
		};
/* End XCConfigurationList section */
	};
	rootObject = 0EA11EBC24F2B88F00133485 /* Project object */;
}
