PODS:
  - ActivityPresenter (0.0.1)
  - Bolts/Tasks (1.9.1)
  - ErrorPresenter (0.0.1)
  - FittedSheets (2.1.1)
  - Kingfisher (5.15.0):
    - Kingfisher/Core (= 5.15.0)
  - Kingfisher/Core (5.15.0)
  - Main (0.0.1):
    - FittedSheets
  - Nantes (0.1.1)
  - Parse (1.19.0):
    - Parse/Core (= 1.19.0)
  - Parse/Core (1.19.0):
    - Bolts/Tasks (= 1.9.1)
  - PCActionService (0.0.1):
    - Parse
    - PCAuthentication
    - ProfitClubModel
    - ProfitClubParse
  - PCAuthentication (0.0.1):
    - Parse
    - ProfitClubModel
    - ProfitClubParse
  - PCOrganizationService (0.0.1):
    - Parse
    - PCAuthentication
    - ProfitClubModel
    - ProfitClubParse
  - PCUserService (0.0.1):
    - Parse
    - PCAuthentication
    - ProfitClubModel
  - ProfitClubModel (0.0.1)
  - ProfitClubParse (0.0.1):
    - Parse
    - ProfitClubModel

DEPENDENCIES:
  - ActivityPresenter (from `../../../Pods/Packages/ActivityPresenter.podspec`)
  - ErrorPresenter (from `../../../Pods/Packages/ErrorPresenter.podspec`)
  - Kingfisher
  - Main (from `../../../Pods/Modules/Main.podspec`)
  - Nantes
  - PCActionService (from `../../../Pods/Services/ProfitClub/PCActionService.podspec`)
  - PCAuthentication (from `../../../Pods/Services/ProfitClub/PCAuthentication.podspec`)
  - PCOrganizationService (from `../../../Pods/Services/ProfitClub/PCOrganizationService.podspec`)
  - PCUserService (from `../../../Pods/Services/ProfitClub/PCUserService.podspec`)
  - ProfitClubModel (from `../../../Pods/Ontology/ProfitClubModel.podspec`)
  - ProfitClubParse (from `../../../Pods/Ontology/ProfitClubParse.podspec`)

SPEC REPOS:
  trunk:
    - Bolts
    - FittedSheets
    - Kingfisher
    - Nantes
    - Parse

EXTERNAL SOURCES:
  ActivityPresenter:
    :path: "../../../Pods/Packages/ActivityPresenter.podspec"
  ErrorPresenter:
    :path: "../../../Pods/Packages/ErrorPresenter.podspec"
  Main:
    :path: "../../../Pods/Modules/Main.podspec"
  PCActionService:
    :path: "../../../Pods/Services/ProfitClub/PCActionService.podspec"
  PCAuthentication:
    :path: "../../../Pods/Services/ProfitClub/PCAuthentication.podspec"
  PCOrganizationService:
    :path: "../../../Pods/Services/ProfitClub/PCOrganizationService.podspec"
  PCUserService:
    :path: "../../../Pods/Services/ProfitClub/PCUserService.podspec"
  ProfitClubModel:
    :path: "../../../Pods/Ontology/ProfitClubModel.podspec"
  ProfitClubParse:
    :path: "../../../Pods/Ontology/ProfitClubParse.podspec"

SPEC CHECKSUMS:
  ActivityPresenter: 43362337d96a0ea52420fe808517fe9cd1b527a4
  Bolts: 8c1e8aab2f603387b8b9924f57d1d64f43d3ffdc
  ErrorPresenter: deb60f0739744b9b79bbf7be09e7e0a473ba132b
  FittedSheets: ec30a41b7f054891992ada0441ebe7801958f123
  Kingfisher: 1acb67597a520c2d0310677e66d6e0af455ef757
  Main: 5f3663f52dc9f73e8caed2af67aa325dfd64111d
  Nantes: e11fbe0b6214de8c09cc8b763dbf61f70fbbf885
  Parse: 0fb5c7cc7ee5900f2434e24607d0496155b8d04f
  PCActionService: 57c4d47fb324bc6d6f0de36d037f8ee04e2f52dd
  PCAuthentication: 08d4d8b660b8f39573b8192607dd431ebdb7254f
  PCOrganizationService: d3e3f936840999a102c4bfdecfdeccd327ccf9d3
  PCUserService: 0fda50172a03145b21c939d6bbdbf12526c7e37b
  ProfitClubModel: 38acfa2527d8cac51c97c8494db90fdd3025d32f
  ProfitClubParse: f0319471560bd2af6fd3d2753a8980bab1656b1a

PODFILE CHECKSUM: ae4e6d76cb43e203722badf7a0819c69406fdc28

COCOAPODS: 1.10.0
