PODS:
  - ActivityPresenter (0.0.1)
  - Bolts/Tasks (1.9.1)
  - ErrorPresenter (0.0.1)
  - FittedSheets (2.1.1)
  - LoginView (0.0.1)
  - Main (0.0.1):
    - FittedSheets
  - Parse (1.18.0):
    - Parse/Core (= 1.18.0)
  - Parse/Core (1.18.0):
    - Bolts/Tasks (= 1.9.1)
  - PCAuthentication (0.0.1):
    - Parse
    - ProfitClubModel
  - ProfitClubModel (0.0.1)
  - Realm (10.0.0-beta.2):
    - Realm/Headers (= 10.0.0-beta.2)
  - Realm/Headers (10.0.0-beta.2)
  - RealmManager (0.0.1):
    - RealmSwift (= 10.0.0-beta.2)
  - RealmSwift (10.0.0-beta.2):
    - Realm (= 10.0.0-beta.2)
  - UserModel (0.0.1)

DEPENDENCIES:
  - ActivityPresenter (from `../../../Pods/Packages/ActivityPresenter.podspec`)
  - ErrorPresenter (from `../../../Pods/Packages/ErrorPresenter.podspec`)
  - LoginView (from `../../../Pods/Packages/LoginView.podspec`)
  - Main (from `../../../Pods/Modules/Main.podspec`)
  - PCAuthentication (from `../../../Pods/Services/ProfitClub/PCAuthentication.podspec`)
  - ProfitClubModel (from `../../../Pods/Ontology/ProfitClubModel.podspec`)
  - RealmManager (from `../../../Pods/Packages/RealmManager.podspec`)
  - UserModel (from `../../../Pods/Ontology/UserModel.podspec`)

SPEC REPOS:
  trunk:
    - Bolts
    - FittedSheets
    - Parse
    - Realm
    - RealmSwift

EXTERNAL SOURCES:
  ActivityPresenter:
    :path: "../../../Pods/Packages/ActivityPresenter.podspec"
  ErrorPresenter:
    :path: "../../../Pods/Packages/ErrorPresenter.podspec"
  LoginView:
    :path: "../../../Pods/Packages/LoginView.podspec"
  Main:
    :path: "../../../Pods/Modules/Main.podspec"
  PCAuthentication:
    :path: "../../../Pods/Services/ProfitClub/PCAuthentication.podspec"
  ProfitClubModel:
    :path: "../../../Pods/Ontology/ProfitClubModel.podspec"
  RealmManager:
    :path: "../../../Pods/Packages/RealmManager.podspec"
  UserModel:
    :path: "../../../Pods/Ontology/UserModel.podspec"

SPEC CHECKSUMS:
  ActivityPresenter: 43362337d96a0ea52420fe808517fe9cd1b527a4
  Bolts: 8c1e8aab2f603387b8b9924f57d1d64f43d3ffdc
  ErrorPresenter: deb60f0739744b9b79bbf7be09e7e0a473ba132b
  FittedSheets: ec30a41b7f054891992ada0441ebe7801958f123
  LoginView: 9a1131eadfc1a3a2e9bc1f80c9344d50a51d2e65
  Main: 5f3663f52dc9f73e8caed2af67aa325dfd64111d
  Parse: 79bdda34fdb7eb2a707a43a951c8aae236cb3e34
  PCAuthentication: 634e3e6011590b1803a0ce7544667b9b70469a96
  ProfitClubModel: 38acfa2527d8cac51c97c8494db90fdd3025d32f
  Realm: 211e32e680c354c9b1a2bdc0e3aeb01c25849641
  RealmManager: f7eb98c0aea4c5e428d6e13da106571f77b942a2
  RealmSwift: f9043abf9b6821ad5c3032c2a36b5ddfc90b4ce3
  UserModel: bf0e8a56c8473972a1b41e723171b777a23d994c

PODFILE CHECKSUM: a2dfa87be276ee3aa938152266109ad0034ad2d3

COCOAPODS: 1.9.3
