// !$*UTF8*$!
{
	archiveVersion = 1;
	classes = {
	};
	objectVersion = 52;
	objects = {

/* Begin PBXBuildFile section */
		0EDB936925BC562A00F0C158 /* DemoApp.swift in Sources */ = {isa = PBXBuildFile; fileRef = 0EDB935625BC562A00F0C158 /* DemoApp.swift */; };
		0EDB936A25BC562A00F0C158 /* DemoApp.swift in Sources */ = {isa = PBXBuildFile; fileRef = 0EDB935625BC562A00F0C158 /* DemoApp.swift */; };
		0EDB936B25BC562A00F0C158 /* ContentView.swift in Sources */ = {isa = PBXBuildFile; fileRef = 0EDB935725BC562A00F0C158 /* ContentView.swift */; };
		0EDB936C25BC562A00F0C158 /* ContentView.swift in Sources */ = {isa = PBXBuildFile; fileRef = 0EDB935725BC562A00F0C158 /* ContentView.swift */; };
		0EDB936D25BC562A00F0C158 /* Assets.xcassets in Resources */ = {isa = PBXBuildFile; fileRef = 0EDB935825BC562A00F0C158 /* Assets.xcassets */; };
		0EDB936E25BC562A00F0C158 /* Assets.xcassets in Resources */ = {isa = PBXBuildFile; fileRef = 0EDB935825BC562A00F0C158 /* Assets.xcassets */; };
		0EDB937E25BC571E00F0C158 /* PCReview in Frameworks */ = {isa = PBXBuildFile; productRef = 0EDB937D25BC571E00F0C158 /* PCReview */; };
/* End PBXBuildFile section */

/* Begin PBXFileReference section */
		0EDB935625BC562A00F0C158 /* DemoApp.swift */ = {isa = PBXFileReference; lastKnownFileType = sourcecode.swift; path = DemoApp.swift; sourceTree = "<group>"; };
		0EDB935725BC562A00F0C158 /* ContentView.swift */ = {isa = PBXFileReference; lastKnownFileType = sourcecode.swift; path = ContentView.swift; sourceTree = "<group>"; };
		0EDB935825BC562A00F0C158 /* Assets.xcassets */ = {isa = PBXFileReference; lastKnownFileType = folder.assetcatalog; path = Assets.xcassets; sourceTree = "<group>"; };
		0EDB935D25BC562A00F0C158 /* Demo.app */ = {isa = PBXFileReference; explicitFileType = wrapper.application; includeInIndex = 0; path = Demo.app; sourceTree = BUILT_PRODUCTS_DIR; };
		0EDB936025BC562A00F0C158 /* Info.plist */ = {isa = PBXFileReference; lastKnownFileType = text.plist.xml; path = Info.plist; sourceTree = "<group>"; };
		0EDB936525BC562A00F0C158 /* Demo.app */ = {isa = PBXFileReference; explicitFileType = wrapper.application; includeInIndex = 0; path = Demo.app; sourceTree = BUILT_PRODUCTS_DIR; };
		0EDB936725BC562A00F0C158 /* Info.plist */ = {isa = PBXFileReference; lastKnownFileType = text.plist.xml; path = Info.plist; sourceTree = "<group>"; };
		0EDB936825BC562A00F0C158 /* macOS.entitlements */ = {isa = PBXFileReference; lastKnownFileType = text.plist.entitlements; path = macOS.entitlements; sourceTree = "<group>"; };
		0EDB937925BC566C00F0C158 /* PCReview */ = {isa = PBXFileReference; lastKnownFileType = folder; name = PCReview; path = ..; sourceTree = "<group>"; };
/* End PBXFileReference section */

/* Begin PBXFrameworksBuildPhase section */
		0EDB935A25BC562A00F0C158 /* Frameworks */ = {
			isa = PBXFrameworksBuildPhase;
			buildActionMask = 2147483647;
			files = (
				0EDB937E25BC571E00F0C158 /* PCReview in Frameworks */,
			);
			runOnlyForDeploymentPostprocessing = 0;
		};
		0EDB936225BC562A00F0C158 /* Frameworks */ = {
			isa = PBXFrameworksBuildPhase;
			buildActionMask = 2147483647;
			files = (
			);
			runOnlyForDeploymentPostprocessing = 0;
		};
/* End PBXFrameworksBuildPhase section */

/* Begin PBXGroup section */
		0EDB935025BC562A00F0C158 = {
			isa = PBXGroup;
			children = (
				0EDB937925BC566C00F0C158 /* PCReview */,
				0EDB935525BC562A00F0C158 /* Shared */,
				0EDB935F25BC562A00F0C158 /* iOS */,
				0EDB936625BC562A00F0C158 /* macOS */,
				0EDB935E25BC562A00F0C158 /* Products */,
				0EDB937C25BC571E00F0C158 /* Frameworks */,
			);
			sourceTree = "<group>";
		};
		0EDB935525BC562A00F0C158 /* Shared */ = {
			isa = PBXGroup;
			children = (
				0EDB935625BC562A00F0C158 /* DemoApp.swift */,
				0EDB935725BC562A00F0C158 /* ContentView.swift */,
				0EDB935825BC562A00F0C158 /* Assets.xcassets */,
			);
			path = Shared;
			sourceTree = "<group>";
		};
		0EDB935E25BC562A00F0C158 /* Products */ = {
			isa = PBXGroup;
			children = (
				0EDB935D25BC562A00F0C158 /* Demo.app */,
				0EDB936525BC562A00F0C158 /* Demo.app */,
			);
			name = Products;
			sourceTree = "<group>";
		};
		0EDB935F25BC562A00F0C158 /* iOS */ = {
			isa = PBXGroup;
			children = (
				0EDB936025BC562A00F0C158 /* Info.plist */,
			);
			path = iOS;
			sourceTree = "<group>";
		};
		0EDB936625BC562A00F0C158 /* macOS */ = {
			isa = PBXGroup;
			children = (
				0EDB936725BC562A00F0C158 /* Info.plist */,
				0EDB936825BC562A00F0C158 /* macOS.entitlements */,
			);
			path = macOS;
			sourceTree = "<group>";
		};
		0EDB937C25BC571E00F0C158 /* Frameworks */ = {
			isa = PBXGroup;
			children = (
			);
			name = Frameworks;
			sourceTree = "<group>";
		};
/* End PBXGroup section */

/* Begin PBXNativeTarget section */
		0EDB935C25BC562A00F0C158 /* Demo (iOS) */ = {
			isa = PBXNativeTarget;
			buildConfigurationList = 0EDB937125BC562A00F0C158 /* Build configuration list for PBXNativeTarget "Demo (iOS)" */;
			buildPhases = (
				0EDB935925BC562A00F0C158 /* Sources */,
				0EDB935A25BC562A00F0C158 /* Frameworks */,
				0EDB935B25BC562A00F0C158 /* Resources */,
			);
			buildRules = (
			);
			dependencies = (
			);
			name = "Demo (iOS)";
			packageProductDependencies = (
				0EDB937D25BC571E00F0C158 /* PCReview */,
			);
			productName = "Demo (iOS)";
			productReference = 0EDB935D25BC562A00F0C158 /* Demo.app */;
			productType = "com.apple.product-type.application";
		};
		0EDB936425BC562A00F0C158 /* Demo (macOS) */ = {
			isa = PBXNativeTarget;
			buildConfigurationList = 0EDB937425BC562A00F0C158 /* Build configuration list for PBXNativeTarget "Demo (macOS)" */;
			buildPhases = (
				0EDB936125BC562A00F0C158 /* Sources */,
				0EDB936225BC562A00F0C158 /* Frameworks */,
				0EDB936325BC562A00F0C158 /* Resources */,
			);
			buildRules = (
			);
			dependencies = (
			);
			name = "Demo (macOS)";
			productName = "Demo (macOS)";
			productReference = 0EDB936525BC562A00F0C158 /* Demo.app */;
			productType = "com.apple.product-type.application";
		};
/* End PBXNativeTarget section */

/* Begin PBXProject section */
		0EDB935125BC562A00F0C158 /* Project object */ = {
			isa = PBXProject;
			attributes = {
				LastSwiftUpdateCheck = 1230;
				LastUpgradeCheck = 1230;
				TargetAttributes = {
					0EDB935C25BC562A00F0C158 = {
						CreatedOnToolsVersion = 12.3;
					};
					0EDB936425BC562A00F0C158 = {
						CreatedOnToolsVersion = 12.3;
					};
				};
			};
			buildConfigurationList = 0EDB935425BC562A00F0C158 /* Build configuration list for PBXProject "Demo" */;
			compatibilityVersion = "Xcode 9.3";
			developmentRegion = en;
			hasScannedForEncodings = 0;
			knownRegions = (
				en,
				Base,
			);
			mainGroup = 0EDB935025BC562A00F0C158;
			productRefGroup = 0EDB935E25BC562A00F0C158 /* Products */;
			projectDirPath = "";
			projectRoot = "";
			targets = (
				0EDB935C25BC562A00F0C158 /* Demo (iOS) */,
				0EDB936425BC562A00F0C158 /* Demo (macOS) */,
			);
		};
/* End PBXProject section */

/* Begin PBXResourcesBuildPhase section */
		0EDB935B25BC562A00F0C158 /* Resources */ = {
			isa = PBXResourcesBuildPhase;
			buildActionMask = 2147483647;
			files = (
				0EDB936D25BC562A00F0C158 /* Assets.xcassets in Resources */,
			);
			runOnlyForDeploymentPostprocessing = 0;
		};
		0EDB936325BC562A00F0C158 /* Resources */ = {
			isa = PBXResourcesBuildPhase;
			buildActionMask = 2147483647;
			files = (
				0EDB936E25BC562A00F0C158 /* Assets.xcassets in Resources */,
			);
			runOnlyForDeploymentPostprocessing = 0;
		};
/* End PBXResourcesBuildPhase section */

/* Begin PBXSourcesBuildPhase section */
		0EDB935925BC562A00F0C158 /* Sources */ = {
			isa = PBXSourcesBuildPhase;
			buildActionMask = 2147483647;
			files = (
				0EDB936B25BC562A00F0C158 /* ContentView.swift in Sources */,
				0EDB936925BC562A00F0C158 /* DemoApp.swift in Sources */,
			);
			runOnlyForDeploymentPostprocessing = 0;
		};
		0EDB936125BC562A00F0C158 /* Sources */ = {
			isa = PBXSourcesBuildPhase;
			buildActionMask = 2147483647;
			files = (
				0EDB936C25BC562A00F0C158 /* ContentView.swift in Sources */,
				0EDB936A25BC562A00F0C158 /* DemoApp.swift in Sources */,
			);
			runOnlyForDeploymentPostprocessing = 0;
		};
/* End PBXSourcesBuildPhase section */

/* Begin XCBuildConfiguration section */
		0EDB936F25BC562A00F0C158 /* Debug */ = {
			isa = XCBuildConfiguration;
			buildSettings = {
				ALWAYS_SEARCH_USER_PATHS = NO;
				CLANG_ANALYZER_NONNULL = YES;
				CLANG_ANALYZER_NUMBER_OBJECT_CONVERSION = YES_AGGRESSIVE;
				CLANG_CXX_LANGUAGE_STANDARD = "gnu++14";
				CLANG_CXX_LIBRARY = "libc++";
				CLANG_ENABLE_MODULES = YES;
				CLANG_ENABLE_OBJC_ARC = YES;
				CLANG_ENABLE_OBJC_WEAK = YES;
				CLANG_WARN_BLOCK_CAPTURE_AUTORELEASING = YES;
				CLANG_WARN_BOOL_CONVERSION = YES;
				CLANG_WARN_COMMA = YES;
				CLANG_WARN_CONSTANT_CONVERSION = YES;
				CLANG_WARN_DEPRECATED_OBJC_IMPLEMENTATIONS = YES;
				CLANG_WARN_DIRECT_OBJC_ISA_USAGE = YES_ERROR;
				CLANG_WARN_DOCUMENTATION_COMMENTS = YES;
				CLANG_WARN_EMPTY_BODY = YES;
				CLANG_WARN_ENUM_CONVERSION = YES;
				CLANG_WARN_INFINITE_RECURSION = YES;
				CLANG_WARN_INT_CONVERSION = YES;
				CLANG_WARN_NON_LITERAL_NULL_CONVERSION = YES;
				CLANG_WARN_OBJC_IMPLICIT_RETAIN_SELF = YES;
				CLANG_WARN_OBJC_LITERAL_CONVERSION = YES;
				CLANG_WARN_OBJC_ROOT_CLASS = YES_ERROR;
				CLANG_WARN_QUOTED_INCLUDE_IN_FRAMEWORK_HEADER = YES;
				CLANG_WARN_RANGE_LOOP_ANALYSIS = YES;
				CLANG_WARN_STRICT_PROTOTYPES = YES;
				CLANG_WARN_SUSPICIOUS_MOVE = YES;
				CLANG_WARN_UNGUARDED_AVAILABILITY = YES_AGGRESSIVE;
				CLANG_WARN_UNREACHABLE_CODE = YES;
				CLANG_WARN__DUPLICATE_METHOD_MATCH = YES;
				COPY_PHASE_STRIP = NO;
				DEBUG_INFORMATION_FORMAT = dwarf;
				ENABLE_STRICT_OBJC_MSGSEND = YES;
				ENABLE_TESTABILITY = YES;
				GCC_C_LANGUAGE_STANDARD = gnu11;
				GCC_DYNAMIC_NO_PIC = NO;
				GCC_NO_COMMON_BLOCKS = YES;
				GCC_OPTIMIZATION_LEVEL = 0;
				GCC_PREPROCESSOR_DEFINITIONS = (
					"DEBUG=1",
					"$(inherited)",
				);
				GCC_WARN_64_TO_32_BIT_CONVERSION = YES;
				GCC_WARN_ABOUT_RETURN_TYPE = YES_ERROR;
				GCC_WARN_UNDECLARED_SELECTOR = YES;
				GCC_WARN_UNINITIALIZED_AUTOS = YES_AGGRESSIVE;
				GCC_WARN_UNUSED_FUNCTION = YES;
				GCC_WARN_UNUSED_VARIABLE = YES;
				MTL_ENABLE_DEBUG_INFO = INCLUDE_SOURCE;
				MTL_FAST_MATH = YES;
				ONLY_ACTIVE_ARCH = YES;
				SWIFT_ACTIVE_COMPILATION_CONDITIONS = DEBUG;
				SWIFT_OPTIMIZATION_LEVEL = "-Onone";
			};
			name = Debug;
		};
		0EDB937025BC562A00F0C158 /* Release */ = {
			isa = XCBuildConfiguration;
			buildSettings = {
				ALWAYS_SEARCH_USER_PATHS = NO;
				CLANG_ANALYZER_NONNULL = YES;
				CLANG_ANALYZER_NUMBER_OBJECT_CONVERSION = YES_AGGRESSIVE;
				CLANG_CXX_LANGUAGE_STANDARD = "gnu++14";
				CLANG_CXX_LIBRARY = "libc++";
				CLANG_ENABLE_MODULES = YES;
				CLANG_ENABLE_OBJC_ARC = YES;
				CLANG_ENABLE_OBJC_WEAK = YES;
				CLANG_WARN_BLOCK_CAPTURE_AUTORELEASING = YES;
				CLANG_WARN_BOOL_CONVERSION = YES;
				CLANG_WARN_COMMA = YES;
				CLANG_WARN_CONSTANT_CONVERSION = YES;
				CLANG_WARN_DEPRECATED_OBJC_IMPLEMENTATIONS = YES;
				CLANG_WARN_DIRECT_OBJC_ISA_USAGE = YES_ERROR;
				CLANG_WARN_DOCUMENTATION_COMMENTS = YES;
				CLANG_WARN_EMPTY_BODY = YES;
				CLANG_WARN_ENUM_CONVERSION = YES;
				CLANG_WARN_INFINITE_RECURSION = YES;
				CLANG_WARN_INT_CONVERSION = YES;
				CLANG_WARN_NON_LITERAL_NULL_CONVERSION = YES;
				CLANG_WARN_OBJC_IMPLICIT_RETAIN_SELF = YES;
				CLANG_WARN_OBJC_LITERAL_CONVERSION = YES;
				CLANG_WARN_OBJC_ROOT_CLASS = YES_ERROR;
				CLANG_WARN_QUOTED_INCLUDE_IN_FRAMEWORK_HEADER = YES;
				CLANG_WARN_RANGE_LOOP_ANALYSIS = YES;
				CLANG_WARN_STRICT_PROTOTYPES = YES;
				CLANG_WARN_SUSPICIOUS_MOVE = YES;
				CLANG_WARN_UNGUARDED_AVAILABILITY = YES_AGGRESSIVE;
				CLANG_WARN_UNREACHABLE_CODE = YES;
				CLANG_WARN__DUPLICATE_METHOD_MATCH = YES;
				COPY_PHASE_STRIP = NO;
				DEBUG_INFORMATION_FORMAT = "dwarf-with-dsym";
				ENABLE_NS_ASSERTIONS = NO;
				ENABLE_STRICT_OBJC_MSGSEND = YES;
				GCC_C_LANGUAGE_STANDARD = gnu11;
				GCC_NO_COMMON_BLOCKS = YES;
				GCC_WARN_64_TO_32_BIT_CONVERSION = YES;
				GCC_WARN_ABOUT_RETURN_TYPE = YES_ERROR;
				GCC_WARN_UNDECLARED_SELECTOR = YES;
				GCC_WARN_UNINITIALIZED_AUTOS = YES_AGGRESSIVE;
				GCC_WARN_UNUSED_FUNCTION = YES;
				GCC_WARN_UNUSED_VARIABLE = YES;
				MTL_ENABLE_DEBUG_INFO = NO;
				MTL_FAST_MATH = YES;
				SWIFT_COMPILATION_MODE = wholemodule;
				SWIFT_OPTIMIZATION_LEVEL = "-O";
			};
			name = Release;
		};
		0EDB937225BC562A00F0C158 /* Debug */ = {
			isa = XCBuildConfiguration;
			buildSettings = {
				ASSETCATALOG_COMPILER_APPICON_NAME = AppIcon;
				ASSETCATALOG_COMPILER_GLOBAL_ACCENT_COLOR_NAME = AccentColor;
				CODE_SIGN_STYLE = Automatic;
				DEVELOPMENT_TEAM = 5V5EUT3ZXJ;
				ENABLE_PREVIEWS = YES;
				INFOPLIST_FILE = iOS/Info.plist;
				IPHONEOS_DEPLOYMENT_TARGET = 14.0;
				LD_RUNPATH_SEARCH_PATHS = (
					"$(inherited)",
					"@executable_path/Frameworks",
				);
				PRODUCT_BUNDLE_IDENTIFIER = org.vernality.Demo;
				PRODUCT_NAME = Demo;
				SDKROOT = iphoneos;
				SWIFT_VERSION = 5.0;
				TARGETED_DEVICE_FAMILY = "1,2";
			};
			name = Debug;
		};
		0EDB937325BC562A00F0C158 /* Release */ = {
			isa = XCBuildConfiguration;
			buildSettings = {
				ASSETCATALOG_COMPILER_APPICON_NAME = AppIcon;
				ASSETCATALOG_COMPILER_GLOBAL_ACCENT_COLOR_NAME = AccentColor;
				CODE_SIGN_STYLE = Automatic;
				DEVELOPMENT_TEAM = 5V5EUT3ZXJ;
				ENABLE_PREVIEWS = YES;
				INFOPLIST_FILE = iOS/Info.plist;
				IPHONEOS_DEPLOYMENT_TARGET = 14.0;
				LD_RUNPATH_SEARCH_PATHS = (
					"$(inherited)",
					"@executable_path/Frameworks",
				);
				PRODUCT_BUNDLE_IDENTIFIER = org.vernality.Demo;
				PRODUCT_NAME = Demo;
				SDKROOT = iphoneos;
				SWIFT_VERSION = 5.0;
				TARGETED_DEVICE_FAMILY = "1,2";
				VALIDATE_PRODUCT = YES;
			};
			name = Release;
		};
		0EDB937525BC562A00F0C158 /* Debug */ = {
			isa = XCBuildConfiguration;
			buildSettings = {
				ASSETCATALOG_COMPILER_APPICON_NAME = AppIcon;
				ASSETCATALOG_COMPILER_GLOBAL_ACCENT_COLOR_NAME = AccentColor;
				CODE_SIGN_ENTITLEMENTS = macOS/macOS.entitlements;
				CODE_SIGN_STYLE = Automatic;
				COMBINE_HIDPI_IMAGES = YES;
				DEVELOPMENT_TEAM = 5V5EUT3ZXJ;
				ENABLE_HARDENED_RUNTIME = YES;
				ENABLE_PREVIEWS = YES;
				INFOPLIST_FILE = macOS/Info.plist;
				LD_RUNPATH_SEARCH_PATHS = (
					"$(inherited)",
					"@executable_path/../Frameworks",
				);
				MACOSX_DEPLOYMENT_TARGET = 11.0;
				PRODUCT_BUNDLE_IDENTIFIER = org.vernality.Demo;
				PRODUCT_NAME = Demo;
				SDKROOT = macosx;
				SWIFT_VERSION = 5.0;
			};
			name = Debug;
		};
		0EDB937625BC562A00F0C158 /* Release */ = {
			isa = XCBuildConfiguration;
			buildSettings = {
				ASSETCATALOG_COMPILER_APPICON_NAME = AppIcon;
				ASSETCATALOG_COMPILER_GLOBAL_ACCENT_COLOR_NAME = AccentColor;
				CODE_SIGN_ENTITLEMENTS = macOS/macOS.entitlements;
				CODE_SIGN_STYLE = Automatic;
				COMBINE_HIDPI_IMAGES = YES;
				DEVELOPMENT_TEAM = 5V5EUT3ZXJ;
				ENABLE_HARDENED_RUNTIME = YES;
				ENABLE_PREVIEWS = YES;
				INFOPLIST_FILE = macOS/Info.plist;
				LD_RUNPATH_SEARCH_PATHS = (
					"$(inherited)",
					"@executable_path/../Frameworks",
				);
				MACOSX_DEPLOYMENT_TARGET = 11.0;
				PRODUCT_BUNDLE_IDENTIFIER = org.vernality.Demo;
				PRODUCT_NAME = Demo;
				SDKROOT = macosx;
				SWIFT_VERSION = 5.0;
			};
			name = Release;
		};
/* End XCBuildConfiguration section */

/* Begin XCConfigurationList section */
		0EDB935425BC562A00F0C158 /* Build configuration list for PBXProject "Demo" */ = {
			isa = XCConfigurationList;
			buildConfigurations = (
				0EDB936F25BC562A00F0C158 /* Debug */,
				0EDB937025BC562A00F0C158 /* Release */,
			);
			defaultConfigurationIsVisible = 0;
			defaultConfigurationName = Release;
		};
		0EDB937125BC562A00F0C158 /* Build configuration list for PBXNativeTarget "Demo (iOS)" */ = {
			isa = XCConfigurationList;
			buildConfigurations = (
				0EDB937225BC562A00F0C158 /* Debug */,
				0EDB937325BC562A00F0C158 /* Release */,
			);
			defaultConfigurationIsVisible = 0;
			defaultConfigurationName = Release;
		};
		0EDB937425BC562A00F0C158 /* Build configuration list for PBXNativeTarget "Demo (macOS)" */ = {
			isa = XCConfigurationList;
			buildConfigurations = (
				0EDB937525BC562A00F0C158 /* Debug */,
				0EDB937625BC562A00F0C158 /* Release */,
			);
			defaultConfigurationIsVisible = 0;
			defaultConfigurationName = Release;
		};
/* End XCConfigurationList section */

/* Begin XCSwiftPackageProductDependency section */
		0EDB937D25BC571E00F0C158 /* PCReview */ = {
			isa = XCSwiftPackageProductDependency;
			productName = PCReview;
		};
/* End XCSwiftPackageProductDependency section */
	};
	rootObject = 0EDB935125BC562A00F0C158 /* Project object */;
}
