// !$*UTF8*$!
{
	archiveVersion = 1;
	classes = {
	};
	objectVersion = 50;
	objects = {

/* Begin PBXBuildFile section */
		0E06F95D25B49D5100E975F6 /* AppPush.swift in Sources */ = {isa = PBXBuildFile; fileRef = 0E06F95C25B49D5100E975F6 /* AppPush.swift */; };
		0E06F96625B541B700E975F6 /* UIViewController+Raise.swift in Sources */ = {isa = PBXBuildFile; fileRef = 0E06F96525B541B700E975F6 /* UIViewController+Raise.swift */; };
		0E1B51AA25BD9EB4002A9C5A /* SupplierRouter.swift in Sources */ = {isa = PBXBuildFile; fileRef = 0E1B51A925BD9EB4002A9C5A /* SupplierRouter.swift */; };
		0E1B51AD25BDA1A2002A9C5A /* MemberRouter.swift in Sources */ = {isa = PBXBuildFile; fileRef = 0E1B51AC25BDA1A2002A9C5A /* MemberRouter.swift */; };
		0E1B52C425BDC26E002A9C5A /* OnboardRouter.swift in Sources */ = {isa = PBXBuildFile; fileRef = 0E1B52C325BDC26E002A9C5A /* OnboardRouter.swift */; };
		0E506C4124FC9F6600ABA211 /* Montserrat-Regular.ttf in Resources */ = {isa = PBXBuildFile; fileRef = 0E506C4024FC9F6500ABA211 /* Montserrat-Regular.ttf */; };
		0E506C4324FC9FCB00ABA211 /* PlayfairDisplay-VariableFont_wght.ttf in Resources */ = {isa = PBXBuildFile; fileRef = 0E506C4224FC9FCA00ABA211 /* PlayfairDisplay-VariableFont_wght.ttf */; };
		0E6B9723254D656500055570 /* Secrets.swift in Sources */ = {isa = PBXBuildFile; fileRef = 0E6B9722254D656500055570 /* Secrets.swift */; };
		0E72644525A4A643006306B1 /* GoogleService-Info.plist in Resources */ = {isa = PBXBuildFile; fileRef = 0E72644425A4A643006306B1 /* GoogleService-Info.plist */; };
		0E772A8D2504D39000D677E6 /* PlayfairDisplay-Bold.ttf in Resources */ = {isa = PBXBuildFile; fileRef = 0E772A8C2504D39000D677E6 /* PlayfairDisplay-Bold.ttf */; };
		0E90496E24F390070061A605 /* AppRouter.swift in Sources */ = {isa = PBXBuildFile; fileRef = 0E90496D24F390070061A605 /* AppRouter.swift */; };
		0E90497124F390270061A605 /* AppFactory.swift in Sources */ = {isa = PBXBuildFile; fileRef = 0E90497024F390270061A605 /* AppFactory.swift */; };
		0EA11EC824F2B88F00133485 /* AppDelegate.swift in Sources */ = {isa = PBXBuildFile; fileRef = 0EA11EC724F2B88F00133485 /* AppDelegate.swift */; };
		0EA11ED124F2B89300133485 /* Assets.xcassets in Resources */ = {isa = PBXBuildFile; fileRef = 0EA11ED024F2B89300133485 /* Assets.xcassets */; };
		0EA11ED424F2B89300133485 /* LaunchScreen.storyboard in Resources */ = {isa = PBXBuildFile; fileRef = 0EA11ED224F2B89300133485 /* LaunchScreen.storyboard */; };
		0EDB95CB25BD4D5000F0C158 /* ReviewRouter.swift in Sources */ = {isa = PBXBuildFile; fileRef = 0EDB95CA25BD4D5000F0C158 /* ReviewRouter.swift */; };
		0EDB95CF25BD65A100F0C158 /* AdminRouter.swift in Sources */ = {isa = PBXBuildFile; fileRef = 0EDB95CE25BD65A100F0C158 /* AdminRouter.swift */; };
		0EDB95D325BD6A1B00F0C158 /* Router+Factory.swift in Sources */ = {isa = PBXBuildFile; fileRef = 0EDB95D225BD6A1B00F0C158 /* Router+Factory.swift */; };
		0EDB95D725BD6B4D00F0C158 /* AddRoleRouter.swift in Sources */ = {isa = PBXBuildFile; fileRef = 0EDB95D625BD6B4D00F0C158 /* AddRoleRouter.swift */; };
		0EDB95DA25BD715A00F0C158 /* OrganizationRouter.swift in Sources */ = {isa = PBXBuildFile; fileRef = 0EDB95D925BD715A00F0C158 /* OrganizationRouter.swift */; };
		BAC5B692AE8ABE81C3298271 /* Pods_ProfitClub.framework in Frameworks */ = {isa = PBXBuildFile; fileRef = D881FD37132A41374982A032 /* Pods_ProfitClub.framework */; };
		FA0955F3254C427700FFF835 /* Roboto-Medium.ttf in Resources */ = {isa = PBXBuildFile; fileRef = FA0955F2254C427700FFF835 /* Roboto-Medium.ttf */; };
		FA21D85B25729CDD008024F0 /* MemberProfileViewAlpha.swift in Sources */ = {isa = PBXBuildFile; fileRef = FA21D85A25729CDD008024F0 /* MemberProfileViewAlpha.swift */; };
		FA21D85E2572BE2B008024F0 /* OrganizationProfileViewAlpha.swift in Sources */ = {isa = PBXBuildFile; fileRef = FA21D85D2572BE2B008024F0 /* OrganizationProfileViewAlpha.swift */; };
		FA21D8612572C67B008024F0 /* SupplierProfileViewAlpha.swift in Sources */ = {isa = PBXBuildFile; fileRef = FA21D8602572C67B008024F0 /* SupplierProfileViewAlpha.swift */; };
		FA56639C253F4F1400D19D4E /* Roboto-Regular.ttf in Resources */ = {isa = PBXBuildFile; fileRef = FA56639B253F4F0200D19D4E /* Roboto-Regular.ttf */; };
		FA7ACD252563C2FA0097800D /* OrganizationProfileView.swift in Sources */ = {isa = PBXBuildFile; fileRef = FA7ACD242563C2FA0097800D /* OrganizationProfileView.swift */; };
		FA7ACD282563C3170097800D /* OrganizationProfileViewBeta.swift in Sources */ = {isa = PBXBuildFile; fileRef = FA7ACD272563C3170097800D /* OrganizationProfileViewBeta.swift */; };
		FA7ACD2A2563C31F0097800D /* OrganizationProfileViewBeta.storyboard in Resources */ = {isa = PBXBuildFile; fileRef = FA7ACD292563C31F0097800D /* OrganizationProfileViewBeta.storyboard */; };
		FA7ACD2E2563C3B20097800D /* OrganizationProfileModule.swift in Sources */ = {isa = PBXBuildFile; fileRef = FA7ACD2D2563C3B20097800D /* OrganizationProfileModule.swift */; };
		FA7ACD302563C3BA0097800D /* OrganizationProfilePresenter.swift in Sources */ = {isa = PBXBuildFile; fileRef = FA7ACD2F2563C3BA0097800D /* OrganizationProfilePresenter.swift */; };
		FA7ACD322563C3C40097800D /* OrganizationProfileFactory.swift in Sources */ = {isa = PBXBuildFile; fileRef = FA7ACD312563C3C40097800D /* OrganizationProfileFactory.swift */; };
		FA7ACD342563C3CE0097800D /* OrganizationProfileDependencies.swift in Sources */ = {isa = PBXBuildFile; fileRef = FA7ACD332563C3CE0097800D /* OrganizationProfileDependencies.swift */; };
		FA7ACD3B2563E6CC0097800D /* SupplierProfileView.swift in Sources */ = {isa = PBXBuildFile; fileRef = FA7ACD3A2563E6CC0097800D /* SupplierProfileView.swift */; };
		FA7ACD3E2563E6DC0097800D /* SupplierProfileVeiwBeta.swift in Sources */ = {isa = PBXBuildFile; fileRef = FA7ACD3D2563E6DC0097800D /* SupplierProfileVeiwBeta.swift */; };
		FA7ACD402563E7290097800D /* SupplierProfileViewBeta.storyboard in Resources */ = {isa = PBXBuildFile; fileRef = FA7ACD3F2563E7290097800D /* SupplierProfileViewBeta.storyboard */; };
		FA7ACD442563E7A90097800D /* SupplierProfileModule.swift in Sources */ = {isa = PBXBuildFile; fileRef = FA7ACD432563E7A90097800D /* SupplierProfileModule.swift */; };
		FA7ACD462563E7B30097800D /* SupplierProfilePresenter.swift in Sources */ = {isa = PBXBuildFile; fileRef = FA7ACD452563E7B20097800D /* SupplierProfilePresenter.swift */; };
		FA7ACD482563E7BC0097800D /* SupplierProfileFactory.swift in Sources */ = {isa = PBXBuildFile; fileRef = FA7ACD472563E7BC0097800D /* SupplierProfileFactory.swift */; };
		FA7ACD4A2563E7CA0097800D /* SupplierProfileDependencies.swift in Sources */ = {isa = PBXBuildFile; fileRef = FA7ACD492563E7CA0097800D /* SupplierProfileDependencies.swift */; };
		FABB6F002544902A00B93FB8 /* Montserrat-Medium.ttf in Resources */ = {isa = PBXBuildFile; fileRef = FABB6EFF2544902A00B93FB8 /* Montserrat-Medium.ttf */; };
		FABB6F0D2546860700B93FB8 /* Montserrat-Bold.ttf in Resources */ = {isa = PBXBuildFile; fileRef = FABB6F0C2546860700B93FB8 /* Montserrat-Bold.ttf */; };
		FAE888C1256005450023C232 /* Montserrat-SemiBold.ttf in Resources */ = {isa = PBXBuildFile; fileRef = FAE888C0256005450023C232 /* Montserrat-SemiBold.ttf */; };
		FAE888D3256141710023C232 /* MemberProfileFactory.swift in Sources */ = {isa = PBXBuildFile; fileRef = FAE888D2256141710023C232 /* MemberProfileFactory.swift */; };
		FAE888D52561418B0023C232 /* MemberProfileDependencies.swift in Sources */ = {isa = PBXBuildFile; fileRef = FAE888D42561418B0023C232 /* MemberProfileDependencies.swift */; };
		FAE888D72561419D0023C232 /* MemberProfileModule.swift in Sources */ = {isa = PBXBuildFile; fileRef = FAE888D62561419D0023C232 /* MemberProfileModule.swift */; };
		FAE888D9256141A90023C232 /* MemberProfilePresenter.swift in Sources */ = {isa = PBXBuildFile; fileRef = FAE888D8256141A90023C232 /* MemberProfilePresenter.swift */; };
		FAE888DD256141C90023C232 /* MemberProfileView.swift in Sources */ = {isa = PBXBuildFile; fileRef = FAE888DC256141C90023C232 /* MemberProfileView.swift */; };
		FAE888E0256141DD0023C232 /* MemberProfileViewBeta.swift in Sources */ = {isa = PBXBuildFile; fileRef = FAE888DF256141DD0023C232 /* MemberProfileViewBeta.swift */; };
		FAE888E2256141E90023C232 /* MemberProfileViewBeta.storyboard in Resources */ = {isa = PBXBuildFile; fileRef = FAE888E1256141E90023C232 /* MemberProfileViewBeta.storyboard */; };
/* End PBXBuildFile section */

/* Begin PBXFileReference section */
		0E06F95C25B49D5100E975F6 /* AppPush.swift */ = {isa = PBXFileReference; lastKnownFileType = sourcecode.swift; path = AppPush.swift; sourceTree = "<group>"; };
		0E06F96525B541B700E975F6 /* UIViewController+Raise.swift */ = {isa = PBXFileReference; lastKnownFileType = sourcecode.swift; path = "UIViewController+Raise.swift"; sourceTree = "<group>"; };
		0E1B51A925BD9EB4002A9C5A /* SupplierRouter.swift */ = {isa = PBXFileReference; lastKnownFileType = sourcecode.swift; path = SupplierRouter.swift; sourceTree = "<group>"; };
		0E1B51AC25BDA1A2002A9C5A /* MemberRouter.swift */ = {isa = PBXFileReference; lastKnownFileType = sourcecode.swift; path = MemberRouter.swift; sourceTree = "<group>"; };
		0E1B52C325BDC26E002A9C5A /* OnboardRouter.swift */ = {isa = PBXFileReference; lastKnownFileType = sourcecode.swift; path = OnboardRouter.swift; sourceTree = "<group>"; };
		0E506C4024FC9F6500ABA211 /* Montserrat-Regular.ttf */ = {isa = PBXFileReference; lastKnownFileType = file; path = "Montserrat-Regular.ttf"; sourceTree = "<group>"; };
		0E506C4224FC9FCA00ABA211 /* PlayfairDisplay-VariableFont_wght.ttf */ = {isa = PBXFileReference; lastKnownFileType = file; path = "PlayfairDisplay-VariableFont_wght.ttf"; sourceTree = "<group>"; };
		0E6B9722254D656500055570 /* Secrets.swift */ = {isa = PBXFileReference; lastKnownFileType = sourcecode.swift; path = Secrets.swift; sourceTree = "<group>"; };
		0E72644425A4A643006306B1 /* GoogleService-Info.plist */ = {isa = PBXFileReference; fileEncoding = 4; lastKnownFileType = text.plist.xml; path = "GoogleService-Info.plist"; sourceTree = "<group>"; };
		0E772A8C2504D39000D677E6 /* PlayfairDisplay-Bold.ttf */ = {isa = PBXFileReference; lastKnownFileType = file; path = "PlayfairDisplay-Bold.ttf"; sourceTree = "<group>"; };
		0E772A8E2505174D00D677E6 /* ProfitClub.entitlements */ = {isa = PBXFileReference; lastKnownFileType = text.plist.entitlements; path = ProfitClub.entitlements; sourceTree = "<group>"; };
		0E90496D24F390070061A605 /* AppRouter.swift */ = {isa = PBXFileReference; lastKnownFileType = sourcecode.swift; path = AppRouter.swift; sourceTree = "<group>"; };
		0E90497024F390270061A605 /* AppFactory.swift */ = {isa = PBXFileReference; lastKnownFileType = sourcecode.swift; path = AppFactory.swift; sourceTree = "<group>"; };
		0EA11EC424F2B88F00133485 /* Profit Club.app */ = {isa = PBXFileReference; explicitFileType = wrapper.application; includeInIndex = 0; path = "Profit Club.app"; sourceTree = BUILT_PRODUCTS_DIR; };
		0EA11EC724F2B88F00133485 /* AppDelegate.swift */ = {isa = PBXFileReference; lastKnownFileType = sourcecode.swift; path = AppDelegate.swift; sourceTree = "<group>"; };
		0EA11ED024F2B89300133485 /* Assets.xcassets */ = {isa = PBXFileReference; lastKnownFileType = folder.assetcatalog; path = Assets.xcassets; sourceTree = "<group>"; };
		0EA11ED324F2B89300133485 /* Base */ = {isa = PBXFileReference; lastKnownFileType = file.storyboard; name = Base; path = Base.lproj/LaunchScreen.storyboard; sourceTree = "<group>"; };
		0EA11ED524F2B89300133485 /* Info.plist */ = {isa = PBXFileReference; lastKnownFileType = text.plist.xml; path = Info.plist; sourceTree = "<group>"; };
		0EDB95CA25BD4D5000F0C158 /* ReviewRouter.swift */ = {isa = PBXFileReference; lastKnownFileType = sourcecode.swift; path = ReviewRouter.swift; sourceTree = "<group>"; };
		0EDB95CE25BD65A100F0C158 /* AdminRouter.swift */ = {isa = PBXFileReference; lastKnownFileType = sourcecode.swift; path = AdminRouter.swift; sourceTree = "<group>"; };
		0EDB95D225BD6A1B00F0C158 /* Router+Factory.swift */ = {isa = PBXFileReference; lastKnownFileType = sourcecode.swift; path = "Router+Factory.swift"; sourceTree = "<group>"; };
		0EDB95D625BD6B4D00F0C158 /* AddRoleRouter.swift */ = {isa = PBXFileReference; lastKnownFileType = sourcecode.swift; path = AddRoleRouter.swift; sourceTree = "<group>"; };
		0EDB95D925BD715A00F0C158 /* OrganizationRouter.swift */ = {isa = PBXFileReference; lastKnownFileType = sourcecode.swift; path = OrganizationRouter.swift; sourceTree = "<group>"; };
		17770C4311DB6F99F7CDDD46 /* Pods-ProfitClub.release.xcconfig */ = {isa = PBXFileReference; includeInIndex = 1; lastKnownFileType = text.xcconfig; name = "Pods-ProfitClub.release.xcconfig"; path = "Target Support Files/Pods-ProfitClub/Pods-ProfitClub.release.xcconfig"; sourceTree = "<group>"; };
		64F87290C9FD04EC19DEE33B /* Pods-ProfitClub.debug.xcconfig */ = {isa = PBXFileReference; includeInIndex = 1; lastKnownFileType = text.xcconfig; name = "Pods-ProfitClub.debug.xcconfig"; path = "Target Support Files/Pods-ProfitClub/Pods-ProfitClub.debug.xcconfig"; sourceTree = "<group>"; };
		D881FD37132A41374982A032 /* Pods_ProfitClub.framework */ = {isa = PBXFileReference; explicitFileType = wrapper.framework; includeInIndex = 0; path = Pods_ProfitClub.framework; sourceTree = BUILT_PRODUCTS_DIR; };
		FA0955F2254C427700FFF835 /* Roboto-Medium.ttf */ = {isa = PBXFileReference; lastKnownFileType = file; path = "Roboto-Medium.ttf"; sourceTree = "<group>"; };
		FA21D85A25729CDD008024F0 /* MemberProfileViewAlpha.swift */ = {isa = PBXFileReference; lastKnownFileType = sourcecode.swift; path = MemberProfileViewAlpha.swift; sourceTree = "<group>"; };
		FA21D85D2572BE2B008024F0 /* OrganizationProfileViewAlpha.swift */ = {isa = PBXFileReference; lastKnownFileType = sourcecode.swift; path = OrganizationProfileViewAlpha.swift; sourceTree = "<group>"; };
		FA21D8602572C67B008024F0 /* SupplierProfileViewAlpha.swift */ = {isa = PBXFileReference; lastKnownFileType = sourcecode.swift; path = SupplierProfileViewAlpha.swift; sourceTree = "<group>"; };
		FA56639B253F4F0200D19D4E /* Roboto-Regular.ttf */ = {isa = PBXFileReference; lastKnownFileType = file; path = "Roboto-Regular.ttf"; sourceTree = "<group>"; };
		FA7ACD242563C2FA0097800D /* OrganizationProfileView.swift */ = {isa = PBXFileReference; lastKnownFileType = sourcecode.swift; path = OrganizationProfileView.swift; sourceTree = "<group>"; };
		FA7ACD272563C3170097800D /* OrganizationProfileViewBeta.swift */ = {isa = PBXFileReference; lastKnownFileType = sourcecode.swift; path = OrganizationProfileViewBeta.swift; sourceTree = "<group>"; };
		FA7ACD292563C31F0097800D /* OrganizationProfileViewBeta.storyboard */ = {isa = PBXFileReference; lastKnownFileType = file.storyboard; path = OrganizationProfileViewBeta.storyboard; sourceTree = "<group>"; };
		FA7ACD2D2563C3B20097800D /* OrganizationProfileModule.swift */ = {isa = PBXFileReference; lastKnownFileType = sourcecode.swift; path = OrganizationProfileModule.swift; sourceTree = "<group>"; };
		FA7ACD2F2563C3BA0097800D /* OrganizationProfilePresenter.swift */ = {isa = PBXFileReference; lastKnownFileType = sourcecode.swift; path = OrganizationProfilePresenter.swift; sourceTree = "<group>"; };
		FA7ACD312563C3C40097800D /* OrganizationProfileFactory.swift */ = {isa = PBXFileReference; lastKnownFileType = sourcecode.swift; path = OrganizationProfileFactory.swift; sourceTree = "<group>"; };
		FA7ACD332563C3CE0097800D /* OrganizationProfileDependencies.swift */ = {isa = PBXFileReference; lastKnownFileType = sourcecode.swift; path = OrganizationProfileDependencies.swift; sourceTree = "<group>"; };
		FA7ACD3A2563E6CC0097800D /* SupplierProfileView.swift */ = {isa = PBXFileReference; lastKnownFileType = sourcecode.swift; path = SupplierProfileView.swift; sourceTree = "<group>"; };
		FA7ACD3D2563E6DC0097800D /* SupplierProfileVeiwBeta.swift */ = {isa = PBXFileReference; lastKnownFileType = sourcecode.swift; path = SupplierProfileVeiwBeta.swift; sourceTree = "<group>"; };
		FA7ACD3F2563E7290097800D /* SupplierProfileViewBeta.storyboard */ = {isa = PBXFileReference; lastKnownFileType = file.storyboard; path = SupplierProfileViewBeta.storyboard; sourceTree = "<group>"; };
		FA7ACD432563E7A90097800D /* SupplierProfileModule.swift */ = {isa = PBXFileReference; lastKnownFileType = sourcecode.swift; path = SupplierProfileModule.swift; sourceTree = "<group>"; };
		FA7ACD452563E7B20097800D /* SupplierProfilePresenter.swift */ = {isa = PBXFileReference; lastKnownFileType = sourcecode.swift; path = SupplierProfilePresenter.swift; sourceTree = "<group>"; };
		FA7ACD472563E7BC0097800D /* SupplierProfileFactory.swift */ = {isa = PBXFileReference; lastKnownFileType = sourcecode.swift; path = SupplierProfileFactory.swift; sourceTree = "<group>"; };
		FA7ACD492563E7CA0097800D /* SupplierProfileDependencies.swift */ = {isa = PBXFileReference; lastKnownFileType = sourcecode.swift; path = SupplierProfileDependencies.swift; sourceTree = "<group>"; };
		FABB6EFF2544902A00B93FB8 /* Montserrat-Medium.ttf */ = {isa = PBXFileReference; lastKnownFileType = file; path = "Montserrat-Medium.ttf"; sourceTree = "<group>"; };
		FABB6F0C2546860700B93FB8 /* Montserrat-Bold.ttf */ = {isa = PBXFileReference; lastKnownFileType = file; path = "Montserrat-Bold.ttf"; sourceTree = "<group>"; };
		FAE888C0256005450023C232 /* Montserrat-SemiBold.ttf */ = {isa = PBXFileReference; lastKnownFileType = file; path = "Montserrat-SemiBold.ttf"; sourceTree = "<group>"; };
		FAE888D2256141710023C232 /* MemberProfileFactory.swift */ = {isa = PBXFileReference; lastKnownFileType = sourcecode.swift; path = MemberProfileFactory.swift; sourceTree = "<group>"; };
		FAE888D42561418B0023C232 /* MemberProfileDependencies.swift */ = {isa = PBXFileReference; lastKnownFileType = sourcecode.swift; path = MemberProfileDependencies.swift; sourceTree = "<group>"; };
		FAE888D62561419D0023C232 /* MemberProfileModule.swift */ = {isa = PBXFileReference; lastKnownFileType = sourcecode.swift; path = MemberProfileModule.swift; sourceTree = "<group>"; };
		FAE888D8256141A90023C232 /* MemberProfilePresenter.swift */ = {isa = PBXFileReference; lastKnownFileType = sourcecode.swift; path = MemberProfilePresenter.swift; sourceTree = "<group>"; };
		FAE888DC256141C90023C232 /* MemberProfileView.swift */ = {isa = PBXFileReference; lastKnownFileType = sourcecode.swift; path = MemberProfileView.swift; sourceTree = "<group>"; };
		FAE888DF256141DD0023C232 /* MemberProfileViewBeta.swift */ = {isa = PBXFileReference; lastKnownFileType = sourcecode.swift; path = MemberProfileViewBeta.swift; sourceTree = "<group>"; };
		FAE888E1256141E90023C232 /* MemberProfileViewBeta.storyboard */ = {isa = PBXFileReference; lastKnownFileType = file.storyboard; path = MemberProfileViewBeta.storyboard; sourceTree = "<group>"; };
/* End PBXFileReference section */

/* Begin PBXFrameworksBuildPhase section */
		0EA11EC124F2B88F00133485 /* Frameworks */ = {
			isa = PBXFrameworksBuildPhase;
			buildActionMask = 2147483647;
			files = (
				BAC5B692AE8ABE81C3298271 /* Pods_ProfitClub.framework in Frameworks */,
			);
			runOnlyForDeploymentPostprocessing = 0;
		};
/* End PBXFrameworksBuildPhase section */

/* Begin PBXGroup section */
		0E06F96425B541A300E975F6 /* Extensions */ = {
			isa = PBXGroup;
			children = (
				0E06F96525B541B700E975F6 /* UIViewController+Raise.swift */,
			);
			path = Extensions;
			sourceTree = "<group>";
		};
		0E506C3F24FC9F5700ABA211 /* Fonts */ = {
			isa = PBXGroup;
			children = (
				0E772A8C2504D39000D677E6 /* PlayfairDisplay-Bold.ttf */,
				0E506C4224FC9FCA00ABA211 /* PlayfairDisplay-VariableFont_wght.ttf */,
				0E506C4024FC9F6500ABA211 /* Montserrat-Regular.ttf */,
				FAE888C0256005450023C232 /* Montserrat-SemiBold.ttf */,
				FA56639B253F4F0200D19D4E /* Roboto-Regular.ttf */,
				FA0955F2254C427700FFF835 /* Roboto-Medium.ttf */,
				FABB6EFF2544902A00B93FB8 /* Montserrat-Medium.ttf */,
				FABB6F0C2546860700B93FB8 /* Montserrat-Bold.ttf */,
			);
			path = Fonts;
			sourceTree = "<group>";
		};
		0E6B9721254D655400055570 /* Secrets */ = {
			isa = PBXGroup;
			children = (
				0E72644425A4A643006306B1 /* GoogleService-Info.plist */,
				0E6B9722254D656500055570 /* Secrets.swift */,
			);
			path = Secrets;
			sourceTree = "<group>";
		};
		0E90494C24F2B9A00061A605 /* Plists */ = {
			isa = PBXGroup;
			children = (
				0EA11ED524F2B89300133485 /* Info.plist */,
			);
			path = Plists;
			sourceTree = "<group>";
		};
		0E90498424F60C740061A605 /* Presentation */ = {
			isa = PBXGroup;
			children = (
				FA7ACD352563E6040097800D /* SupplierProfile */,
				FA7ACD1F25632D400097800D /* OrganizationProfile */,
				FAE888CC256141040023C232 /* MemberProfile */,
			);
			path = Presentation;
			sourceTree = "<group>";
		};
		0EA11EBB24F2B88F00133485 = {
			isa = PBXGroup;
			children = (
				0EA11EC624F2B88F00133485 /* ProfitClub */,
				0EA11EC524F2B88F00133485 /* Products */,
				53E63F8AC83843B05BB15160 /* Pods */,
				1681CB0B8C371CE7B88A96D3 /* Frameworks */,
			);
			sourceTree = "<group>";
		};
		0EA11EC524F2B88F00133485 /* Products */ = {
			isa = PBXGroup;
			children = (
				0EA11EC424F2B88F00133485 /* Profit Club.app */,
			);
			name = Products;
			sourceTree = "<group>";
		};
		0EA11EC624F2B88F00133485 /* ProfitClub */ = {
			isa = PBXGroup;
			children = (
				0E772A8E2505174D00D677E6 /* ProfitClub.entitlements */,
				0EA11EDB24F2B94400133485 /* Application */,
				0E06F96425B541A300E975F6 /* Extensions */,
				0E90498424F60C740061A605 /* Presentation */,
				0EA11EDC24F2B94900133485 /* Resources */,
				0E6B9721254D655400055570 /* Secrets */,
			);
			path = ProfitClub;
			sourceTree = "<group>";
		};
		0EA11EDB24F2B94400133485 /* Application */ = {
			isa = PBXGroup;
			children = (
				0EDB95D525BD6B1700F0C158 /* Routers */,
				0EA11EC724F2B88F00133485 /* AppDelegate.swift */,
				0E06F95C25B49D5100E975F6 /* AppPush.swift */,
				0E90497024F390270061A605 /* AppFactory.swift */,
			);
			path = Application;
			sourceTree = "<group>";
		};
		0EA11EDC24F2B94900133485 /* Resources */ = {
			isa = PBXGroup;
			children = (
				0E506C3F24FC9F5700ABA211 /* Fonts */,
				0EA11EDD24F2B96C00133485 /* Images */,
				0E90494C24F2B9A00061A605 /* Plists */,
				0EA11EDE24F2B97300133485 /* Storyboards */,
			);
			path = Resources;
			sourceTree = "<group>";
		};
		0EA11EDD24F2B96C00133485 /* Images */ = {
			isa = PBXGroup;
			children = (
				0EA11ED024F2B89300133485 /* Assets.xcassets */,
			);
			path = Images;
			sourceTree = "<group>";
		};
		0EA11EDE24F2B97300133485 /* Storyboards */ = {
			isa = PBXGroup;
			children = (
				0EA11ED224F2B89300133485 /* LaunchScreen.storyboard */,
			);
			path = Storyboards;
			sourceTree = "<group>";
		};
		0EDB95D525BD6B1700F0C158 /* Routers */ = {
			isa = PBXGroup;
			children = (
				0EDB95D225BD6A1B00F0C158 /* Router+Factory.swift */,
				0E90496D24F390070061A605 /* AppRouter.swift */,
				0EDB95CE25BD65A100F0C158 /* AdminRouter.swift */,
				0EDB95CA25BD4D5000F0C158 /* ReviewRouter.swift */,
				0EDB95D625BD6B4D00F0C158 /* AddRoleRouter.swift */,
				0EDB95D925BD715A00F0C158 /* OrganizationRouter.swift */,
				0E1B51A925BD9EB4002A9C5A /* SupplierRouter.swift */,
				0E1B51AC25BDA1A2002A9C5A /* MemberRouter.swift */,
				0E1B52C325BDC26E002A9C5A /* OnboardRouter.swift */,
			);
			path = Routers;
			sourceTree = "<group>";
		};
		1681CB0B8C371CE7B88A96D3 /* Frameworks */ = {
			isa = PBXGroup;
			children = (
				D881FD37132A41374982A032 /* Pods_ProfitClub.framework */,
			);
			name = Frameworks;
			sourceTree = "<group>";
		};
		53E63F8AC83843B05BB15160 /* Pods */ = {
			isa = PBXGroup;
			children = (
				64F87290C9FD04EC19DEE33B /* Pods-ProfitClub.debug.xcconfig */,
				17770C4311DB6F99F7CDDD46 /* Pods-ProfitClub.release.xcconfig */,
			);
			path = Pods;
			sourceTree = "<group>";
		};
		FA21D85925729CCD008024F0 /* Alpha */ = {
			isa = PBXGroup;
			children = (
				FA21D85A25729CDD008024F0 /* MemberProfileViewAlpha.swift */,
			);
			path = Alpha;
			sourceTree = "<group>";
		};
		FA21D85C2572BE18008024F0 /* Alpha */ = {
			isa = PBXGroup;
			children = (
				FA21D85D2572BE2B008024F0 /* OrganizationProfileViewAlpha.swift */,
			);
			path = Alpha;
			sourceTree = "<group>";
		};
		FA21D85F2572C668008024F0 /* Alpha */ = {
			isa = PBXGroup;
			children = (
				FA21D8602572C67B008024F0 /* SupplierProfileViewAlpha.swift */,
			);
			path = Alpha;
			sourceTree = "<group>";
		};
		FA7ACD1F25632D400097800D /* OrganizationProfile */ = {
			isa = PBXGroup;
			children = (
				FA7ACD2325632DF10097800D /* Factory */,
				FA7ACD2225632DEC0097800D /* Presenter */,
				FA7ACD2025632DDA0097800D /* View */,
			);
			path = OrganizationProfile;
			sourceTree = "<group>";
		};
		FA7ACD2025632DDA0097800D /* View */ = {
			isa = PBXGroup;
			children = (
				FA7ACD242563C2FA0097800D /* OrganizationProfileView.swift */,
				FA21D85C2572BE18008024F0 /* Alpha */,
				FA7ACD262563C2FD0097800D /* Beta */,
			);
			path = View;
			sourceTree = "<group>";
		};
		FA7ACD2225632DEC0097800D /* Presenter */ = {
			isa = PBXGroup;
			children = (
				FA7ACD2D2563C3B20097800D /* OrganizationProfileModule.swift */,
				FA7ACD2F2563C3BA0097800D /* OrganizationProfilePresenter.swift */,
			);
			path = Presenter;
			sourceTree = "<group>";
		};
		FA7ACD2325632DF10097800D /* Factory */ = {
			isa = PBXGroup;
			children = (
				FA7ACD312563C3C40097800D /* OrganizationProfileFactory.swift */,
				FA7ACD332563C3CE0097800D /* OrganizationProfileDependencies.swift */,
			);
			path = Factory;
			sourceTree = "<group>";
		};
		FA7ACD262563C2FD0097800D /* Beta */ = {
			isa = PBXGroup;
			children = (
				FA7ACD272563C3170097800D /* OrganizationProfileViewBeta.swift */,
				FA7ACD292563C31F0097800D /* OrganizationProfileViewBeta.storyboard */,
			);
			path = Beta;
			sourceTree = "<group>";
		};
		FA7ACD352563E6040097800D /* SupplierProfile */ = {
			isa = PBXGroup;
			children = (
				FA7ACD392563E6AE0097800D /* Factory */,
				FA7ACD382563E6A80097800D /* Presenter */,
				FA7ACD362563E69F0097800D /* View */,
			);
			path = SupplierProfile;
			sourceTree = "<group>";
		};
		FA7ACD362563E69F0097800D /* View */ = {
			isa = PBXGroup;
			children = (
				FA7ACD3A2563E6CC0097800D /* SupplierProfileView.swift */,
				FA21D85F2572C668008024F0 /* Alpha */,
				FA7ACD3C2563E6D00097800D /* Beta */,
			);
			path = View;
			sourceTree = "<group>";
		};
		FA7ACD382563E6A80097800D /* Presenter */ = {
			isa = PBXGroup;
			children = (
				FA7ACD432563E7A90097800D /* SupplierProfileModule.swift */,
				FA7ACD452563E7B20097800D /* SupplierProfilePresenter.swift */,
			);
			path = Presenter;
			sourceTree = "<group>";
		};
		FA7ACD392563E6AE0097800D /* Factory */ = {
			isa = PBXGroup;
			children = (
				FA7ACD472563E7BC0097800D /* SupplierProfileFactory.swift */,
				FA7ACD492563E7CA0097800D /* SupplierProfileDependencies.swift */,
			);
			path = Factory;
			sourceTree = "<group>";
		};
		FA7ACD3C2563E6D00097800D /* Beta */ = {
			isa = PBXGroup;
			children = (
				FA7ACD3D2563E6DC0097800D /* SupplierProfileVeiwBeta.swift */,
				FA7ACD3F2563E7290097800D /* SupplierProfileViewBeta.storyboard */,
			);
			path = Beta;
			sourceTree = "<group>";
		};
		FAE888CC256141040023C232 /* MemberProfile */ = {
			isa = PBXGroup;
			children = (
				FAE888D0256141310023C232 /* Factory */,
				FAE888CF2561412B0023C232 /* Presenter */,
				FAE888CD256141210023C232 /* View */,
			);
			path = MemberProfile;
			sourceTree = "<group>";
		};
		FAE888CD256141210023C232 /* View */ = {
			isa = PBXGroup;
			children = (
				FAE888D1256141400023C232 /* MemberProfile */,
			);
			path = View;
			sourceTree = "<group>";
		};
		FAE888CF2561412B0023C232 /* Presenter */ = {
			isa = PBXGroup;
			children = (
				FAE888D62561419D0023C232 /* MemberProfileModule.swift */,
				FAE888D8256141A90023C232 /* MemberProfilePresenter.swift */,
			);
			path = Presenter;
			sourceTree = "<group>";
		};
		FAE888D0256141310023C232 /* Factory */ = {
			isa = PBXGroup;
			children = (
				FAE888D2256141710023C232 /* MemberProfileFactory.swift */,
				FAE888D42561418B0023C232 /* MemberProfileDependencies.swift */,
			);
			path = Factory;
			sourceTree = "<group>";
		};
		FAE888D1256141400023C232 /* MemberProfile */ = {
			isa = PBXGroup;
			children = (
				FAE888DC256141C90023C232 /* MemberProfileView.swift */,
				FA21D85925729CCD008024F0 /* Alpha */,
				FAE888DE256141CE0023C232 /* Beta */,
			);
			path = MemberProfile;
			sourceTree = "<group>";
		};
		FAE888DE256141CE0023C232 /* Beta */ = {
			isa = PBXGroup;
			children = (
				FAE888DF256141DD0023C232 /* MemberProfileViewBeta.swift */,
				FAE888E1256141E90023C232 /* MemberProfileViewBeta.storyboard */,
			);
			path = Beta;
			sourceTree = "<group>";
		};
/* End PBXGroup section */

/* Begin PBXNativeTarget section */
		0EA11EC324F2B88F00133485 /* ProfitClub */ = {
			isa = PBXNativeTarget;
			buildConfigurationList = 0EA11ED824F2B89300133485 /* Build configuration list for PBXNativeTarget "ProfitClub" */;
			buildPhases = (
				71E1AB59A3E31BCDAD2F8BD8 /* [CP] Check Pods Manifest.lock */,
				0EA11EC024F2B88F00133485 /* Sources */,
				0EA11EC124F2B88F00133485 /* Frameworks */,
				0EA11EC224F2B88F00133485 /* Resources */,
				0E72653C25A4B452006306B1 /* Fetch Secrets */,
				BA2F6CCF47B700FA3835C26D /* [CP] Embed Pods Frameworks */,
			);
			buildRules = (
			);
			dependencies = (
			);
			name = ProfitClub;
			productName = ProfitClub;
			productReference = 0EA11EC424F2B88F00133485 /* Profit Club.app */;
			productType = "com.apple.product-type.application";
		};
/* End PBXNativeTarget section */

/* Begin PBXProject section */
		0EA11EBC24F2B88F00133485 /* Project object */ = {
			isa = PBXProject;
			attributes = {
				LastSwiftUpdateCheck = 1160;
				LastUpgradeCheck = 1160;
				ORGANIZATIONNAME = Vernality;
				TargetAttributes = {
					0EA11EC324F2B88F00133485 = {
						CreatedOnToolsVersion = 11.6;
					};
				};
			};
			buildConfigurationList = 0EA11EBF24F2B88F00133485 /* Build configuration list for PBXProject "ProfitClub" */;
			compatibilityVersion = "Xcode 9.3";
			developmentRegion = en;
			hasScannedForEncodings = 0;
			knownRegions = (
				en,
				Base,
			);
			mainGroup = 0EA11EBB24F2B88F00133485;
			productRefGroup = 0EA11EC524F2B88F00133485 /* Products */;
			projectDirPath = "";
			projectRoot = "";
			targets = (
				0EA11EC324F2B88F00133485 /* ProfitClub */,
			);
		};
/* End PBXProject section */

/* Begin PBXResourcesBuildPhase section */
		0EA11EC224F2B88F00133485 /* Resources */ = {
			isa = PBXResourcesBuildPhase;
			buildActionMask = 2147483647;
			files = (
				0E72644525A4A643006306B1 /* GoogleService-Info.plist in Resources */,
				FA0955F3254C427700FFF835 /* Roboto-Medium.ttf in Resources */,
				0E506C4124FC9F6600ABA211 /* Montserrat-Regular.ttf in Resources */,
				FA56639C253F4F1400D19D4E /* Roboto-Regular.ttf in Resources */,
				0E506C4324FC9FCB00ABA211 /* PlayfairDisplay-VariableFont_wght.ttf in Resources */,
				FAE888C1256005450023C232 /* Montserrat-SemiBold.ttf in Resources */,
				0EA11ED424F2B89300133485 /* LaunchScreen.storyboard in Resources */,
				FA7ACD402563E7290097800D /* SupplierProfileViewBeta.storyboard in Resources */,
				FAE888E2256141E90023C232 /* MemberProfileViewBeta.storyboard in Resources */,
				FA7ACD2A2563C31F0097800D /* OrganizationProfileViewBeta.storyboard in Resources */,
				0E772A8D2504D39000D677E6 /* PlayfairDisplay-Bold.ttf in Resources */,
				FABB6F0D2546860700B93FB8 /* Montserrat-Bold.ttf in Resources */,
				0EA11ED124F2B89300133485 /* Assets.xcassets in Resources */,
				FABB6F002544902A00B93FB8 /* Montserrat-Medium.ttf in Resources */,
			);
			runOnlyForDeploymentPostprocessing = 0;
		};
/* End PBXResourcesBuildPhase section */

/* Begin PBXShellScriptBuildPhase section */
		0E72653C25A4B452006306B1 /* Fetch Secrets */ = {
			isa = PBXShellScriptBuildPhase;
			buildActionMask = 2147483647;
			files = (
			);
			inputFileListPaths = (
			);
			inputPaths = (
			);
			name = "Fetch Secrets";
			outputFileListPaths = (
			);
			outputPaths = (
			);
			runOnlyForDeploymentPostprocessing = 0;
			shellPath = /bin/sh;
			shellScript = "BUILD_APP_DIR=${BUILT_PRODUCTS_DIR}/${FULL_PRODUCT_NAME}\ngit clone git@github.com:vernality/org.vernality.profitclub.keystore.git\nif [ $? -eq 0 ]; then\n    /bin/cp -rf org.vernality.profitclub.keystore/GoogleService-Info.plist \"$BUILD_APP_DIR/GoogleService-Info.plist\"\n    /bin/cp -rf org.vernality.profitclub.keystore/Secrets.swift \"$BUILD_APP_DIR/Secrets.swift\"\n    rm -rf org.vernality.profitclub.keystore\nfi\n";
		};
		71E1AB59A3E31BCDAD2F8BD8 /* [CP] Check Pods Manifest.lock */ = {
			isa = PBXShellScriptBuildPhase;
			buildActionMask = 2147483647;
			files = (
			);
			inputFileListPaths = (
			);
			inputPaths = (
				"${PODS_PODFILE_DIR_PATH}/Podfile.lock",
				"${PODS_ROOT}/Manifest.lock",
			);
			name = "[CP] Check Pods Manifest.lock";
			outputFileListPaths = (
			);
			outputPaths = (
				"$(DERIVED_FILE_DIR)/Pods-ProfitClub-checkManifestLockResult.txt",
			);
			runOnlyForDeploymentPostprocessing = 0;
			shellPath = /bin/sh;
			shellScript = "diff \"${PODS_PODFILE_DIR_PATH}/Podfile.lock\" \"${PODS_ROOT}/Manifest.lock\" > /dev/null\nif [ $? != 0 ] ; then\n    # print error to STDERR\n    echo \"error: The sandbox is not in sync with the Podfile.lock. Run 'pod install' or update your CocoaPods installation.\" >&2\n    exit 1\nfi\n# This output is used by Xcode 'outputs' to avoid re-running this script phase.\necho \"SUCCESS\" > \"${SCRIPT_OUTPUT_FILE_0}\"\n";
			showEnvVarsInLog = 0;
		};
		BA2F6CCF47B700FA3835C26D /* [CP] Embed Pods Frameworks */ = {
			isa = PBXShellScriptBuildPhase;
			buildActionMask = 2147483647;
			files = (
			);
			inputFileListPaths = (
			);
			name = "[CP] Embed Pods Frameworks";
			outputFileListPaths = (
			);
			runOnlyForDeploymentPostprocessing = 0;
			shellPath = /bin/sh;
			shellScript = "\"${PODS_ROOT}/Target Support Files/Pods-ProfitClub/Pods-ProfitClub-frameworks.sh\"\n";
			showEnvVarsInLog = 0;
		};
/* End PBXShellScriptBuildPhase section */

/* Begin PBXSourcesBuildPhase section */
		0EA11EC024F2B88F00133485 /* Sources */ = {
			isa = PBXSourcesBuildPhase;
			buildActionMask = 2147483647;
			files = (
				FA7ACD4A2563E7CA0097800D /* SupplierProfileDependencies.swift in Sources */,
				FA7ACD322563C3C40097800D /* OrganizationProfileFactory.swift in Sources */,
				FA7ACD302563C3BA0097800D /* OrganizationProfilePresenter.swift in Sources */,
				0E1B52C425BDC26E002A9C5A /* OnboardRouter.swift in Sources */,
				FAE888D52561418B0023C232 /* MemberProfileDependencies.swift in Sources */,
				0EDB95D725BD6B4D00F0C158 /* AddRoleRouter.swift in Sources */,
				0E06F95D25B49D5100E975F6 /* AppPush.swift in Sources */,
				0E90496E24F390070061A605 /* AppRouter.swift in Sources */,
				FAE888D3256141710023C232 /* MemberProfileFactory.swift in Sources */,
				FA7ACD282563C3170097800D /* OrganizationProfileViewBeta.swift in Sources */,
				FA21D85E2572BE2B008024F0 /* OrganizationProfileViewAlpha.swift in Sources */,
				FA7ACD2E2563C3B20097800D /* OrganizationProfileModule.swift in Sources */,
				FA7ACD462563E7B30097800D /* SupplierProfilePresenter.swift in Sources */,
				0E90497124F390270061A605 /* AppFactory.swift in Sources */,
				FA7ACD252563C2FA0097800D /* OrganizationProfileView.swift in Sources */,
				FA7ACD482563E7BC0097800D /* SupplierProfileFactory.swift in Sources */,
				FAE888D9256141A90023C232 /* MemberProfilePresenter.swift in Sources */,
				FAE888E0256141DD0023C232 /* MemberProfileViewBeta.swift in Sources */,
				0E1B51AD25BDA1A2002A9C5A /* MemberRouter.swift in Sources */,
				0EDB95D325BD6A1B00F0C158 /* Router+Factory.swift in Sources */,
				0E1B51AA25BD9EB4002A9C5A /* SupplierRouter.swift in Sources */,
				FA21D8612572C67B008024F0 /* SupplierProfileViewAlpha.swift in Sources */,
				FA7ACD3B2563E6CC0097800D /* SupplierProfileView.swift in Sources */,
				0E06F96625B541B700E975F6 /* UIViewController+Raise.swift in Sources */,
				FAE888DD256141C90023C232 /* MemberProfileView.swift in Sources */,
				FA7ACD3E2563E6DC0097800D /* SupplierProfileVeiwBeta.swift in Sources */,
				0E6B9723254D656500055570 /* Secrets.swift in Sources */,
				FAE888D72561419D0023C232 /* MemberProfileModule.swift in Sources */,
				FA7ACD342563C3CE0097800D /* OrganizationProfileDependencies.swift in Sources */,
				0EA11EC824F2B88F00133485 /* AppDelegate.swift in Sources */,
				0EDB95DA25BD715A00F0C158 /* OrganizationRouter.swift in Sources */,
				0EDB95CF25BD65A100F0C158 /* AdminRouter.swift in Sources */,
				FA7ACD442563E7A90097800D /* SupplierProfileModule.swift in Sources */,
				0EDB95CB25BD4D5000F0C158 /* ReviewRouter.swift in Sources */,
				FA21D85B25729CDD008024F0 /* MemberProfileViewAlpha.swift in Sources */,
			);
			runOnlyForDeploymentPostprocessing = 0;
		};
/* End PBXSourcesBuildPhase section */

/* Begin PBXVariantGroup section */
		0EA11ED224F2B89300133485 /* LaunchScreen.storyboard */ = {
			isa = PBXVariantGroup;
			children = (
				0EA11ED324F2B89300133485 /* Base */,
			);
			name = LaunchScreen.storyboard;
			sourceTree = "<group>";
		};
/* End PBXVariantGroup section */

/* Begin XCBuildConfiguration section */
		0EA11ED624F2B89300133485 /* Debug */ = {
			isa = XCBuildConfiguration;
			buildSettings = {
				ALWAYS_SEARCH_USER_PATHS = NO;
				CLANG_ANALYZER_NONNULL = YES;
				CLANG_ANALYZER_NUMBER_OBJECT_CONVERSION = YES_AGGRESSIVE;
				CLANG_CXX_LANGUAGE_STANDARD = "gnu++14";
				CLANG_CXX_LIBRARY = "libc++";
				CLANG_ENABLE_MODULES = YES;
				CLANG_ENABLE_OBJC_ARC = YES;
				CLANG_ENABLE_OBJC_WEAK = YES;
				CLANG_WARN_BLOCK_CAPTURE_AUTORELEASING = YES;
				CLANG_WARN_BOOL_CONVERSION = YES;
				CLANG_WARN_COMMA = YES;
				CLANG_WARN_CONSTANT_CONVERSION = YES;
				CLANG_WARN_DEPRECATED_OBJC_IMPLEMENTATIONS = YES;
				CLANG_WARN_DIRECT_OBJC_ISA_USAGE = YES_ERROR;
				CLANG_WARN_DOCUMENTATION_COMMENTS = YES;
				CLANG_WARN_EMPTY_BODY = YES;
				CLANG_WARN_ENUM_CONVERSION = YES;
				CLANG_WARN_INFINITE_RECURSION = YES;
				CLANG_WARN_INT_CONVERSION = YES;
				CLANG_WARN_NON_LITERAL_NULL_CONVERSION = YES;
				CLANG_WARN_OBJC_IMPLICIT_RETAIN_SELF = YES;
				CLANG_WARN_OBJC_LITERAL_CONVERSION = YES;
				CLANG_WARN_OBJC_ROOT_CLASS = YES_ERROR;
				CLANG_WARN_RANGE_LOOP_ANALYSIS = YES;
				CLANG_WARN_STRICT_PROTOTYPES = YES;
				CLANG_WARN_SUSPICIOUS_MOVE = YES;
				CLANG_WARN_UNGUARDED_AVAILABILITY = YES_AGGRESSIVE;
				CLANG_WARN_UNREACHABLE_CODE = YES;
				CLANG_WARN__DUPLICATE_METHOD_MATCH = YES;
				COPY_PHASE_STRIP = NO;
				DEBUG_INFORMATION_FORMAT = dwarf;
				ENABLE_STRICT_OBJC_MSGSEND = YES;
				ENABLE_TESTABILITY = YES;
				GCC_C_LANGUAGE_STANDARD = gnu11;
				GCC_DYNAMIC_NO_PIC = NO;
				GCC_NO_COMMON_BLOCKS = YES;
				GCC_OPTIMIZATION_LEVEL = 0;
				GCC_PREPROCESSOR_DEFINITIONS = (
					"DEBUG=1",
					"$(inherited)",
				);
				GCC_WARN_64_TO_32_BIT_CONVERSION = YES;
				GCC_WARN_ABOUT_RETURN_TYPE = YES_ERROR;
				GCC_WARN_UNDECLARED_SELECTOR = YES;
				GCC_WARN_UNINITIALIZED_AUTOS = YES_AGGRESSIVE;
				GCC_WARN_UNUSED_FUNCTION = YES;
				GCC_WARN_UNUSED_VARIABLE = YES;
				IPHONEOS_DEPLOYMENT_TARGET = 13.0;
				MTL_ENABLE_DEBUG_INFO = INCLUDE_SOURCE;
				MTL_FAST_MATH = YES;
				ONLY_ACTIVE_ARCH = YES;
				SDKROOT = iphoneos;
				SWIFT_ACTIVE_COMPILATION_CONDITIONS = DEBUG;
				SWIFT_OPTIMIZATION_LEVEL = "-Onone";
			};
			name = Debug;
		};
		0EA11ED724F2B89300133485 /* Release */ = {
			isa = XCBuildConfiguration;
			buildSettings = {
				ALWAYS_SEARCH_USER_PATHS = NO;
				CLANG_ANALYZER_NONNULL = YES;
				CLANG_ANALYZER_NUMBER_OBJECT_CONVERSION = YES_AGGRESSIVE;
				CLANG_CXX_LANGUAGE_STANDARD = "gnu++14";
				CLANG_CXX_LIBRARY = "libc++";
				CLANG_ENABLE_MODULES = YES;
				CLANG_ENABLE_OBJC_ARC = YES;
				CLANG_ENABLE_OBJC_WEAK = YES;
				CLANG_WARN_BLOCK_CAPTURE_AUTORELEASING = YES;
				CLANG_WARN_BOOL_CONVERSION = YES;
				CLANG_WARN_COMMA = YES;
				CLANG_WARN_CONSTANT_CONVERSION = YES;
				CLANG_WARN_DEPRECATED_OBJC_IMPLEMENTATIONS = YES;
				CLANG_WARN_DIRECT_OBJC_ISA_USAGE = YES_ERROR;
				CLANG_WARN_DOCUMENTATION_COMMENTS = YES;
				CLANG_WARN_EMPTY_BODY = YES;
				CLANG_WARN_ENUM_CONVERSION = YES;
				CLANG_WARN_INFINITE_RECURSION = YES;
				CLANG_WARN_INT_CONVERSION = YES;
				CLANG_WARN_NON_LITERAL_NULL_CONVERSION = YES;
				CLANG_WARN_OBJC_IMPLICIT_RETAIN_SELF = YES;
				CLANG_WARN_OBJC_LITERAL_CONVERSION = YES;
				CLANG_WARN_OBJC_ROOT_CLASS = YES_ERROR;
				CLANG_WARN_RANGE_LOOP_ANALYSIS = YES;
				CLANG_WARN_STRICT_PROTOTYPES = YES;
				CLANG_WARN_SUSPICIOUS_MOVE = YES;
				CLANG_WARN_UNGUARDED_AVAILABILITY = YES_AGGRESSIVE;
				CLANG_WARN_UNREACHABLE_CODE = YES;
				CLANG_WARN__DUPLICATE_METHOD_MATCH = YES;
				COPY_PHASE_STRIP = NO;
				DEBUG_INFORMATION_FORMAT = "dwarf-with-dsym";
				ENABLE_NS_ASSERTIONS = NO;
				ENABLE_STRICT_OBJC_MSGSEND = YES;
				GCC_C_LANGUAGE_STANDARD = gnu11;
				GCC_NO_COMMON_BLOCKS = YES;
				GCC_WARN_64_TO_32_BIT_CONVERSION = YES;
				GCC_WARN_ABOUT_RETURN_TYPE = YES_ERROR;
				GCC_WARN_UNDECLARED_SELECTOR = YES;
				GCC_WARN_UNINITIALIZED_AUTOS = YES_AGGRESSIVE;
				GCC_WARN_UNUSED_FUNCTION = YES;
				GCC_WARN_UNUSED_VARIABLE = YES;
				IPHONEOS_DEPLOYMENT_TARGET = 13.0;
				MTL_ENABLE_DEBUG_INFO = NO;
				MTL_FAST_MATH = YES;
				SDKROOT = iphoneos;
				SWIFT_COMPILATION_MODE = wholemodule;
				SWIFT_OPTIMIZATION_LEVEL = "-O";
				VALIDATE_PRODUCT = YES;
			};
			name = Release;
		};
		0EA11ED924F2B89300133485 /* Debug */ = {
			isa = XCBuildConfiguration;
			baseConfigurationReference = 64F87290C9FD04EC19DEE33B /* Pods-ProfitClub.debug.xcconfig */;
			buildSettings = {
				ASSETCATALOG_COMPILER_APPICON_NAME = AppIcon;
				CODE_SIGN_ENTITLEMENTS = ProfitClub/ProfitClub.entitlements;
				CODE_SIGN_IDENTITY = "iPhone Developer";
				CODE_SIGN_STYLE = Manual;
				CURRENT_PROJECT_VERSION = 7;
				DEVELOPMENT_TEAM = 5V5EUT3ZXJ;
				INFOPLIST_FILE = ProfitClub/Resources/Plists/Info.plist;
				LD_RUNPATH_SEARCH_PATHS = (
					"$(inherited)",
					"@executable_path/Frameworks",
				);
				PRODUCT_BUNDLE_IDENTIFIER = org.vernality.profitclub;
				PRODUCT_NAME = "Profit Club";
				PROVISIONING_PROFILE_SPECIFIER = "match Development org.vernality.profitclub";
				SWIFT_VERSION = 5.0;
				TARGETED_DEVICE_FAMILY = 1;
				VERSIONING_SYSTEM = "apple-generic";
			};
			name = Debug;
		};
		0EA11EDA24F2B89300133485 /* Release */ = {
			isa = XCBuildConfiguration;
			baseConfigurationReference = 17770C4311DB6F99F7CDDD46 /* Pods-ProfitClub.release.xcconfig */;
			buildSettings = {
				ASSETCATALOG_COMPILER_APPICON_NAME = AppIcon;
				CODE_SIGN_ENTITLEMENTS = ProfitClub/ProfitClub.entitlements;
				CODE_SIGN_IDENTITY = "iPhone Developer";
				CODE_SIGN_STYLE = Manual;
				CURRENT_PROJECT_VERSION = 7;
				DEVELOPMENT_TEAM = 5V5EUT3ZXJ;
				INFOPLIST_FILE = ProfitClub/Resources/Plists/Info.plist;
				LD_RUNPATH_SEARCH_PATHS = (
					"$(inherited)",
					"@executable_path/Frameworks",
				);
				PRODUCT_BUNDLE_IDENTIFIER = org.vernality.profitclub;
				PRODUCT_NAME = "Profit Club";
				PROVISIONING_PROFILE_SPECIFIER = "match Development org.vernality.profitclub";
				SWIFT_VERSION = 5.0;
				TARGETED_DEVICE_FAMILY = 1;
				VERSIONING_SYSTEM = "apple-generic";
			};
			name = Release;
		};
/* End XCBuildConfiguration section */

/* Begin XCConfigurationList section */
		0EA11EBF24F2B88F00133485 /* Build configuration list for PBXProject "ProfitClub" */ = {
			isa = XCConfigurationList;
			buildConfigurations = (
				0EA11ED624F2B89300133485 /* Debug */,
				0EA11ED724F2B89300133485 /* Release */,
			);
			defaultConfigurationIsVisible = 0;
			defaultConfigurationName = Release;
		};
		0EA11ED824F2B89300133485 /* Build configuration list for PBXNativeTarget "ProfitClub" */ = {
			isa = XCConfigurationList;
			buildConfigurations = (
				0EA11ED924F2B89300133485 /* Debug */,
				0EA11EDA24F2B89300133485 /* Release */,
			);
			defaultConfigurationIsVisible = 0;
			defaultConfigurationName = Release;
		};
/* End XCConfigurationList section */
	};
	rootObject = 0EA11EBC24F2B88F00133485 /* Project object */;
}
